
Microsoft Visual Studio Solution File, Format Version 12.00
# Visual Studio 15
VisualStudioVersion = 15.0.27703.2035
MinimumVisualStudioVersion = 10.0.40219.1
Project("{FAE04EC0-301F-11D3-BF4B-00C04F79EFBC}") = "CalcSimple.Android", "CalcSimple\CalcSimple.Android\CalcSimple.Android.csproj", "{0778894F-049E-42A6-B7BE-9DF1CC855917}"
EndProject
Project("{FAE04EC0-301F-11D3-BF4B-00C04F79EFBC}") = "CalcSimple.iOS", "CalcSimple\CalcSimple.iOS\CalcSimple.iOS.csproj", "{81237D4E-D93C-418D-91D7-1A64DC4CDC74}"
EndProject
Project("{FAE04EC0-301F-11D3-BF4B-00C04F79EFBC}") = "CalcSimple.UWP", "CalcSimple\CalcSimple.UWP\CalcSimple.UWP.csproj", "{54EA5A5D-01FA-4870-80D5-83A13F617F01}"
EndProject
Project("{FAE04EC0-301F-11D3-BF4B-00C04F79EFBC}") = "CalcSimple", "CalcSimple\CalcSimple\CalcSimple.csproj", "{26700A2A-EE1F-4178-A5A2-4C2589D48ABB}"
EndProject
Global
	GlobalSection(SolutionConfigurationPlatforms) = preSolution
		Ad-Hoc|Any CPU = Ad-Hoc|Any CPU
		Ad-Hoc|ARM = Ad-Hoc|ARM
		Ad-Hoc|iPhone = Ad-Hoc|iPhone
		Ad-Hoc|iPhoneSimulator = Ad-Hoc|iPhoneSimulator
		Ad-Hoc|x64 = Ad-Hoc|x64
		Ad-Hoc|x86 = Ad-Hoc|x86
		AppStore|Any CPU = AppStore|Any CPU
		AppStore|ARM = AppStore|ARM
		AppStore|iPhone = AppStore|iPhone
		AppStore|iPhoneSimulator = AppStore|iPhoneSimulator
		AppStore|x64 = AppStore|x64
		AppStore|x86 = AppStore|x86
		Debug|Any CPU = Debug|Any CPU
		Debug|ARM = Debug|ARM
		Debug|iPhone = Debug|iPhone
		Debug|iPhoneSimulator = Debug|iPhoneSimulator
		Debug|x64 = Debug|x64
		Debug|x86 = Debug|x86
		Release|Any CPU = Release|Any CPU
		Release|ARM = Release|ARM
		Release|iPhone = Release|iPhone
		Release|iPhoneSimulator = Release|iPhoneSimulator
		Release|x64 = Release|x64
		Release|x86 = Release|x86
	EndGlobalSection
	GlobalSection(ProjectConfigurationPlatforms) = postSolution
		{0778894F-049E-42A6-B7BE-9DF1CC855917}.Ad-Hoc|Any CPU.ActiveCfg = Release|Any CPU
		{0778894F-049E-42A6-B7BE-9DF1CC855917}.Ad-Hoc|Any CPU.Build.0 = Release|Any CPU
		{0778894F-049E-42A6-B7BE-9DF1CC855917}.Ad-Hoc|Any CPU.Deploy.0 = Release|Any CPU
		{0778894F-049E-42A6-B7BE-9DF1CC855917}.Ad-Hoc|ARM.ActiveCfg = Release|Any CPU
		{0778894F-049E-42A6-B7BE-9DF1CC855917}.Ad-Hoc|ARM.Build.0 = Release|Any CPU
		{0778894F-049E-42A6-B7BE-9DF1CC855917}.Ad-Hoc|ARM.Deploy.0 = Release|Any CPU
		{0778894F-049E-42A6-B7BE-9DF1CC855917}.Ad-Hoc|iPhone.ActiveCfg = Release|Any CPU
		{0778894F-049E-42A6-B7BE-9DF1CC855917}.Ad-Hoc|iPhone.Build.0 = Release|Any CPU
		{0778894F-049E-42A6-B7BE-9DF1CC855917}.Ad-Hoc|iPhone.Deploy.0 = Release|Any CPU
		{0778894F-049E-42A6-B7BE-9DF1CC855917}.Ad-Hoc|iPhoneSimulator.ActiveCfg = Release|Any CPU
		{0778894F-049E-42A6-B7BE-9DF1CC855917}.Ad-Hoc|iPhoneSimulator.Build.0 = Release|Any CPU
		{0778894F-049E-42A6-B7BE-9DF1CC855917}.Ad-Hoc|iPhoneSimulator.Deploy.0 = Release|Any CPU
		{0778894F-049E-42A6-B7BE-9DF1CC855917}.Ad-Hoc|x64.ActiveCfg = Release|Any CPU
		{0778894F-049E-42A6-B7BE-9DF1CC855917}.Ad-Hoc|x64.Build.0 = Release|Any CPU
		{0778894F-049E-42A6-B7BE-9DF1CC855917}.Ad-Hoc|x64.Deploy.0 = Release|Any CPU
		{0778894F-049E-42A6-B7BE-9DF1CC855917}.Ad-Hoc|x86.ActiveCfg = Release|Any CPU
		{0778894F-049E-42A6-B7BE-9DF1CC855917}.Ad-Hoc|x86.Build.0 = Release|Any CPU
		{0778894F-049E-42A6-B7BE-9DF1CC855917}.Ad-Hoc|x86.Deploy.0 = Release|Any CPU
		{0778894F-049E-42A6-B7BE-9DF1CC855917}.AppStore|Any CPU.ActiveCfg = Release|Any CPU
		{0778894F-049E-42A6-B7BE-9DF1CC855917}.AppStore|Any CPU.Build.0 = Release|Any CPU
		{0778894F-049E-42A6-B7BE-9DF1CC855917}.AppStore|Any CPU.Deploy.0 = Release|Any CPU
		{0778894F-049E-42A6-B7BE-9DF1CC855917}.AppStore|ARM.ActiveCfg = Release|Any CPU
		{0778894F-049E-42A6-B7BE-9DF1CC855917}.AppStore|ARM.Build.0 = Release|Any CPU
		{0778894F-049E-42A6-B7BE-9DF1CC855917}.AppStore|ARM.Deploy.0 = Release|Any CPU
		{0778894F-049E-42A6-B7BE-9DF1CC855917}.AppStore|iPhone.ActiveCfg = Release|Any CPU
		{0778894F-049E-42A6-B7BE-9DF1CC855917}.AppStore|iPhone.Build.0 = Release|Any CPU
		{0778894F-049E-42A6-B7BE-9DF1CC855917}.AppStore|iPhone.Deploy.0 = Release|Any CPU
		{0778894F-049E-42A6-B7BE-9DF1CC855917}.AppStore|iPhoneSimulator.ActiveCfg = Release|Any CPU
		{0778894F-049E-42A6-B7BE-9DF1CC855917}.AppStore|iPhoneSimulator.Build.0 = Release|Any CPU
		{0778894F-049E-42A6-B7BE-9DF1CC855917}.AppStore|iPhoneSimulator.Deploy.0 = Release|Any CPU
		{0778894F-049E-42A6-B7BE-9DF1CC855917}.AppStore|x64.ActiveCfg = Release|Any CPU
		{0778894F-049E-42A6-B7BE-9DF1CC855917}.AppStore|x64.Build.0 = Release|Any CPU
		{0778894F-049E-42A6-B7BE-9DF1CC855917}.AppStore|x64.Deploy.0 = Release|Any CPU
		{0778894F-049E-42A6-B7BE-9DF1CC855917}.AppStore|x86.ActiveCfg = Release|Any CPU
		{0778894F-049E-42A6-B7BE-9DF1CC855917}.AppStore|x86.Build.0 = Release|Any CPU
		{0778894F-049E-42A6-B7BE-9DF1CC855917}.AppStore|x86.Deploy.0 = Release|Any CPU
		{0778894F-049E-42A6-B7BE-9DF1CC855917}.Debug|Any CPU.ActiveCfg = Debug|Any CPU
		{0778894F-049E-42A6-B7BE-9DF1CC855917}.Debug|Any CPU.Build.0 = Debug|Any CPU
		{0778894F-049E-42A6-B7BE-9DF1CC855917}.Debug|Any CPU.Deploy.0 = Debug|Any CPU
		{0778894F-049E-42A6-B7BE-9DF1CC855917}.Debug|ARM.ActiveCfg = Debug|Any CPU
		{0778894F-049E-42A6-B7BE-9DF1CC855917}.Debug|ARM.Build.0 = Debug|Any CPU
		{0778894F-049E-42A6-B7BE-9DF1CC855917}.Debug|ARM.Deploy.0 = Debug|Any CPU
		{0778894F-049E-42A6-B7BE-9DF1CC855917}.Debug|iPhone.ActiveCfg = Debug|Any CPU
		{0778894F-049E-42A6-B7BE-9DF1CC855917}.Debug|iPhone.Build.0 = Debug|Any CPU
		{0778894F-049E-42A6-B7BE-9DF1CC855917}.Debug|iPhone.Deploy.0 = Debug|Any CPU
		{0778894F-049E-42A6-B7BE-9DF1CC855917}.Debug|iPhoneSimulator.ActiveCfg = Debug|Any CPU
		{0778894F-049E-42A6-B7BE-9DF1CC855917}.Debug|iPhoneSimulator.Build.0 = Debug|Any CPU
		{0778894F-049E-42A6-B7BE-9DF1CC855917}.Debug|iPhoneSimulator.Deploy.0 = Debug|Any CPU
		{0778894F-049E-42A6-B7BE-9DF1CC855917}.Debug|x64.ActiveCfg = Debug|Any CPU
		{0778894F-049E-42A6-B7BE-9DF1CC855917}.Debug|x64.Build.0 = Debug|Any CPU
		{0778894F-049E-42A6-B7BE-9DF1CC855917}.Debug|x64.Deploy.0 = Debug|Any CPU
		{0778894F-049E-42A6-B7BE-9DF1CC855917}.Debug|x86.ActiveCfg = Debug|Any CPU
		{0778894F-049E-42A6-B7BE-9DF1CC855917}.Debug|x86.Build.0 = Debug|Any CPU
		{0778894F-049E-42A6-B7BE-9DF1CC855917}.Debug|x86.Deploy.0 = Debug|Any CPU
		{0778894F-049E-42A6-B7BE-9DF1CC855917}.Release|Any CPU.ActiveCfg = Release|Any CPU
		{0778894F-049E-42A6-B7BE-9DF1CC855917}.Release|Any CPU.Build.0 = Release|Any CPU
		{0778894F-049E-42A6-B7BE-9DF1CC855917}.Release|Any CPU.Deploy.0 = Release|Any CPU
		{0778894F-049E-42A6-B7BE-9DF1CC855917}.Release|ARM.ActiveCfg = Release|Any CPU
		{0778894F-049E-42A6-B7BE-9DF1CC855917}.Release|ARM.Build.0 = Release|Any CPU
		{0778894F-049E-42A6-B7BE-9DF1CC855917}.Release|ARM.Deploy.0 = Release|Any CPU
		{0778894F-049E-42A6-B7BE-9DF1CC855917}.Release|iPhone.ActiveCfg = Release|Any CPU
		{0778894F-049E-42A6-B7BE-9DF1CC855917}.Release|iPhone.Build.0 = Release|Any CPU
		{0778894F-049E-42A6-B7BE-9DF1CC855917}.Release|iPhone.Deploy.0 = Release|Any CPU
		{0778894F-049E-42A6-B7BE-9DF1CC855917}.Release|iPhoneSimulator.ActiveCfg = Release|Any CPU
		{0778894F-049E-42A6-B7BE-9DF1CC855917}.Release|iPhoneSimulator.Build.0 = Release|Any CPU
		{0778894F-049E-42A6-B7BE-9DF1CC855917}.Release|iPhoneSimulator.Deploy.0 = Release|Any CPU
		{0778894F-049E-42A6-B7BE-9DF1CC855917}.Release|x64.ActiveCfg = Release|Any CPU
		{0778894F-049E-42A6-B7BE-9DF1CC855917}.Release|x64.Build.0 = Release|Any CPU
		{0778894F-049E-42A6-B7BE-9DF1CC855917}.Release|x64.Deploy.0 = Release|Any CPU
		{0778894F-049E-42A6-B7BE-9DF1CC855917}.Release|x86.ActiveCfg = Release|Any CPU
		{0778894F-049E-42A6-B7BE-9DF1CC855917}.Release|x86.Build.0 = Release|Any CPU
		{0778894F-049E-42A6-B7BE-9DF1CC855917}.Release|x86.Deploy.0 = Release|Any CPU
		{81237D4E-D93C-418D-91D7-1A64DC4CDC74}.Ad-Hoc|Any CPU.ActiveCfg = Ad-Hoc|iPhone
		{81237D4E-D93C-418D-91D7-1A64DC4CDC74}.Ad-Hoc|Any CPU.Build.0 = Ad-Hoc|iPhone
		{81237D4E-D93C-418D-91D7-1A64DC4CDC74}.Ad-Hoc|Any CPU.Deploy.0 = Ad-Hoc|iPhone
		{81237D4E-D93C-418D-91D7-1A64DC4CDC74}.Ad-Hoc|ARM.ActiveCfg = Ad-Hoc|iPhone
		{81237D4E-D93C-418D-91D7-1A64DC4CDC74}.Ad-Hoc|ARM.Build.0 = Ad-Hoc|iPhone
		{81237D4E-D93C-418D-91D7-1A64DC4CDC74}.Ad-Hoc|ARM.Deploy.0 = Ad-Hoc|iPhone
		{81237D4E-D93C-418D-91D7-1A64DC4CDC74}.Ad-Hoc|iPhone.ActiveCfg = Ad-Hoc|iPhone
		{81237D4E-D93C-418D-91D7-1A64DC4CDC74}.Ad-Hoc|iPhone.Build.0 = Ad-Hoc|iPhone
		{81237D4E-D93C-418D-91D7-1A64DC4CDC74}.Ad-Hoc|iPhone.Deploy.0 = Ad-Hoc|iPhone
		{81237D4E-D93C-418D-91D7-1A64DC4CDC74}.Ad-Hoc|iPhoneSimulator.ActiveCfg = Ad-Hoc|iPhoneSimulator
		{81237D4E-D93C-418D-91D7-1A64DC4CDC74}.Ad-Hoc|iPhoneSimulator.Build.0 = Ad-Hoc|iPhoneSimulator
		{81237D4E-D93C-418D-91D7-1A64DC4CDC74}.Ad-Hoc|iPhoneSimulator.Deploy.0 = Ad-Hoc|iPhoneSimulator
		{81237D4E-D93C-418D-91D7-1A64DC4CDC74}.Ad-Hoc|x64.ActiveCfg = Ad-Hoc|iPhone
		{81237D4E-D93C-418D-91D7-1A64DC4CDC74}.Ad-Hoc|x64.Build.0 = Ad-Hoc|iPhone
		{81237D4E-D93C-418D-91D7-1A64DC4CDC74}.Ad-Hoc|x64.Deploy.0 = Ad-Hoc|iPhone
		{81237D4E-D93C-418D-91D7-1A64DC4CDC74}.Ad-Hoc|x86.ActiveCfg = Ad-Hoc|iPhone
		{81237D4E-D93C-418D-91D7-1A64DC4CDC74}.Ad-Hoc|x86.Build.0 = Ad-Hoc|iPhone
		{81237D4E-D93C-418D-91D7-1A64DC4CDC74}.Ad-Hoc|x86.Deploy.0 = Ad-Hoc|iPhone
		{81237D4E-D93C-418D-91D7-1A64DC4CDC74}.AppStore|Any CPU.ActiveCfg = AppStore|iPhone
		{81237D4E-D93C-418D-91D7-1A64DC4CDC74}.AppStore|Any CPU.Build.0 = AppStore|iPhone
		{81237D4E-D93C-418D-91D7-1A64DC4CDC74}.AppStore|Any CPU.Deploy.0 = AppStore|iPhone
		{81237D4E-D93C-418D-91D7-1A64DC4CDC74}.AppStore|ARM.ActiveCfg = AppStore|iPhone
		{81237D4E-D93C-418D-91D7-1A64DC4CDC74}.AppStore|ARM.Build.0 = AppStore|iPhone
		{81237D4E-D93C-418D-91D7-1A64DC4CDC74}.AppStore|ARM.Deploy.0 = AppStore|iPhone
		{81237D4E-D93C-418D-91D7-1A64DC4CDC74}.AppStore|iPhone.ActiveCfg = AppStore|iPhone
		{81237D4E-D93C-418D-91D7-1A64DC4CDC74}.AppStore|iPhone.Build.0 = AppStore|iPhone
		{81237D4E-D93C-418D-91D7-1A64DC4CDC74}.AppStore|iPhone.Deploy.0 = AppStore|iPhone
		{81237D4E-D93C-418D-91D7-1A64DC4CDC74}.AppStore|iPhoneSimulator.ActiveCfg = AppStore|iPhoneSimulator
		{81237D4E-D93C-418D-91D7-1A64DC4CDC74}.AppStore|iPhoneSimulator.Build.0 = AppStore|iPhoneSimulator
		{81237D4E-D93C-418D-91D7-1A64DC4CDC74}.AppStore|iPhoneSimulator.Deploy.0 = AppStore|iPhoneSimulator
		{81237D4E-D93C-418D-91D7-1A64DC4CDC74}.AppStore|x64.ActiveCfg = AppStore|iPhone
		{81237D4E-D93C-418D-91D7-1A64DC4CDC74}.AppStore|x64.Build.0 = AppStore|iPhone
		{81237D4E-D93C-418D-91D7-1A64DC4CDC74}.AppStore|x64.Deploy.0 = AppStore|iPhone
		{81237D4E-D93C-418D-91D7-1A64DC4CDC74}.AppStore|x86.ActiveCfg = AppStore|iPhone
		{81237D4E-D93C-418D-91D7-1A64DC4CDC74}.AppStore|x86.Build.0 = AppStore|iPhone
		{81237D4E-D93C-418D-91D7-1A64DC4CDC74}.AppStore|x86.Deploy.0 = AppStore|iPhone
		{81237D4E-D93C-418D-91D7-1A64DC4CDC74}.Debug|Any CPU.ActiveCfg = Debug|iPhoneSimulator
		{81237D4E-D93C-418D-91D7-1A64DC4CDC74}.Debug|Any CPU.Build.0 = Debug|iPhoneSimulator
		{81237D4E-D93C-418D-91D7-1A64DC4CDC74}.Debug|Any CPU.Deploy.0 = Debug|iPhoneSimulator
		{81237D4E-D93C-418D-91D7-1A64DC4CDC74}.Debug|ARM.ActiveCfg = Debug|iPhone
		{81237D4E-D93C-418D-91D7-1A64DC4CDC74}.Debug|ARM.Build.0 = Debug|iPhone
		{81237D4E-D93C-418D-91D7-1A64DC4CDC74}.Debug|ARM.Deploy.0 = Debug|iPhone
		{81237D4E-D93C-418D-91D7-1A64DC4CDC74}.Debug|iPhone.ActiveCfg = Debug|iPhone
		{81237D4E-D93C-418D-91D7-1A64DC4CDC74}.Debug|iPhone.Build.0 = Debug|iPhone
		{81237D4E-D93C-418D-91D7-1A64DC4CDC74}.Debug|iPhone.Deploy.0 = Debug|iPhone
		{81237D4E-D93C-418D-91D7-1A64DC4CDC74}.Debug|iPhoneSimulator.ActiveCfg = Debug|iPhoneSimulator
		{81237D4E-D93C-418D-91D7-1A64DC4CDC74}.Debug|iPhoneSimulator.Build.0 = Debug|iPhoneSimulator
		{81237D4E-D93C-418D-91D7-1A64DC4CDC74}.Debug|iPhoneSimulator.Deploy.0 = Debug|iPhoneSimulator
		{81237D4E-D93C-418D-91D7-1A64DC4CDC74}.Debug|x64.ActiveCfg = Debug|iPhone
		{81237D4E-D93C-418D-91D7-1A64DC4CDC74}.Debug|x64.Build.0 = Debug|iPhone
		{81237D4E-D93C-418D-91D7-1A64DC4CDC74}.Debug|x64.Deploy.0 = Debug|iPhone
		{81237D4E-D93C-418D-91D7-1A64DC4CDC74}.Debug|x86.ActiveCfg = Debug|iPhone
		{81237D4E-D93C-418D-91D7-1A64DC4CDC74}.Debug|x86.Build.0 = Debug|iPhone
		{81237D4E-D93C-418D-91D7-1A64DC4CDC74}.Debug|x86.Deploy.0 = Debug|iPhone
		{81237D4E-D93C-418D-91D7-1A64DC4CDC74}.Release|Any CPU.ActiveCfg = Release|iPhone
		{81237D4E-D93C-418D-91D7-1A64DC4CDC74}.Release|Any CPU.Build.0 = Release|iPhone
		{81237D4E-D93C-418D-91D7-1A64DC4CDC74}.Release|Any CPU.Deploy.0 = Release|iPhone
		{81237D4E-D93C-418D-91D7-1A64DC4CDC74}.Release|ARM.ActiveCfg = Release|iPhone
		{81237D4E-D93C-418D-91D7-1A64DC4CDC74}.Release|ARM.Build.0 = Release|iPhone
		{81237D4E-D93C-418D-91D7-1A64DC4CDC74}.Release|ARM.Deploy.0 = Release|iPhone
		{81237D4E-D93C-418D-91D7-1A64DC4CDC74}.Release|iPhone.ActiveCfg = Release|iPhone
		{81237D4E-D93C-418D-91D7-1A64DC4CDC74}.Release|iPhone.Build.0 = Release|iPhone
		{81237D4E-D93C-418D-91D7-1A64DC4CDC74}.Release|iPhone.Deploy.0 = Release|iPhone
		{81237D4E-D93C-418D-91D7-1A64DC4CDC74}.Release|iPhoneSimulator.ActiveCfg = Release|iPhoneSimulator
		{81237D4E-D93C-418D-91D7-1A64DC4CDC74}.Release|iPhoneSimulator.Build.0 = Release|iPhoneSimulator
		{81237D4E-D93C-418D-91D7-1A64DC4CDC74}.Release|iPhoneSimulator.Deploy.0 = Release|iPhoneSimulator
		{81237D4E-D93C-418D-91D7-1A64DC4CDC74}.Release|x64.ActiveCfg = Release|iPhone
		{81237D4E-D93C-418D-91D7-1A64DC4CDC74}.Release|x64.Build.0 = Release|iPhone
		{81237D4E-D93C-418D-91D7-1A64DC4CDC74}.Release|x64.Deploy.0 = Release|iPhone
		{81237D4E-D93C-418D-91D7-1A64DC4CDC74}.Release|x86.ActiveCfg = Release|iPhone
		{81237D4E-D93C-418D-91D7-1A64DC4CDC74}.Release|x86.Build.0 = Release|iPhone
		{81237D4E-D93C-418D-91D7-1A64DC4CDC74}.Release|x86.Deploy.0 = Release|iPhone
		{54EA5A5D-01FA-4870-80D5-83A13F617F01}.Ad-Hoc|Any CPU.ActiveCfg = Release|x86
		{54EA5A5D-01FA-4870-80D5-83A13F617F01}.Ad-Hoc|Any CPU.Build.0 = Release|x86
		{54EA5A5D-01FA-4870-80D5-83A13F617F01}.Ad-Hoc|Any CPU.Deploy.0 = Release|x86
		{54EA5A5D-01FA-4870-80D5-83A13F617F01}.Ad-Hoc|ARM.ActiveCfg = Release|ARM
		{54EA5A5D-01FA-4870-80D5-83A13F617F01}.Ad-Hoc|ARM.Build.0 = Release|ARM
		{54EA5A5D-01FA-4870-80D5-83A13F617F01}.Ad-Hoc|ARM.Deploy.0 = Release|ARM
		{54EA5A5D-01FA-4870-80D5-83A13F617F01}.Ad-Hoc|iPhone.ActiveCfg = Release|x86
		{54EA5A5D-01FA-4870-80D5-83A13F617F01}.Ad-Hoc|iPhone.Build.0 = Release|x86
		{54EA5A5D-01FA-4870-80D5-83A13F617F01}.Ad-Hoc|iPhone.Deploy.0 = Release|x86
		{54EA5A5D-01FA-4870-80D5-83A13F617F01}.Ad-Hoc|iPhoneSimulator.ActiveCfg = Release|x86
		{54EA5A5D-01FA-4870-80D5-83A13F617F01}.Ad-Hoc|iPhoneSimulator.Build.0 = Release|x86
		{54EA5A5D-01FA-4870-80D5-83A13F617F01}.Ad-Hoc|iPhoneSimulator.Deploy.0 = Release|x86
		{54EA5A5D-01FA-4870-80D5-83A13F617F01}.Ad-Hoc|x64.ActiveCfg = Release|x64
		{54EA5A5D-01FA-4870-80D5-83A13F617F01}.Ad-Hoc|x64.Build.0 = Release|x64
		{54EA5A5D-01FA-4870-80D5-83A13F617F01}.Ad-Hoc|x64.Deploy.0 = Release|x64
		{54EA5A5D-01FA-4870-80D5-83A13F617F01}.Ad-Hoc|x86.ActiveCfg = Release|x86
		{54EA5A5D-01FA-4870-80D5-83A13F617F01}.Ad-Hoc|x86.Build.0 = Release|x86
		{54EA5A5D-01FA-4870-80D5-83A13F617F01}.Ad-Hoc|x86.Deploy.0 = Release|x86
		{54EA5A5D-01FA-4870-80D5-83A13F617F01}.AppStore|Any CPU.ActiveCfg = Release|x86
		{54EA5A5D-01FA-4870-80D5-83A13F617F01}.AppStore|Any CPU.Build.0 = Release|x86
		{54EA5A5D-01FA-4870-80D5-83A13F617F01}.AppStore|Any CPU.Deploy.0 = Release|x86
		{54EA5A5D-01FA-4870-80D5-83A13F617F01}.AppStore|ARM.ActiveCfg = Release|ARM
		{54EA5A5D-01FA-4870-80D5-83A13F617F01}.AppStore|ARM.Build.0 = Release|ARM
		{54EA5A5D-01FA-4870-80D5-83A13F617F01}.AppStore|ARM.Deploy.0 = Release|ARM
		{54EA5A5D-01FA-4870-80D5-83A13F617F01}.AppStore|iPhone.ActiveCfg = Release|x86
		{54EA5A5D-01FA-4870-80D5-83A13F617F01}.AppStore|iPhone.Build.0 = Release|x86
		{54EA5A5D-01FA-4870-80D5-83A13F617F01}.AppStore|iPhone.Deploy.0 = Release|x86
		{54EA5A5D-01FA-4870-80D5-83A13F617F01}.AppStore|iPhoneSimulator.ActiveCfg = Release|x86
		{54EA5A5D-01FA-4870-80D5-83A13F617F01}.AppStore|iPhoneSimulator.Build.0 = Release|x86
		{54EA5A5D-01FA-4870-80D5-83A13F617F01}.AppStore|iPhoneSimulator.Deploy.0 = Release|x86
		{54EA5A5D-01FA-4870-80D5-83A13F617F01}.AppStore|x64.ActiveCfg = Release|x64
		{54EA5A5D-01FA-4870-80D5-83A13F617F01}.AppStore|x64.Build.0 = Release|x64
		{54EA5A5D-01FA-4870-80D5-83A13F617F01}.AppStore|x64.Deploy.0 = Release|x64
		{54EA5A5D-01FA-4870-80D5-83A13F617F01}.AppStore|x86.ActiveCfg = Release|x86
		{54EA5A5D-01FA-4870-80D5-83A13F617F01}.AppStore|x86.Build.0 = Release|x86
		{54EA5A5D-01FA-4870-80D5-83A13F617F01}.AppStore|x86.Deploy.0 = Release|x86
		{54EA5A5D-01FA-4870-80D5-83A13F617F01}.Debug|Any CPU.ActiveCfg = Debug|x86
		{54EA5A5D-01FA-4870-80D5-83A13F617F01}.Debug|Any CPU.Build.0 = Debug|x86
		{54EA5A5D-01FA-4870-80D5-83A13F617F01}.Debug|Any CPU.Deploy.0 = Debug|x86
		{54EA5A5D-01FA-4870-80D5-83A13F617F01}.Debug|ARM.ActiveCfg = Debug|ARM
		{54EA5A5D-01FA-4870-80D5-83A13F617F01}.Debug|ARM.Build.0 = Debug|ARM
		{54EA5A5D-01FA-4870-80D5-83A13F617F01}.Debug|ARM.Deploy.0 = Debug|ARM
		{54EA5A5D-01FA-4870-80D5-83A13F617F01}.Debug|iPhone.ActiveCfg = Debug|x86
		{54EA5A5D-01FA-4870-80D5-83A13F617F01}.Debug|iPhone.Build.0 = Debug|x86
		{54EA5A5D-01FA-4870-80D5-83A13F617F01}.Debug|iPhone.Deploy.0 = Debug|x86
		{54EA5A5D-01FA-4870-80D5-83A13F617F01}.Debug|iPhoneSimulator.ActiveCfg = Debug|x86
		{54EA5A5D-01FA-4870-80D5-83A13F617F01}.Debug|iPhoneSimulator.Build.0 = Debug|x86
		{54EA5A5D-01FA-4870-80D5-83A13F617F01}.Debug|iPhoneSimulator.Deploy.0 = Debug|x86
		{54EA5A5D-01FA-4870-80D5-83A13F617F01}.Debug|x64.ActiveCfg = Debug|x64
		{54EA5A5D-01FA-4870-80D5-83A13F617F01}.Debug|x64.Build.0 = Debug|x64
		{54EA5A5D-01FA-4870-80D5-83A13F617F01}.Debug|x64.Deploy.0 = Debug|x64
		{54EA5A5D-01FA-4870-80D5-83A13F617F01}.Debug|x86.ActiveCfg = Debug|x86
		{54EA5A5D-01FA-4870-80D5-83A13F617F01}.Debug|x86.Build.0 = Debug|x86
		{54EA5A5D-01FA-4870-80D5-83A13F617F01}.Debug|x86.Deploy.0 = Debug|x86
		{54EA5A5D-01FA-4870-80D5-83A13F617F01}.Release|Any CPU.ActiveCfg = Release|x86
		{54EA5A5D-01FA-4870-80D5-83A13F617F01}.Release|Any CPU.Build.0 = Release|x86
		{54EA5A5D-01FA-4870-80D5-83A13F617F01}.Release|Any CPU.Deploy.0 = Release|x86
		{54EA5A5D-01FA-4870-80D5-83A13F617F01}.Release|ARM.ActiveCfg = Release|ARM
		{54EA5A5D-01FA-4870-80D5-83A13F617F01}.Release|ARM.Build.0 = Release|ARM
		{54EA5A5D-01FA-4870-80D5-83A13F617F01}.Release|ARM.Deploy.0 = Release|ARM
		{54EA5A5D-01FA-4870-80D5-83A13F617F01}.Release|iPhone.ActiveCfg = Release|x86
		{54EA5A5D-01FA-4870-80D5-83A13F617F01}.Release|iPhone.Build.0 = Release|x86
		{54EA5A5D-01FA-4870-80D5-83A13F617F01}.Release|iPhone.Deploy.0 = Release|x86
		{54EA5A5D-01FA-4870-80D5-83A13F617F01}.Release|iPhoneSimulator.ActiveCfg = Release|x86
		{54EA5A5D-01FA-4870-80D5-83A13F617F01}.Release|iPhoneSimulator.Build.0 = Release|x86
		{54EA5A5D-01FA-4870-80D5-83A13F617F01}.Release|iPhoneSimulator.Deploy.0 = Release|x86
		{54EA5A5D-01FA-4870-80D5-83A13F617F01}.Release|x64.ActiveCfg = Release|x64
		{54EA5A5D-01FA-4870-80D5-83A13F617F01}.Release|x64.Build.0 = Release|x64
		{54EA5A5D-01FA-4870-80D5-83A13F617F01}.Release|x64.Deploy.0 = Release|x64
		{54EA5A5D-01FA-4870-80D5-83A13F617F01}.Release|x86.ActiveCfg = Release|x86
		{54EA5A5D-01FA-4870-80D5-83A13F617F01}.Release|x86.Build.0 = Release|x86
		{54EA5A5D-01FA-4870-80D5-83A13F617F01}.Release|x86.Deploy.0 = Release|x86
		{26700A2A-EE1F-4178-A5A2-4C2589D48ABB}.Ad-Hoc|Any CPU.ActiveCfg = Debug|Any CPU
		{26700A2A-EE1F-4178-A5A2-4C2589D48ABB}.Ad-Hoc|Any CPU.Build.0 = Debug|Any CPU
		{26700A2A-EE1F-4178-A5A2-4C2589D48ABB}.Ad-Hoc|Any CPU.Deploy.0 = Debug|Any CPU
		{26700A2A-EE1F-4178-A5A2-4C2589D48ABB}.Ad-Hoc|ARM.ActiveCfg = Debug|Any CPU
		{26700A2A-EE1F-4178-A5A2-4C2589D48ABB}.Ad-Hoc|ARM.Build.0 = Debug|Any CPU
		{26700A2A-EE1F-4178-A5A2-4C2589D48ABB}.Ad-Hoc|ARM.Deploy.0 = Debug|Any CPU
		{26700A2A-EE1F-4178-A5A2-4C2589D48ABB}.Ad-Hoc|iPhone.ActiveCfg = Debug|Any CPU
		{26700A2A-EE1F-4178-A5A2-4C2589D48ABB}.Ad-Hoc|iPhone.Build.0 = Debug|Any CPU
		{26700A2A-EE1F-4178-A5A2-4C2589D48ABB}.Ad-Hoc|iPhone.Deploy.0 = Debug|Any CPU
		{26700A2A-EE1F-4178-A5A2-4C2589D48ABB}.Ad-Hoc|iPhoneSimulator.ActiveCfg = Debug|Any CPU
		{26700A2A-EE1F-4178-A5A2-4C2589D48ABB}.Ad-Hoc|iPhoneSimulator.Build.0 = Debug|Any CPU
		{26700A2A-EE1F-4178-A5A2-4C2589D48ABB}.Ad-Hoc|iPhoneSimulator.Deploy.0 = Debug|Any CPU
		{26700A2A-EE1F-4178-A5A2-4C2589D48ABB}.Ad-Hoc|x64.ActiveCfg = Debug|Any CPU
		{26700A2A-EE1F-4178-A5A2-4C2589D48ABB}.Ad-Hoc|x64.Build.0 = Debug|Any CPU
		{26700A2A-EE1F-4178-A5A2-4C2589D48ABB}.Ad-Hoc|x64.Deploy.0 = Debug|Any CPU
		{26700A2A-EE1F-4178-A5A2-4C2589D48ABB}.Ad-Hoc|x86.ActiveCfg = Debug|Any CPU
		{26700A2A-EE1F-4178-A5A2-4C2589D48ABB}.Ad-Hoc|x86.Build.0 = Debug|Any CPU
		{26700A2A-EE1F-4178-A5A2-4C2589D48ABB}.Ad-Hoc|x86.Deploy.0 = Debug|Any CPU
		{26700A2A-EE1F-4178-A5A2-4C2589D48ABB}.AppStore|Any CPU.ActiveCfg = Debug|Any CPU
		{26700A2A-EE1F-4178-A5A2-4C2589D48ABB}.AppStore|Any CPU.Build.0 = Debug|Any CPU
		{26700A2A-EE1F-4178-A5A2-4C2589D48ABB}.AppStore|Any CPU.Deploy.0 = Debug|Any CPU
		{26700A2A-EE1F-4178-A5A2-4C2589D48ABB}.AppStore|ARM.ActiveCfg = Debug|Any CPU
		{26700A2A-EE1F-4178-A5A2-4C2589D48ABB}.AppStore|ARM.Build.0 = Debug|Any CPU
		{26700A2A-EE1F-4178-A5A2-4C2589D48ABB}.AppStore|ARM.Deploy.0 = Debug|Any CPU
		{26700A2A-EE1F-4178-A5A2-4C2589D48ABB}.AppStore|iPhone.ActiveCfg = Debug|Any CPU
		{26700A2A-EE1F-4178-A5A2-4C2589D48ABB}.AppStore|iPhone.Build.0 = Debug|Any CPU
		{26700A2A-EE1F-4178-A5A2-4C2589D48ABB}.AppStore|iPhone.Deploy.0 = Debug|Any CPU
		{26700A2A-EE1F-4178-A5A2-4C2589D48ABB}.AppStore|iPhoneSimulator.ActiveCfg = Debug|Any CPU
		{26700A2A-EE1F-4178-A5A2-4C2589D48ABB}.AppStore|iPhoneSimulator.Build.0 = Debug|Any CPU
		{26700A2A-EE1F-4178-A5A2-4C2589D48ABB}.AppStore|iPhoneSimulator.Deploy.0 = Debug|Any CPU
		{26700A2A-EE1F-4178-A5A2-4C2589D48ABB}.AppStore|x64.ActiveCfg = Debug|Any CPU
		{26700A2A-EE1F-4178-A5A2-4C2589D48ABB}.AppStore|x64.Build.0 = Debug|Any CPU
		{26700A2A-EE1F-4178-A5A2-4C2589D48ABB}.AppStore|x64.Deploy.0 = Debug|Any CPU
		{26700A2A-EE1F-4178-A5A2-4C2589D48ABB}.AppStore|x86.ActiveCfg = Debug|Any CPU
		{26700A2A-EE1F-4178-A5A2-4C2589D48ABB}.AppStore|x86.Build.0 = Debug|Any CPU
		{26700A2A-EE1F-4178-A5A2-4C2589D48ABB}.AppStore|x86.Deploy.0 = Debug|Any CPU
		{26700A2A-EE1F-4178-A5A2-4C2589D48ABB}.Debug|Any CPU.ActiveCfg = Debug|Any CPU
		{26700A2A-EE1F-4178-A5A2-4C2589D48ABB}.Debug|Any CPU.Build.0 = Debug|Any CPU
		{26700A2A-EE1F-4178-A5A2-4C2589D48ABB}.Debug|Any CPU.Deploy.0 = Debug|Any CPU
		{26700A2A-EE1F-4178-A5A2-4C2589D48ABB}.Debug|ARM.ActiveCfg = Debug|Any CPU
		{26700A2A-EE1F-4178-A5A2-4C2589D48ABB}.Debug|ARM.Build.0 = Debug|Any CPU
		{26700A2A-EE1F-4178-A5A2-4C2589D48ABB}.Debug|ARM.Deploy.0 = Debug|Any CPU
		{26700A2A-EE1F-4178-A5A2-4C2589D48ABB}.Debug|iPhone.ActiveCfg = Debug|Any CPU
		{26700A2A-EE1F-4178-A5A2-4C2589D48ABB}.Debug|iPhone.Build.0 = Debug|Any CPU
		{26700A2A-EE1F-4178-A5A2-4C2589D48ABB}.Debug|iPhone.Deploy.0 = Debug|Any CPU
		{26700A2A-EE1F-4178-A5A2-4C2589D48ABB}.Debug|iPhoneSimulator.ActiveCfg = Debug|Any CPU
		{26700A2A-EE1F-4178-A5A2-4C2589D48ABB}.Debug|iPhoneSimulator.Build.0 = Debug|Any CPU
		{26700A2A-EE1F-4178-A5A2-4C2589D48ABB}.Debug|iPhoneSimulator.Deploy.0 = Debug|Any CPU
		{26700A2A-EE1F-4178-A5A2-4C2589D48ABB}.Debug|x64.ActiveCfg = Debug|Any CPU
		{26700A2A-EE1F-4178-A5A2-4C2589D48ABB}.Debug|x64.Build.0 = Debug|Any CPU
		{26700A2A-EE1F-4178-A5A2-4C2589D48ABB}.Debug|x64.Deploy.0 = Debug|Any CPU
		{26700A2A-EE1F-4178-A5A2-4C2589D48ABB}.Debug|x86.ActiveCfg = Debug|Any CPU
		{26700A2A-EE1F-4178-A5A2-4C2589D48ABB}.Debug|x86.Build.0 = Debug|Any CPU
		{26700A2A-EE1F-4178-A5A2-4C2589D48ABB}.Debug|x86.Deploy.0 = Debug|Any CPU
		{26700A2A-EE1F-4178-A5A2-4C2589D48ABB}.Release|Any CPU.ActiveCfg = Release|Any CPU
		{26700A2A-EE1F-4178-A5A2-4C2589D48ABB}.Release|Any CPU.Build.0 = Release|Any CPU
		{26700A2A-EE1F-4178-A5A2-4C2589D48ABB}.Release|Any CPU.Deploy.0 = Release|Any CPU
		{26700A2A-EE1F-4178-A5A2-4C2589D48ABB}.Release|ARM.ActiveCfg = Release|Any CPU
		{26700A2A-EE1F-4178-A5A2-4C2589D48ABB}.Release|ARM.Build.0 = Release|Any CPU
		{26700A2A-EE1F-4178-A5A2-4C2589D48ABB}.Release|ARM.Deploy.0 = Release|Any CPU
		{26700A2A-EE1F-4178-A5A2-4C2589D48ABB}.Release|iPhone.ActiveCfg = Release|Any CPU
		{26700A2A-EE1F-4178-A5A2-4C2589D48ABB}.Release|iPhone.Build.0 = Release|Any CPU
		{26700A2A-EE1F-4178-A5A2-4C2589D48ABB}.Release|iPhone.Deploy.0 = Release|Any CPU
		{26700A2A-EE1F-4178-A5A2-4C2589D48ABB}.Release|iPhoneSimulator.ActiveCfg = Release|Any CPU
		{26700A2A-EE1F-4178-A5A2-4C2589D48ABB}.Release|iPhoneSimulator.Build.0 = Release|Any CPU
		{26700A2A-EE1F-4178-A5A2-4C2589D48ABB}.Release|iPhoneSimulator.Deploy.0 = Release|Any CPU
		{26700A2A-EE1F-4178-A5A2-4C2589D48ABB}.Release|x64.ActiveCfg = Release|Any CPU
		{26700A2A-EE1F-4178-A5A2-4C2589D48ABB}.Release|x64.Build.0 = Release|Any CPU
		{26700A2A-EE1F-4178-A5A2-4C2589D48ABB}.Release|x64.Deploy.0 = Release|Any CPU
		{26700A2A-EE1F-4178-A5A2-4C2589D48ABB}.Release|x86.ActiveCfg = Release|Any CPU
		{26700A2A-EE1F-4178-A5A2-4C2589D48ABB}.Release|x86.Build.0 = Release|Any CPU
		{26700A2A-EE1F-4178-A5A2-4C2589D48ABB}.Release|x86.Deploy.0 = Release|Any CPU
	EndGlobalSection
	GlobalSection(SolutionProperties) = preSolution
		HideSolutionNode = FALSE
	EndGlobalSection
	GlobalSection(ExtensibilityGlobals) = postSolution
		SolutionGuid = {65FC26E9-DA27-418A-9182-568E3A36CD57}
	EndGlobalSection
EndGlobal
