
Microsoft Visual Studio Solution File, Format Version 12.00
# Visual Studio 15
VisualStudioVersion = 15.0.28010.2003
MinimumVisualStudioVersion = 10.0.40219.1
Project("{2150E333-8FDC-42A3-9474-1A3956D46DE8}") = "0 - Presentation", "0 - Presentation", "{4F760A71-C793-4D60-96C5-810C8D5B185C}"
EndProject
Project("{2150E333-8FDC-42A3-9474-1A3956D46DE8}") = "1 - Application", "1 - Application", "{C0D24C1A-E7E6-43E6-89CE-91C070E8ABB7}"
EndProject
Project("{2150E333-8FDC-42A3-9474-1A3956D46DE8}") = "3 - Domain", "3 - Domain", "{80610E39-8A45-4608-9ADA-0F78C5EA96CE}"
EndProject
Project("{2150E333-8FDC-42A3-9474-1A3956D46DE8}") = "4 - Infrastructure", "4 - Infrastructure", "{C6776C83-BBC9-4857-A8D9-B5AA9B86BD8E}"
EndProject
Project("{2150E333-8FDC-42A3-9474-1A3956D46DE8}") = "Mobile Xamarin", "Mobile Xamarin", "{F276AD1F-67E2-41EC-9DE0-8674CF8A3907}"
EndProject
Project("{9A19103F-16F7-4668-BE54-9A1E7A4F7556}") = "DomainModel", "DomainModel\DomainModel.csproj", "{B5B8D479-B630-490E-ACD2-A4EE2D4237C0}"
EndProject
Project("{9A19103F-16F7-4668-BE54-9A1E7A4F7556}") = "DomainService", "DomainService\DomainService.csproj", "{9BD1EDF3-388D-4D0E-91A4-3E66C1C38F2E}"
EndProject
Project("{9A19103F-16F7-4668-BE54-9A1E7A4F7556}") = "Infra.Data", "Infra.Data\Infra.Data.csproj", "{DC80E44E-401F-4E5F-8759-A5959E724DA9}"
EndProject
Project("{9A19103F-16F7-4668-BE54-9A1E7A4F7556}") = "NuncaCai.Api.REST", "NuncaCai.Api.REST\NuncaCai.Api.REST.csproj", "{537123CB-5CEE-4070-99FC-A1D77E393067}"
EndProject
Project("{2150E333-8FDC-42A3-9474-1A3956D46DE8}") = "2 - Services", "2 - Services", "{FEFD3714-0E02-4860-AAC9-C5A223BED9D9}"
EndProject
Project("{9A19103F-16F7-4668-BE54-9A1E7A4F7556}") = "NuncaCai.Application", "NuncaCai.Application\NuncaCai.Application.csproj", "{E0125BF0-116C-426F-8214-F7CB2DA61E1D}"
EndProject
Project("{9A19103F-16F7-4668-BE54-9A1E7A4F7556}") = "Infra.CrossCutting.IoC", "Infra.CrossCutting.IoC\Infra.CrossCutting.IoC.csproj", "{8BCE23CC-A91E-4825-866A-7A192203A128}"
EndProject
Project("{FAE04EC0-301F-11D3-BF4B-00C04F79EFBC}") = "NuncaCaiMobile.Android", "NuncaCaiMobile\NuncaCaiMobile.Android\NuncaCaiMobile.Android.csproj", "{3BCFFEDC-82D6-46C1-A330-B59A317C4411}"
EndProject
Project("{FAE04EC0-301F-11D3-BF4B-00C04F79EFBC}") = "NuncaCaiMobile.iOS", "NuncaCaiMobile\NuncaCaiMobile.iOS\NuncaCaiMobile.iOS.csproj", "{36D5B9CE-ECA0-467C-9AF3-ABE1BCA3EBF2}"
EndProject
Project("{FAE04EC0-301F-11D3-BF4B-00C04F79EFBC}") = "NuncaCaiMobile.UWP", "NuncaCaiMobile\NuncaCaiMobile.UWP\NuncaCaiMobile.UWP.csproj", "{97022372-64F0-418D-9648-3BB4ED01F440}"
EndProject
Project("{FAE04EC0-301F-11D3-BF4B-00C04F79EFBC}") = "NuncaCaiMobile", "NuncaCaiMobile\NuncaCaiMobile\NuncaCaiMobile.csproj", "{1EBCFA60-9235-4E35-8106-267AC9D24EE5}"
EndProject
Global
	GlobalSection(SolutionConfigurationPlatforms) = preSolution
		Ad-Hoc|Any CPU = Ad-Hoc|Any CPU
		Ad-Hoc|ARM = Ad-Hoc|ARM
		Ad-Hoc|iPhone = Ad-Hoc|iPhone
		Ad-Hoc|iPhoneSimulator = Ad-Hoc|iPhoneSimulator
		Ad-Hoc|x64 = Ad-Hoc|x64
		Ad-Hoc|x86 = Ad-Hoc|x86
		AppStore|Any CPU = AppStore|Any CPU
		AppStore|ARM = AppStore|ARM
		AppStore|iPhone = AppStore|iPhone
		AppStore|iPhoneSimulator = AppStore|iPhoneSimulator
		AppStore|x64 = AppStore|x64
		AppStore|x86 = AppStore|x86
		Debug|Any CPU = Debug|Any CPU
		Debug|ARM = Debug|ARM
		Debug|iPhone = Debug|iPhone
		Debug|iPhoneSimulator = Debug|iPhoneSimulator
		Debug|x64 = Debug|x64
		Debug|x86 = Debug|x86
		Release|Any CPU = Release|Any CPU
		Release|ARM = Release|ARM
		Release|iPhone = Release|iPhone
		Release|iPhoneSimulator = Release|iPhoneSimulator
		Release|x64 = Release|x64
		Release|x86 = Release|x86
	EndGlobalSection
	GlobalSection(ProjectConfigurationPlatforms) = postSolution
		{B5B8D479-B630-490E-ACD2-A4EE2D4237C0}.Ad-Hoc|Any CPU.ActiveCfg = Debug|Any CPU
		{B5B8D479-B630-490E-ACD2-A4EE2D4237C0}.Ad-Hoc|Any CPU.Build.0 = Debug|Any CPU
		{B5B8D479-B630-490E-ACD2-A4EE2D4237C0}.Ad-Hoc|ARM.ActiveCfg = Debug|Any CPU
		{B5B8D479-B630-490E-ACD2-A4EE2D4237C0}.Ad-Hoc|ARM.Build.0 = Debug|Any CPU
		{B5B8D479-B630-490E-ACD2-A4EE2D4237C0}.Ad-Hoc|iPhone.ActiveCfg = Debug|Any CPU
		{B5B8D479-B630-490E-ACD2-A4EE2D4237C0}.Ad-Hoc|iPhone.Build.0 = Debug|Any CPU
		{B5B8D479-B630-490E-ACD2-A4EE2D4237C0}.Ad-Hoc|iPhoneSimulator.ActiveCfg = Debug|Any CPU
		{B5B8D479-B630-490E-ACD2-A4EE2D4237C0}.Ad-Hoc|iPhoneSimulator.Build.0 = Debug|Any CPU
		{B5B8D479-B630-490E-ACD2-A4EE2D4237C0}.Ad-Hoc|x64.ActiveCfg = Debug|Any CPU
		{B5B8D479-B630-490E-ACD2-A4EE2D4237C0}.Ad-Hoc|x64.Build.0 = Debug|Any CPU
		{B5B8D479-B630-490E-ACD2-A4EE2D4237C0}.Ad-Hoc|x86.ActiveCfg = Debug|Any CPU
		{B5B8D479-B630-490E-ACD2-A4EE2D4237C0}.Ad-Hoc|x86.Build.0 = Debug|Any CPU
		{B5B8D479-B630-490E-ACD2-A4EE2D4237C0}.AppStore|Any CPU.ActiveCfg = Debug|Any CPU
		{B5B8D479-B630-490E-ACD2-A4EE2D4237C0}.AppStore|Any CPU.Build.0 = Debug|Any CPU
		{B5B8D479-B630-490E-ACD2-A4EE2D4237C0}.AppStore|ARM.ActiveCfg = Debug|Any CPU
		{B5B8D479-B630-490E-ACD2-A4EE2D4237C0}.AppStore|ARM.Build.0 = Debug|Any CPU
		{B5B8D479-B630-490E-ACD2-A4EE2D4237C0}.AppStore|iPhone.ActiveCfg = Debug|Any CPU
		{B5B8D479-B630-490E-ACD2-A4EE2D4237C0}.AppStore|iPhone.Build.0 = Debug|Any CPU
		{B5B8D479-B630-490E-ACD2-A4EE2D4237C0}.AppStore|iPhoneSimulator.ActiveCfg = Debug|Any CPU
		{B5B8D479-B630-490E-ACD2-A4EE2D4237C0}.AppStore|iPhoneSimulator.Build.0 = Debug|Any CPU
		{B5B8D479-B630-490E-ACD2-A4EE2D4237C0}.AppStore|x64.ActiveCfg = Debug|Any CPU
		{B5B8D479-B630-490E-ACD2-A4EE2D4237C0}.AppStore|x64.Build.0 = Debug|Any CPU
		{B5B8D479-B630-490E-ACD2-A4EE2D4237C0}.AppStore|x86.ActiveCfg = Debug|Any CPU
		{B5B8D479-B630-490E-ACD2-A4EE2D4237C0}.AppStore|x86.Build.0 = Debug|Any CPU
		{B5B8D479-B630-490E-ACD2-A4EE2D4237C0}.Debug|Any CPU.ActiveCfg = Debug|Any CPU
		{B5B8D479-B630-490E-ACD2-A4EE2D4237C0}.Debug|Any CPU.Build.0 = Debug|Any CPU
		{B5B8D479-B630-490E-ACD2-A4EE2D4237C0}.Debug|ARM.ActiveCfg = Debug|Any CPU
		{B5B8D479-B630-490E-ACD2-A4EE2D4237C0}.Debug|ARM.Build.0 = Debug|Any CPU
		{B5B8D479-B630-490E-ACD2-A4EE2D4237C0}.Debug|iPhone.ActiveCfg = Debug|Any CPU
		{B5B8D479-B630-490E-ACD2-A4EE2D4237C0}.Debug|iPhone.Build.0 = Debug|Any CPU
		{B5B8D479-B630-490E-ACD2-A4EE2D4237C0}.Debug|iPhoneSimulator.ActiveCfg = Debug|Any CPU
		{B5B8D479-B630-490E-ACD2-A4EE2D4237C0}.Debug|iPhoneSimulator.Build.0 = Debug|Any CPU
		{B5B8D479-B630-490E-ACD2-A4EE2D4237C0}.Debug|x64.ActiveCfg = Debug|Any CPU
		{B5B8D479-B630-490E-ACD2-A4EE2D4237C0}.Debug|x64.Build.0 = Debug|Any CPU
		{B5B8D479-B630-490E-ACD2-A4EE2D4237C0}.Debug|x86.ActiveCfg = Debug|Any CPU
		{B5B8D479-B630-490E-ACD2-A4EE2D4237C0}.Debug|x86.Build.0 = Debug|Any CPU
		{B5B8D479-B630-490E-ACD2-A4EE2D4237C0}.Release|Any CPU.ActiveCfg = Release|Any CPU
		{B5B8D479-B630-490E-ACD2-A4EE2D4237C0}.Release|Any CPU.Build.0 = Release|Any CPU
		{B5B8D479-B630-490E-ACD2-A4EE2D4237C0}.Release|ARM.ActiveCfg = Release|Any CPU
		{B5B8D479-B630-490E-ACD2-A4EE2D4237C0}.Release|ARM.Build.0 = Release|Any CPU
		{B5B8D479-B630-490E-ACD2-A4EE2D4237C0}.Release|iPhone.ActiveCfg = Release|Any CPU
		{B5B8D479-B630-490E-ACD2-A4EE2D4237C0}.Release|iPhone.Build.0 = Release|Any CPU
		{B5B8D479-B630-490E-ACD2-A4EE2D4237C0}.Release|iPhoneSimulator.ActiveCfg = Release|Any CPU
		{B5B8D479-B630-490E-ACD2-A4EE2D4237C0}.Release|iPhoneSimulator.Build.0 = Release|Any CPU
		{B5B8D479-B630-490E-ACD2-A4EE2D4237C0}.Release|x64.ActiveCfg = Release|Any CPU
		{B5B8D479-B630-490E-ACD2-A4EE2D4237C0}.Release|x64.Build.0 = Release|Any CPU
		{B5B8D479-B630-490E-ACD2-A4EE2D4237C0}.Release|x86.ActiveCfg = Release|Any CPU
		{B5B8D479-B630-490E-ACD2-A4EE2D4237C0}.Release|x86.Build.0 = Release|Any CPU
		{9BD1EDF3-388D-4D0E-91A4-3E66C1C38F2E}.Ad-Hoc|Any CPU.ActiveCfg = Debug|Any CPU
		{9BD1EDF3-388D-4D0E-91A4-3E66C1C38F2E}.Ad-Hoc|Any CPU.Build.0 = Debug|Any CPU
		{9BD1EDF3-388D-4D0E-91A4-3E66C1C38F2E}.Ad-Hoc|ARM.ActiveCfg = Debug|Any CPU
		{9BD1EDF3-388D-4D0E-91A4-3E66C1C38F2E}.Ad-Hoc|ARM.Build.0 = Debug|Any CPU
		{9BD1EDF3-388D-4D0E-91A4-3E66C1C38F2E}.Ad-Hoc|iPhone.ActiveCfg = Debug|Any CPU
		{9BD1EDF3-388D-4D0E-91A4-3E66C1C38F2E}.Ad-Hoc|iPhone.Build.0 = Debug|Any CPU
		{9BD1EDF3-388D-4D0E-91A4-3E66C1C38F2E}.Ad-Hoc|iPhoneSimulator.ActiveCfg = Debug|Any CPU
		{9BD1EDF3-388D-4D0E-91A4-3E66C1C38F2E}.Ad-Hoc|iPhoneSimulator.Build.0 = Debug|Any CPU
		{9BD1EDF3-388D-4D0E-91A4-3E66C1C38F2E}.Ad-Hoc|x64.ActiveCfg = Debug|Any CPU
		{9BD1EDF3-388D-4D0E-91A4-3E66C1C38F2E}.Ad-Hoc|x64.Build.0 = Debug|Any CPU
		{9BD1EDF3-388D-4D0E-91A4-3E66C1C38F2E}.Ad-Hoc|x86.ActiveCfg = Debug|Any CPU
		{9BD1EDF3-388D-4D0E-91A4-3E66C1C38F2E}.Ad-Hoc|x86.Build.0 = Debug|Any CPU
		{9BD1EDF3-388D-4D0E-91A4-3E66C1C38F2E}.AppStore|Any CPU.ActiveCfg = Debug|Any CPU
		{9BD1EDF3-388D-4D0E-91A4-3E66C1C38F2E}.AppStore|Any CPU.Build.0 = Debug|Any CPU
		{9BD1EDF3-388D-4D0E-91A4-3E66C1C38F2E}.AppStore|ARM.ActiveCfg = Debug|Any CPU
		{9BD1EDF3-388D-4D0E-91A4-3E66C1C38F2E}.AppStore|ARM.Build.0 = Debug|Any CPU
		{9BD1EDF3-388D-4D0E-91A4-3E66C1C38F2E}.AppStore|iPhone.ActiveCfg = Debug|Any CPU
		{9BD1EDF3-388D-4D0E-91A4-3E66C1C38F2E}.AppStore|iPhone.Build.0 = Debug|Any CPU
		{9BD1EDF3-388D-4D0E-91A4-3E66C1C38F2E}.AppStore|iPhoneSimulator.ActiveCfg = Debug|Any CPU
		{9BD1EDF3-388D-4D0E-91A4-3E66C1C38F2E}.AppStore|iPhoneSimulator.Build.0 = Debug|Any CPU
		{9BD1EDF3-388D-4D0E-91A4-3E66C1C38F2E}.AppStore|x64.ActiveCfg = Debug|Any CPU
		{9BD1EDF3-388D-4D0E-91A4-3E66C1C38F2E}.AppStore|x64.Build.0 = Debug|Any CPU
		{9BD1EDF3-388D-4D0E-91A4-3E66C1C38F2E}.AppStore|x86.ActiveCfg = Debug|Any CPU
		{9BD1EDF3-388D-4D0E-91A4-3E66C1C38F2E}.AppStore|x86.Build.0 = Debug|Any CPU
		{9BD1EDF3-388D-4D0E-91A4-3E66C1C38F2E}.Debug|Any CPU.ActiveCfg = Debug|Any CPU
		{9BD1EDF3-388D-4D0E-91A4-3E66C1C38F2E}.Debug|Any CPU.Build.0 = Debug|Any CPU
		{9BD1EDF3-388D-4D0E-91A4-3E66C1C38F2E}.Debug|ARM.ActiveCfg = Debug|Any CPU
		{9BD1EDF3-388D-4D0E-91A4-3E66C1C38F2E}.Debug|ARM.Build.0 = Debug|Any CPU
		{9BD1EDF3-388D-4D0E-91A4-3E66C1C38F2E}.Debug|iPhone.ActiveCfg = Debug|Any CPU
		{9BD1EDF3-388D-4D0E-91A4-3E66C1C38F2E}.Debug|iPhone.Build.0 = Debug|Any CPU
		{9BD1EDF3-388D-4D0E-91A4-3E66C1C38F2E}.Debug|iPhoneSimulator.ActiveCfg = Debug|Any CPU
		{9BD1EDF3-388D-4D0E-91A4-3E66C1C38F2E}.Debug|iPhoneSimulator.Build.0 = Debug|Any CPU
		{9BD1EDF3-388D-4D0E-91A4-3E66C1C38F2E}.Debug|x64.ActiveCfg = Debug|Any CPU
		{9BD1EDF3-388D-4D0E-91A4-3E66C1C38F2E}.Debug|x64.Build.0 = Debug|Any CPU
		{9BD1EDF3-388D-4D0E-91A4-3E66C1C38F2E}.Debug|x86.ActiveCfg = Debug|Any CPU
		{9BD1EDF3-388D-4D0E-91A4-3E66C1C38F2E}.Debug|x86.Build.0 = Debug|Any CPU
		{9BD1EDF3-388D-4D0E-91A4-3E66C1C38F2E}.Release|Any CPU.ActiveCfg = Release|Any CPU
		{9BD1EDF3-388D-4D0E-91A4-3E66C1C38F2E}.Release|Any CPU.Build.0 = Release|Any CPU
		{9BD1EDF3-388D-4D0E-91A4-3E66C1C38F2E}.Release|ARM.ActiveCfg = Release|Any CPU
		{9BD1EDF3-388D-4D0E-91A4-3E66C1C38F2E}.Release|ARM.Build.0 = Release|Any CPU
		{9BD1EDF3-388D-4D0E-91A4-3E66C1C38F2E}.Release|iPhone.ActiveCfg = Release|Any CPU
		{9BD1EDF3-388D-4D0E-91A4-3E66C1C38F2E}.Release|iPhone.Build.0 = Release|Any CPU
		{9BD1EDF3-388D-4D0E-91A4-3E66C1C38F2E}.Release|iPhoneSimulator.ActiveCfg = Release|Any CPU
		{9BD1EDF3-388D-4D0E-91A4-3E66C1C38F2E}.Release|iPhoneSimulator.Build.0 = Release|Any CPU
		{9BD1EDF3-388D-4D0E-91A4-3E66C1C38F2E}.Release|x64.ActiveCfg = Release|Any CPU
		{9BD1EDF3-388D-4D0E-91A4-3E66C1C38F2E}.Release|x64.Build.0 = Release|Any CPU
		{9BD1EDF3-388D-4D0E-91A4-3E66C1C38F2E}.Release|x86.ActiveCfg = Release|Any CPU
		{9BD1EDF3-388D-4D0E-91A4-3E66C1C38F2E}.Release|x86.Build.0 = Release|Any CPU
		{DC80E44E-401F-4E5F-8759-A5959E724DA9}.Ad-Hoc|Any CPU.ActiveCfg = Debug|Any CPU
		{DC80E44E-401F-4E5F-8759-A5959E724DA9}.Ad-Hoc|Any CPU.Build.0 = Debug|Any CPU
		{DC80E44E-401F-4E5F-8759-A5959E724DA9}.Ad-Hoc|ARM.ActiveCfg = Debug|Any CPU
		{DC80E44E-401F-4E5F-8759-A5959E724DA9}.Ad-Hoc|ARM.Build.0 = Debug|Any CPU
		{DC80E44E-401F-4E5F-8759-A5959E724DA9}.Ad-Hoc|iPhone.ActiveCfg = Debug|Any CPU
		{DC80E44E-401F-4E5F-8759-A5959E724DA9}.Ad-Hoc|iPhone.Build.0 = Debug|Any CPU
		{DC80E44E-401F-4E5F-8759-A5959E724DA9}.Ad-Hoc|iPhoneSimulator.ActiveCfg = Debug|Any CPU
		{DC80E44E-401F-4E5F-8759-A5959E724DA9}.Ad-Hoc|iPhoneSimulator.Build.0 = Debug|Any CPU
		{DC80E44E-401F-4E5F-8759-A5959E724DA9}.Ad-Hoc|x64.ActiveCfg = Debug|Any CPU
		{DC80E44E-401F-4E5F-8759-A5959E724DA9}.Ad-Hoc|x64.Build.0 = Debug|Any CPU
		{DC80E44E-401F-4E5F-8759-A5959E724DA9}.Ad-Hoc|x86.ActiveCfg = Debug|Any CPU
		{DC80E44E-401F-4E5F-8759-A5959E724DA9}.Ad-Hoc|x86.Build.0 = Debug|Any CPU
		{DC80E44E-401F-4E5F-8759-A5959E724DA9}.AppStore|Any CPU.ActiveCfg = Debug|Any CPU
		{DC80E44E-401F-4E5F-8759-A5959E724DA9}.AppStore|Any CPU.Build.0 = Debug|Any CPU
		{DC80E44E-401F-4E5F-8759-A5959E724DA9}.AppStore|ARM.ActiveCfg = Debug|Any CPU
		{DC80E44E-401F-4E5F-8759-A5959E724DA9}.AppStore|ARM.Build.0 = Debug|Any CPU
		{DC80E44E-401F-4E5F-8759-A5959E724DA9}.AppStore|iPhone.ActiveCfg = Debug|Any CPU
		{DC80E44E-401F-4E5F-8759-A5959E724DA9}.AppStore|iPhone.Build.0 = Debug|Any CPU
		{DC80E44E-401F-4E5F-8759-A5959E724DA9}.AppStore|iPhoneSimulator.ActiveCfg = Debug|Any CPU
		{DC80E44E-401F-4E5F-8759-A5959E724DA9}.AppStore|iPhoneSimulator.Build.0 = Debug|Any CPU
		{DC80E44E-401F-4E5F-8759-A5959E724DA9}.AppStore|x64.ActiveCfg = Debug|Any CPU
		{DC80E44E-401F-4E5F-8759-A5959E724DA9}.AppStore|x64.Build.0 = Debug|Any CPU
		{DC80E44E-401F-4E5F-8759-A5959E724DA9}.AppStore|x86.ActiveCfg = Debug|Any CPU
		{DC80E44E-401F-4E5F-8759-A5959E724DA9}.AppStore|x86.Build.0 = Debug|Any CPU
		{DC80E44E-401F-4E5F-8759-A5959E724DA9}.Debug|Any CPU.ActiveCfg = Debug|Any CPU
		{DC80E44E-401F-4E5F-8759-A5959E724DA9}.Debug|Any CPU.Build.0 = Debug|Any CPU
		{DC80E44E-401F-4E5F-8759-A5959E724DA9}.Debug|ARM.ActiveCfg = Debug|Any CPU
		{DC80E44E-401F-4E5F-8759-A5959E724DA9}.Debug|ARM.Build.0 = Debug|Any CPU
		{DC80E44E-401F-4E5F-8759-A5959E724DA9}.Debug|iPhone.ActiveCfg = Debug|Any CPU
		{DC80E44E-401F-4E5F-8759-A5959E724DA9}.Debug|iPhone.Build.0 = Debug|Any CPU
		{DC80E44E-401F-4E5F-8759-A5959E724DA9}.Debug|iPhoneSimulator.ActiveCfg = Debug|Any CPU
		{DC80E44E-401F-4E5F-8759-A5959E724DA9}.Debug|iPhoneSimulator.Build.0 = Debug|Any CPU
		{DC80E44E-401F-4E5F-8759-A5959E724DA9}.Debug|x64.ActiveCfg = Debug|Any CPU
		{DC80E44E-401F-4E5F-8759-A5959E724DA9}.Debug|x64.Build.0 = Debug|Any CPU
		{DC80E44E-401F-4E5F-8759-A5959E724DA9}.Debug|x86.ActiveCfg = Debug|Any CPU
		{DC80E44E-401F-4E5F-8759-A5959E724DA9}.Debug|x86.Build.0 = Debug|Any CPU
		{DC80E44E-401F-4E5F-8759-A5959E724DA9}.Release|Any CPU.ActiveCfg = Release|Any CPU
		{DC80E44E-401F-4E5F-8759-A5959E724DA9}.Release|Any CPU.Build.0 = Release|Any CPU
		{DC80E44E-401F-4E5F-8759-A5959E724DA9}.Release|ARM.ActiveCfg = Release|Any CPU
		{DC80E44E-401F-4E5F-8759-A5959E724DA9}.Release|ARM.Build.0 = Release|Any CPU
		{DC80E44E-401F-4E5F-8759-A5959E724DA9}.Release|iPhone.ActiveCfg = Release|Any CPU
		{DC80E44E-401F-4E5F-8759-A5959E724DA9}.Release|iPhone.Build.0 = Release|Any CPU
		{DC80E44E-401F-4E5F-8759-A5959E724DA9}.Release|iPhoneSimulator.ActiveCfg = Release|Any CPU
		{DC80E44E-401F-4E5F-8759-A5959E724DA9}.Release|iPhoneSimulator.Build.0 = Release|Any CPU
		{DC80E44E-401F-4E5F-8759-A5959E724DA9}.Release|x64.ActiveCfg = Release|Any CPU
		{DC80E44E-401F-4E5F-8759-A5959E724DA9}.Release|x64.Build.0 = Release|Any CPU
		{DC80E44E-401F-4E5F-8759-A5959E724DA9}.Release|x86.ActiveCfg = Release|Any CPU
		{DC80E44E-401F-4E5F-8759-A5959E724DA9}.Release|x86.Build.0 = Release|Any CPU
		{537123CB-5CEE-4070-99FC-A1D77E393067}.Ad-Hoc|Any CPU.ActiveCfg = Debug|Any CPU
		{537123CB-5CEE-4070-99FC-A1D77E393067}.Ad-Hoc|Any CPU.Build.0 = Debug|Any CPU
		{537123CB-5CEE-4070-99FC-A1D77E393067}.Ad-Hoc|ARM.ActiveCfg = Debug|Any CPU
		{537123CB-5CEE-4070-99FC-A1D77E393067}.Ad-Hoc|ARM.Build.0 = Debug|Any CPU
		{537123CB-5CEE-4070-99FC-A1D77E393067}.Ad-Hoc|iPhone.ActiveCfg = Debug|Any CPU
		{537123CB-5CEE-4070-99FC-A1D77E393067}.Ad-Hoc|iPhone.Build.0 = Debug|Any CPU
		{537123CB-5CEE-4070-99FC-A1D77E393067}.Ad-Hoc|iPhoneSimulator.ActiveCfg = Debug|Any CPU
		{537123CB-5CEE-4070-99FC-A1D77E393067}.Ad-Hoc|iPhoneSimulator.Build.0 = Debug|Any CPU
		{537123CB-5CEE-4070-99FC-A1D77E393067}.Ad-Hoc|x64.ActiveCfg = Debug|Any CPU
		{537123CB-5CEE-4070-99FC-A1D77E393067}.Ad-Hoc|x64.Build.0 = Debug|Any CPU
		{537123CB-5CEE-4070-99FC-A1D77E393067}.Ad-Hoc|x86.ActiveCfg = Debug|Any CPU
		{537123CB-5CEE-4070-99FC-A1D77E393067}.Ad-Hoc|x86.Build.0 = Debug|Any CPU
		{537123CB-5CEE-4070-99FC-A1D77E393067}.AppStore|Any CPU.ActiveCfg = Debug|Any CPU
		{537123CB-5CEE-4070-99FC-A1D77E393067}.AppStore|Any CPU.Build.0 = Debug|Any CPU
		{537123CB-5CEE-4070-99FC-A1D77E393067}.AppStore|ARM.ActiveCfg = Debug|Any CPU
		{537123CB-5CEE-4070-99FC-A1D77E393067}.AppStore|ARM.Build.0 = Debug|Any CPU
		{537123CB-5CEE-4070-99FC-A1D77E393067}.AppStore|iPhone.ActiveCfg = Debug|Any CPU
		{537123CB-5CEE-4070-99FC-A1D77E393067}.AppStore|iPhone.Build.0 = Debug|Any CPU
		{537123CB-5CEE-4070-99FC-A1D77E393067}.AppStore|iPhoneSimulator.ActiveCfg = Debug|Any CPU
		{537123CB-5CEE-4070-99FC-A1D77E393067}.AppStore|iPhoneSimulator.Build.0 = Debug|Any CPU
		{537123CB-5CEE-4070-99FC-A1D77E393067}.AppStore|x64.ActiveCfg = Debug|Any CPU
		{537123CB-5CEE-4070-99FC-A1D77E393067}.AppStore|x64.Build.0 = Debug|Any CPU
		{537123CB-5CEE-4070-99FC-A1D77E393067}.AppStore|x86.ActiveCfg = Debug|Any CPU
		{537123CB-5CEE-4070-99FC-A1D77E393067}.AppStore|x86.Build.0 = Debug|Any CPU
		{537123CB-5CEE-4070-99FC-A1D77E393067}.Debug|Any CPU.ActiveCfg = Debug|Any CPU
		{537123CB-5CEE-4070-99FC-A1D77E393067}.Debug|Any CPU.Build.0 = Debug|Any CPU
		{537123CB-5CEE-4070-99FC-A1D77E393067}.Debug|ARM.ActiveCfg = Debug|Any CPU
		{537123CB-5CEE-4070-99FC-A1D77E393067}.Debug|ARM.Build.0 = Debug|Any CPU
		{537123CB-5CEE-4070-99FC-A1D77E393067}.Debug|iPhone.ActiveCfg = Debug|Any CPU
		{537123CB-5CEE-4070-99FC-A1D77E393067}.Debug|iPhone.Build.0 = Debug|Any CPU
		{537123CB-5CEE-4070-99FC-A1D77E393067}.Debug|iPhoneSimulator.ActiveCfg = Debug|Any CPU
		{537123CB-5CEE-4070-99FC-A1D77E393067}.Debug|iPhoneSimulator.Build.0 = Debug|Any CPU
		{537123CB-5CEE-4070-99FC-A1D77E393067}.Debug|x64.ActiveCfg = Debug|Any CPU
		{537123CB-5CEE-4070-99FC-A1D77E393067}.Debug|x64.Build.0 = Debug|Any CPU
		{537123CB-5CEE-4070-99FC-A1D77E393067}.Debug|x86.ActiveCfg = Debug|Any CPU
		{537123CB-5CEE-4070-99FC-A1D77E393067}.Debug|x86.Build.0 = Debug|Any CPU
		{537123CB-5CEE-4070-99FC-A1D77E393067}.Release|Any CPU.ActiveCfg = Release|Any CPU
		{537123CB-5CEE-4070-99FC-A1D77E393067}.Release|Any CPU.Build.0 = Release|Any CPU
		{537123CB-5CEE-4070-99FC-A1D77E393067}.Release|ARM.ActiveCfg = Release|Any CPU
		{537123CB-5CEE-4070-99FC-A1D77E393067}.Release|ARM.Build.0 = Release|Any CPU
		{537123CB-5CEE-4070-99FC-A1D77E393067}.Release|iPhone.ActiveCfg = Release|Any CPU
		{537123CB-5CEE-4070-99FC-A1D77E393067}.Release|iPhone.Build.0 = Release|Any CPU
		{537123CB-5CEE-4070-99FC-A1D77E393067}.Release|iPhoneSimulator.ActiveCfg = Release|Any CPU
		{537123CB-5CEE-4070-99FC-A1D77E393067}.Release|iPhoneSimulator.Build.0 = Release|Any CPU
		{537123CB-5CEE-4070-99FC-A1D77E393067}.Release|x64.ActiveCfg = Release|Any CPU
		{537123CB-5CEE-4070-99FC-A1D77E393067}.Release|x64.Build.0 = Release|Any CPU
		{537123CB-5CEE-4070-99FC-A1D77E393067}.Release|x86.ActiveCfg = Release|Any CPU
		{537123CB-5CEE-4070-99FC-A1D77E393067}.Release|x86.Build.0 = Release|Any CPU
		{E0125BF0-116C-426F-8214-F7CB2DA61E1D}.Ad-Hoc|Any CPU.ActiveCfg = Debug|Any CPU
		{E0125BF0-116C-426F-8214-F7CB2DA61E1D}.Ad-Hoc|Any CPU.Build.0 = Debug|Any CPU
		{E0125BF0-116C-426F-8214-F7CB2DA61E1D}.Ad-Hoc|ARM.ActiveCfg = Debug|Any CPU
		{E0125BF0-116C-426F-8214-F7CB2DA61E1D}.Ad-Hoc|ARM.Build.0 = Debug|Any CPU
		{E0125BF0-116C-426F-8214-F7CB2DA61E1D}.Ad-Hoc|iPhone.ActiveCfg = Debug|Any CPU
		{E0125BF0-116C-426F-8214-F7CB2DA61E1D}.Ad-Hoc|iPhone.Build.0 = Debug|Any CPU
		{E0125BF0-116C-426F-8214-F7CB2DA61E1D}.Ad-Hoc|iPhoneSimulator.ActiveCfg = Debug|Any CPU
		{E0125BF0-116C-426F-8214-F7CB2DA61E1D}.Ad-Hoc|iPhoneSimulator.Build.0 = Debug|Any CPU
		{E0125BF0-116C-426F-8214-F7CB2DA61E1D}.Ad-Hoc|x64.ActiveCfg = Debug|Any CPU
		{E0125BF0-116C-426F-8214-F7CB2DA61E1D}.Ad-Hoc|x64.Build.0 = Debug|Any CPU
		{E0125BF0-116C-426F-8214-F7CB2DA61E1D}.Ad-Hoc|x86.ActiveCfg = Debug|Any CPU
		{E0125BF0-116C-426F-8214-F7CB2DA61E1D}.Ad-Hoc|x86.Build.0 = Debug|Any CPU
		{E0125BF0-116C-426F-8214-F7CB2DA61E1D}.AppStore|Any CPU.ActiveCfg = Debug|Any CPU
		{E0125BF0-116C-426F-8214-F7CB2DA61E1D}.AppStore|Any CPU.Build.0 = Debug|Any CPU
		{E0125BF0-116C-426F-8214-F7CB2DA61E1D}.AppStore|ARM.ActiveCfg = Debug|Any CPU
		{E0125BF0-116C-426F-8214-F7CB2DA61E1D}.AppStore|ARM.Build.0 = Debug|Any CPU
		{E0125BF0-116C-426F-8214-F7CB2DA61E1D}.AppStore|iPhone.ActiveCfg = Debug|Any CPU
		{E0125BF0-116C-426F-8214-F7CB2DA61E1D}.AppStore|iPhone.Build.0 = Debug|Any CPU
		{E0125BF0-116C-426F-8214-F7CB2DA61E1D}.AppStore|iPhoneSimulator.ActiveCfg = Debug|Any CPU
		{E0125BF0-116C-426F-8214-F7CB2DA61E1D}.AppStore|iPhoneSimulator.Build.0 = Debug|Any CPU
		{E0125BF0-116C-426F-8214-F7CB2DA61E1D}.AppStore|x64.ActiveCfg = Debug|Any CPU
		{E0125BF0-116C-426F-8214-F7CB2DA61E1D}.AppStore|x64.Build.0 = Debug|Any CPU
		{E0125BF0-116C-426F-8214-F7CB2DA61E1D}.AppStore|x86.ActiveCfg = Debug|Any CPU
		{E0125BF0-116C-426F-8214-F7CB2DA61E1D}.AppStore|x86.Build.0 = Debug|Any CPU
		{E0125BF0-116C-426F-8214-F7CB2DA61E1D}.Debug|Any CPU.ActiveCfg = Debug|Any CPU
		{E0125BF0-116C-426F-8214-F7CB2DA61E1D}.Debug|Any CPU.Build.0 = Debug|Any CPU
		{E0125BF0-116C-426F-8214-F7CB2DA61E1D}.Debug|ARM.ActiveCfg = Debug|Any CPU
		{E0125BF0-116C-426F-8214-F7CB2DA61E1D}.Debug|ARM.Build.0 = Debug|Any CPU
		{E0125BF0-116C-426F-8214-F7CB2DA61E1D}.Debug|iPhone.ActiveCfg = Debug|Any CPU
		{E0125BF0-116C-426F-8214-F7CB2DA61E1D}.Debug|iPhone.Build.0 = Debug|Any CPU
		{E0125BF0-116C-426F-8214-F7CB2DA61E1D}.Debug|iPhoneSimulator.ActiveCfg = Debug|Any CPU
		{E0125BF0-116C-426F-8214-F7CB2DA61E1D}.Debug|iPhoneSimulator.Build.0 = Debug|Any CPU
		{E0125BF0-116C-426F-8214-F7CB2DA61E1D}.Debug|x64.ActiveCfg = Debug|Any CPU
		{E0125BF0-116C-426F-8214-F7CB2DA61E1D}.Debug|x64.Build.0 = Debug|Any CPU
		{E0125BF0-116C-426F-8214-F7CB2DA61E1D}.Debug|x86.ActiveCfg = Debug|Any CPU
		{E0125BF0-116C-426F-8214-F7CB2DA61E1D}.Debug|x86.Build.0 = Debug|Any CPU
		{E0125BF0-116C-426F-8214-F7CB2DA61E1D}.Release|Any CPU.ActiveCfg = Release|Any CPU
		{E0125BF0-116C-426F-8214-F7CB2DA61E1D}.Release|Any CPU.Build.0 = Release|Any CPU
		{E0125BF0-116C-426F-8214-F7CB2DA61E1D}.Release|ARM.ActiveCfg = Release|Any CPU
		{E0125BF0-116C-426F-8214-F7CB2DA61E1D}.Release|ARM.Build.0 = Release|Any CPU
		{E0125BF0-116C-426F-8214-F7CB2DA61E1D}.Release|iPhone.ActiveCfg = Release|Any CPU
		{E0125BF0-116C-426F-8214-F7CB2DA61E1D}.Release|iPhone.Build.0 = Release|Any CPU
		{E0125BF0-116C-426F-8214-F7CB2DA61E1D}.Release|iPhoneSimulator.ActiveCfg = Release|Any CPU
		{E0125BF0-116C-426F-8214-F7CB2DA61E1D}.Release|iPhoneSimulator.Build.0 = Release|Any CPU
		{E0125BF0-116C-426F-8214-F7CB2DA61E1D}.Release|x64.ActiveCfg = Release|Any CPU
		{E0125BF0-116C-426F-8214-F7CB2DA61E1D}.Release|x64.Build.0 = Release|Any CPU
		{E0125BF0-116C-426F-8214-F7CB2DA61E1D}.Release|x86.ActiveCfg = Release|Any CPU
		{E0125BF0-116C-426F-8214-F7CB2DA61E1D}.Release|x86.Build.0 = Release|Any CPU
		{8BCE23CC-A91E-4825-866A-7A192203A128}.Ad-Hoc|Any CPU.ActiveCfg = Debug|Any CPU
		{8BCE23CC-A91E-4825-866A-7A192203A128}.Ad-Hoc|Any CPU.Build.0 = Debug|Any CPU
		{8BCE23CC-A91E-4825-866A-7A192203A128}.Ad-Hoc|ARM.ActiveCfg = Debug|Any CPU
		{8BCE23CC-A91E-4825-866A-7A192203A128}.Ad-Hoc|ARM.Build.0 = Debug|Any CPU
		{8BCE23CC-A91E-4825-866A-7A192203A128}.Ad-Hoc|iPhone.ActiveCfg = Debug|Any CPU
		{8BCE23CC-A91E-4825-866A-7A192203A128}.Ad-Hoc|iPhone.Build.0 = Debug|Any CPU
		{8BCE23CC-A91E-4825-866A-7A192203A128}.Ad-Hoc|iPhoneSimulator.ActiveCfg = Debug|Any CPU
		{8BCE23CC-A91E-4825-866A-7A192203A128}.Ad-Hoc|iPhoneSimulator.Build.0 = Debug|Any CPU
		{8BCE23CC-A91E-4825-866A-7A192203A128}.Ad-Hoc|x64.ActiveCfg = Debug|Any CPU
		{8BCE23CC-A91E-4825-866A-7A192203A128}.Ad-Hoc|x64.Build.0 = Debug|Any CPU
		{8BCE23CC-A91E-4825-866A-7A192203A128}.Ad-Hoc|x86.ActiveCfg = Debug|Any CPU
		{8BCE23CC-A91E-4825-866A-7A192203A128}.Ad-Hoc|x86.Build.0 = Debug|Any CPU
		{8BCE23CC-A91E-4825-866A-7A192203A128}.AppStore|Any CPU.ActiveCfg = Debug|Any CPU
		{8BCE23CC-A91E-4825-866A-7A192203A128}.AppStore|Any CPU.Build.0 = Debug|Any CPU
		{8BCE23CC-A91E-4825-866A-7A192203A128}.AppStore|ARM.ActiveCfg = Debug|Any CPU
		{8BCE23CC-A91E-4825-866A-7A192203A128}.AppStore|ARM.Build.0 = Debug|Any CPU
		{8BCE23CC-A91E-4825-866A-7A192203A128}.AppStore|iPhone.ActiveCfg = Debug|Any CPU
		{8BCE23CC-A91E-4825-866A-7A192203A128}.AppStore|iPhone.Build.0 = Debug|Any CPU
		{8BCE23CC-A91E-4825-866A-7A192203A128}.AppStore|iPhoneSimulator.ActiveCfg = Debug|Any CPU
		{8BCE23CC-A91E-4825-866A-7A192203A128}.AppStore|iPhoneSimulator.Build.0 = Debug|Any CPU
		{8BCE23CC-A91E-4825-866A-7A192203A128}.AppStore|x64.ActiveCfg = Debug|Any CPU
		{8BCE23CC-A91E-4825-866A-7A192203A128}.AppStore|x64.Build.0 = Debug|Any CPU
		{8BCE23CC-A91E-4825-866A-7A192203A128}.AppStore|x86.ActiveCfg = Debug|Any CPU
		{8BCE23CC-A91E-4825-866A-7A192203A128}.AppStore|x86.Build.0 = Debug|Any CPU
		{8BCE23CC-A91E-4825-866A-7A192203A128}.Debug|Any CPU.ActiveCfg = Debug|Any CPU
		{8BCE23CC-A91E-4825-866A-7A192203A128}.Debug|Any CPU.Build.0 = Debug|Any CPU
		{8BCE23CC-A91E-4825-866A-7A192203A128}.Debug|ARM.ActiveCfg = Debug|Any CPU
		{8BCE23CC-A91E-4825-866A-7A192203A128}.Debug|ARM.Build.0 = Debug|Any CPU
		{8BCE23CC-A91E-4825-866A-7A192203A128}.Debug|iPhone.ActiveCfg = Debug|Any CPU
		{8BCE23CC-A91E-4825-866A-7A192203A128}.Debug|iPhone.Build.0 = Debug|Any CPU
		{8BCE23CC-A91E-4825-866A-7A192203A128}.Debug|iPhoneSimulator.ActiveCfg = Debug|Any CPU
		{8BCE23CC-A91E-4825-866A-7A192203A128}.Debug|iPhoneSimulator.Build.0 = Debug|Any CPU
		{8BCE23CC-A91E-4825-866A-7A192203A128}.Debug|x64.ActiveCfg = Debug|Any CPU
		{8BCE23CC-A91E-4825-866A-7A192203A128}.Debug|x64.Build.0 = Debug|Any CPU
		{8BCE23CC-A91E-4825-866A-7A192203A128}.Debug|x86.ActiveCfg = Debug|Any CPU
		{8BCE23CC-A91E-4825-866A-7A192203A128}.Debug|x86.Build.0 = Debug|Any CPU
		{8BCE23CC-A91E-4825-866A-7A192203A128}.Release|Any CPU.ActiveCfg = Release|Any CPU
		{8BCE23CC-A91E-4825-866A-7A192203A128}.Release|Any CPU.Build.0 = Release|Any CPU
		{8BCE23CC-A91E-4825-866A-7A192203A128}.Release|ARM.ActiveCfg = Release|Any CPU
		{8BCE23CC-A91E-4825-866A-7A192203A128}.Release|ARM.Build.0 = Release|Any CPU
		{8BCE23CC-A91E-4825-866A-7A192203A128}.Release|iPhone.ActiveCfg = Release|Any CPU
		{8BCE23CC-A91E-4825-866A-7A192203A128}.Release|iPhone.Build.0 = Release|Any CPU
		{8BCE23CC-A91E-4825-866A-7A192203A128}.Release|iPhoneSimulator.ActiveCfg = Release|Any CPU
		{8BCE23CC-A91E-4825-866A-7A192203A128}.Release|iPhoneSimulator.Build.0 = Release|Any CPU
		{8BCE23CC-A91E-4825-866A-7A192203A128}.Release|x64.ActiveCfg = Release|Any CPU
		{8BCE23CC-A91E-4825-866A-7A192203A128}.Release|x64.Build.0 = Release|Any CPU
		{8BCE23CC-A91E-4825-866A-7A192203A128}.Release|x86.ActiveCfg = Release|Any CPU
		{8BCE23CC-A91E-4825-866A-7A192203A128}.Release|x86.Build.0 = Release|Any CPU
		{3BCFFEDC-82D6-46C1-A330-B59A317C4411}.Ad-Hoc|Any CPU.ActiveCfg = Release|Any CPU
		{3BCFFEDC-82D6-46C1-A330-B59A317C4411}.Ad-Hoc|Any CPU.Build.0 = Release|Any CPU
		{3BCFFEDC-82D6-46C1-A330-B59A317C4411}.Ad-Hoc|Any CPU.Deploy.0 = Release|Any CPU
		{3BCFFEDC-82D6-46C1-A330-B59A317C4411}.Ad-Hoc|ARM.ActiveCfg = Release|Any CPU
		{3BCFFEDC-82D6-46C1-A330-B59A317C4411}.Ad-Hoc|ARM.Build.0 = Release|Any CPU
		{3BCFFEDC-82D6-46C1-A330-B59A317C4411}.Ad-Hoc|ARM.Deploy.0 = Release|Any CPU
		{3BCFFEDC-82D6-46C1-A330-B59A317C4411}.Ad-Hoc|iPhone.ActiveCfg = Release|Any CPU
		{3BCFFEDC-82D6-46C1-A330-B59A317C4411}.Ad-Hoc|iPhone.Build.0 = Release|Any CPU
		{3BCFFEDC-82D6-46C1-A330-B59A317C4411}.Ad-Hoc|iPhone.Deploy.0 = Release|Any CPU
		{3BCFFEDC-82D6-46C1-A330-B59A317C4411}.Ad-Hoc|iPhoneSimulator.ActiveCfg = Release|Any CPU
		{3BCFFEDC-82D6-46C1-A330-B59A317C4411}.Ad-Hoc|iPhoneSimulator.Build.0 = Release|Any CPU
		{3BCFFEDC-82D6-46C1-A330-B59A317C4411}.Ad-Hoc|iPhoneSimulator.Deploy.0 = Release|Any CPU
		{3BCFFEDC-82D6-46C1-A330-B59A317C4411}.Ad-Hoc|x64.ActiveCfg = Release|Any CPU
		{3BCFFEDC-82D6-46C1-A330-B59A317C4411}.Ad-Hoc|x64.Build.0 = Release|Any CPU
		{3BCFFEDC-82D6-46C1-A330-B59A317C4411}.Ad-Hoc|x64.Deploy.0 = Release|Any CPU
		{3BCFFEDC-82D6-46C1-A330-B59A317C4411}.Ad-Hoc|x86.ActiveCfg = Release|Any CPU
		{3BCFFEDC-82D6-46C1-A330-B59A317C4411}.Ad-Hoc|x86.Build.0 = Release|Any CPU
		{3BCFFEDC-82D6-46C1-A330-B59A317C4411}.Ad-Hoc|x86.Deploy.0 = Release|Any CPU
		{3BCFFEDC-82D6-46C1-A330-B59A317C4411}.AppStore|Any CPU.ActiveCfg = Release|Any CPU
		{3BCFFEDC-82D6-46C1-A330-B59A317C4411}.AppStore|Any CPU.Build.0 = Release|Any CPU
		{3BCFFEDC-82D6-46C1-A330-B59A317C4411}.AppStore|Any CPU.Deploy.0 = Release|Any CPU
		{3BCFFEDC-82D6-46C1-A330-B59A317C4411}.AppStore|ARM.ActiveCfg = Release|Any CPU
		{3BCFFEDC-82D6-46C1-A330-B59A317C4411}.AppStore|ARM.Build.0 = Release|Any CPU
		{3BCFFEDC-82D6-46C1-A330-B59A317C4411}.AppStore|ARM.Deploy.0 = Release|Any CPU
		{3BCFFEDC-82D6-46C1-A330-B59A317C4411}.AppStore|iPhone.ActiveCfg = Release|Any CPU
		{3BCFFEDC-82D6-46C1-A330-B59A317C4411}.AppStore|iPhone.Build.0 = Release|Any CPU
		{3BCFFEDC-82D6-46C1-A330-B59A317C4411}.AppStore|iPhone.Deploy.0 = Release|Any CPU
		{3BCFFEDC-82D6-46C1-A330-B59A317C4411}.AppStore|iPhoneSimulator.ActiveCfg = Release|Any CPU
		{3BCFFEDC-82D6-46C1-A330-B59A317C4411}.AppStore|iPhoneSimulator.Build.0 = Release|Any CPU
		{3BCFFEDC-82D6-46C1-A330-B59A317C4411}.AppStore|iPhoneSimulator.Deploy.0 = Release|Any CPU
		{3BCFFEDC-82D6-46C1-A330-B59A317C4411}.AppStore|x64.ActiveCfg = Release|Any CPU
		{3BCFFEDC-82D6-46C1-A330-B59A317C4411}.AppStore|x64.Build.0 = Release|Any CPU
		{3BCFFEDC-82D6-46C1-A330-B59A317C4411}.AppStore|x64.Deploy.0 = Release|Any CPU
		{3BCFFEDC-82D6-46C1-A330-B59A317C4411}.AppStore|x86.ActiveCfg = Release|Any CPU
		{3BCFFEDC-82D6-46C1-A330-B59A317C4411}.AppStore|x86.Build.0 = Release|Any CPU
		{3BCFFEDC-82D6-46C1-A330-B59A317C4411}.AppStore|x86.Deploy.0 = Release|Any CPU
		{3BCFFEDC-82D6-46C1-A330-B59A317C4411}.Debug|Any CPU.ActiveCfg = Debug|Any CPU
		{3BCFFEDC-82D6-46C1-A330-B59A317C4411}.Debug|Any CPU.Build.0 = Debug|Any CPU
		{3BCFFEDC-82D6-46C1-A330-B59A317C4411}.Debug|Any CPU.Deploy.0 = Debug|Any CPU
		{3BCFFEDC-82D6-46C1-A330-B59A317C4411}.Debug|ARM.ActiveCfg = Debug|Any CPU
		{3BCFFEDC-82D6-46C1-A330-B59A317C4411}.Debug|ARM.Build.0 = Debug|Any CPU
		{3BCFFEDC-82D6-46C1-A330-B59A317C4411}.Debug|ARM.Deploy.0 = Debug|Any CPU
		{3BCFFEDC-82D6-46C1-A330-B59A317C4411}.Debug|iPhone.ActiveCfg = Debug|Any CPU
		{3BCFFEDC-82D6-46C1-A330-B59A317C4411}.Debug|iPhone.Build.0 = Debug|Any CPU
		{3BCFFEDC-82D6-46C1-A330-B59A317C4411}.Debug|iPhone.Deploy.0 = Debug|Any CPU
		{3BCFFEDC-82D6-46C1-A330-B59A317C4411}.Debug|iPhoneSimulator.ActiveCfg = Debug|Any CPU
		{3BCFFEDC-82D6-46C1-A330-B59A317C4411}.Debug|iPhoneSimulator.Build.0 = Debug|Any CPU
		{3BCFFEDC-82D6-46C1-A330-B59A317C4411}.Debug|iPhoneSimulator.Deploy.0 = Debug|Any CPU
		{3BCFFEDC-82D6-46C1-A330-B59A317C4411}.Debug|x64.ActiveCfg = Debug|Any CPU
		{3BCFFEDC-82D6-46C1-A330-B59A317C4411}.Debug|x64.Build.0 = Debug|Any CPU
		{3BCFFEDC-82D6-46C1-A330-B59A317C4411}.Debug|x64.Deploy.0 = Debug|Any CPU
		{3BCFFEDC-82D6-46C1-A330-B59A317C4411}.Debug|x86.ActiveCfg = Debug|Any CPU
		{3BCFFEDC-82D6-46C1-A330-B59A317C4411}.Debug|x86.Build.0 = Debug|Any CPU
		{3BCFFEDC-82D6-46C1-A330-B59A317C4411}.Debug|x86.Deploy.0 = Debug|Any CPU
		{3BCFFEDC-82D6-46C1-A330-B59A317C4411}.Release|Any CPU.ActiveCfg = Release|Any CPU
		{3BCFFEDC-82D6-46C1-A330-B59A317C4411}.Release|Any CPU.Build.0 = Release|Any CPU
		{3BCFFEDC-82D6-46C1-A330-B59A317C4411}.Release|Any CPU.Deploy.0 = Release|Any CPU
		{3BCFFEDC-82D6-46C1-A330-B59A317C4411}.Release|ARM.ActiveCfg = Release|Any CPU
		{3BCFFEDC-82D6-46C1-A330-B59A317C4411}.Release|ARM.Build.0 = Release|Any CPU
		{3BCFFEDC-82D6-46C1-A330-B59A317C4411}.Release|ARM.Deploy.0 = Release|Any CPU
		{3BCFFEDC-82D6-46C1-A330-B59A317C4411}.Release|iPhone.ActiveCfg = Release|Any CPU
		{3BCFFEDC-82D6-46C1-A330-B59A317C4411}.Release|iPhone.Build.0 = Release|Any CPU
		{3BCFFEDC-82D6-46C1-A330-B59A317C4411}.Release|iPhone.Deploy.0 = Release|Any CPU
		{3BCFFEDC-82D6-46C1-A330-B59A317C4411}.Release|iPhoneSimulator.ActiveCfg = Release|Any CPU
		{3BCFFEDC-82D6-46C1-A330-B59A317C4411}.Release|iPhoneSimulator.Build.0 = Release|Any CPU
		{3BCFFEDC-82D6-46C1-A330-B59A317C4411}.Release|iPhoneSimulator.Deploy.0 = Release|Any CPU
		{3BCFFEDC-82D6-46C1-A330-B59A317C4411}.Release|x64.ActiveCfg = Release|Any CPU
		{3BCFFEDC-82D6-46C1-A330-B59A317C4411}.Release|x64.Build.0 = Release|Any CPU
		{3BCFFEDC-82D6-46C1-A330-B59A317C4411}.Release|x64.Deploy.0 = Release|Any CPU
		{3BCFFEDC-82D6-46C1-A330-B59A317C4411}.Release|x86.ActiveCfg = Release|Any CPU
		{3BCFFEDC-82D6-46C1-A330-B59A317C4411}.Release|x86.Build.0 = Release|Any CPU
		{3BCFFEDC-82D6-46C1-A330-B59A317C4411}.Release|x86.Deploy.0 = Release|Any CPU
		{36D5B9CE-ECA0-467C-9AF3-ABE1BCA3EBF2}.Ad-Hoc|Any CPU.ActiveCfg = Ad-Hoc|iPhone
		{36D5B9CE-ECA0-467C-9AF3-ABE1BCA3EBF2}.Ad-Hoc|ARM.ActiveCfg = Ad-Hoc|iPhone
		{36D5B9CE-ECA0-467C-9AF3-ABE1BCA3EBF2}.Ad-Hoc|iPhone.ActiveCfg = Ad-Hoc|iPhone
		{36D5B9CE-ECA0-467C-9AF3-ABE1BCA3EBF2}.Ad-Hoc|iPhone.Build.0 = Ad-Hoc|iPhone
		{36D5B9CE-ECA0-467C-9AF3-ABE1BCA3EBF2}.Ad-Hoc|iPhoneSimulator.ActiveCfg = Ad-Hoc|iPhoneSimulator
		{36D5B9CE-ECA0-467C-9AF3-ABE1BCA3EBF2}.Ad-Hoc|iPhoneSimulator.Build.0 = Ad-Hoc|iPhoneSimulator
		{36D5B9CE-ECA0-467C-9AF3-ABE1BCA3EBF2}.Ad-Hoc|x64.ActiveCfg = Ad-Hoc|iPhone
		{36D5B9CE-ECA0-467C-9AF3-ABE1BCA3EBF2}.Ad-Hoc|x86.ActiveCfg = Ad-Hoc|iPhone
		{36D5B9CE-ECA0-467C-9AF3-ABE1BCA3EBF2}.AppStore|Any CPU.ActiveCfg = AppStore|iPhone
		{36D5B9CE-ECA0-467C-9AF3-ABE1BCA3EBF2}.AppStore|ARM.ActiveCfg = AppStore|iPhone
		{36D5B9CE-ECA0-467C-9AF3-ABE1BCA3EBF2}.AppStore|iPhone.ActiveCfg = AppStore|iPhone
		{36D5B9CE-ECA0-467C-9AF3-ABE1BCA3EBF2}.AppStore|iPhone.Build.0 = AppStore|iPhone
		{36D5B9CE-ECA0-467C-9AF3-ABE1BCA3EBF2}.AppStore|iPhoneSimulator.ActiveCfg = AppStore|iPhoneSimulator
		{36D5B9CE-ECA0-467C-9AF3-ABE1BCA3EBF2}.AppStore|iPhoneSimulator.Build.0 = AppStore|iPhoneSimulator
		{36D5B9CE-ECA0-467C-9AF3-ABE1BCA3EBF2}.AppStore|x64.ActiveCfg = AppStore|iPhone
		{36D5B9CE-ECA0-467C-9AF3-ABE1BCA3EBF2}.AppStore|x86.ActiveCfg = AppStore|iPhone
		{36D5B9CE-ECA0-467C-9AF3-ABE1BCA3EBF2}.Debug|Any CPU.ActiveCfg = Debug|iPhone
		{36D5B9CE-ECA0-467C-9AF3-ABE1BCA3EBF2}.Debug|ARM.ActiveCfg = Debug|iPhone
		{36D5B9CE-ECA0-467C-9AF3-ABE1BCA3EBF2}.Debug|iPhone.ActiveCfg = Debug|iPhone
		{36D5B9CE-ECA0-467C-9AF3-ABE1BCA3EBF2}.Debug|iPhone.Build.0 = Debug|iPhone
		{36D5B9CE-ECA0-467C-9AF3-ABE1BCA3EBF2}.Debug|iPhoneSimulator.ActiveCfg = Debug|iPhoneSimulator
		{36D5B9CE-ECA0-467C-9AF3-ABE1BCA3EBF2}.Debug|iPhoneSimulator.Build.0 = Debug|iPhoneSimulator
		{36D5B9CE-ECA0-467C-9AF3-ABE1BCA3EBF2}.Debug|x64.ActiveCfg = Debug|iPhone
		{36D5B9CE-ECA0-467C-9AF3-ABE1BCA3EBF2}.Debug|x86.ActiveCfg = Debug|iPhone
		{36D5B9CE-ECA0-467C-9AF3-ABE1BCA3EBF2}.Release|Any CPU.ActiveCfg = Release|iPhone
		{36D5B9CE-ECA0-467C-9AF3-ABE1BCA3EBF2}.Release|ARM.ActiveCfg = Release|iPhone
		{36D5B9CE-ECA0-467C-9AF3-ABE1BCA3EBF2}.Release|iPhone.ActiveCfg = Release|iPhone
		{36D5B9CE-ECA0-467C-9AF3-ABE1BCA3EBF2}.Release|iPhone.Build.0 = Release|iPhone
		{36D5B9CE-ECA0-467C-9AF3-ABE1BCA3EBF2}.Release|iPhoneSimulator.ActiveCfg = Release|iPhoneSimulator
		{36D5B9CE-ECA0-467C-9AF3-ABE1BCA3EBF2}.Release|iPhoneSimulator.Build.0 = Release|iPhoneSimulator
		{36D5B9CE-ECA0-467C-9AF3-ABE1BCA3EBF2}.Release|x64.ActiveCfg = Release|iPhone
		{36D5B9CE-ECA0-467C-9AF3-ABE1BCA3EBF2}.Release|x86.ActiveCfg = Release|iPhone
		{97022372-64F0-418D-9648-3BB4ED01F440}.Ad-Hoc|Any CPU.ActiveCfg = Release|x86
		{97022372-64F0-418D-9648-3BB4ED01F440}.Ad-Hoc|Any CPU.Build.0 = Release|x86
		{97022372-64F0-418D-9648-3BB4ED01F440}.Ad-Hoc|Any CPU.Deploy.0 = Release|x86
		{97022372-64F0-418D-9648-3BB4ED01F440}.Ad-Hoc|ARM.ActiveCfg = Release|ARM
		{97022372-64F0-418D-9648-3BB4ED01F440}.Ad-Hoc|ARM.Build.0 = Release|ARM
		{97022372-64F0-418D-9648-3BB4ED01F440}.Ad-Hoc|ARM.Deploy.0 = Release|ARM
		{97022372-64F0-418D-9648-3BB4ED01F440}.Ad-Hoc|iPhone.ActiveCfg = Release|x86
		{97022372-64F0-418D-9648-3BB4ED01F440}.Ad-Hoc|iPhone.Build.0 = Release|x86
		{97022372-64F0-418D-9648-3BB4ED01F440}.Ad-Hoc|iPhone.Deploy.0 = Release|x86
		{97022372-64F0-418D-9648-3BB4ED01F440}.Ad-Hoc|iPhoneSimulator.ActiveCfg = Release|x86
		{97022372-64F0-418D-9648-3BB4ED01F440}.Ad-Hoc|iPhoneSimulator.Build.0 = Release|x86
		{97022372-64F0-418D-9648-3BB4ED01F440}.Ad-Hoc|iPhoneSimulator.Deploy.0 = Release|x86
		{97022372-64F0-418D-9648-3BB4ED01F440}.Ad-Hoc|x64.ActiveCfg = Release|x64
		{97022372-64F0-418D-9648-3BB4ED01F440}.Ad-Hoc|x64.Build.0 = Release|x64
		{97022372-64F0-418D-9648-3BB4ED01F440}.Ad-Hoc|x64.Deploy.0 = Release|x64
		{97022372-64F0-418D-9648-3BB4ED01F440}.Ad-Hoc|x86.ActiveCfg = Release|x86
		{97022372-64F0-418D-9648-3BB4ED01F440}.Ad-Hoc|x86.Build.0 = Release|x86
		{97022372-64F0-418D-9648-3BB4ED01F440}.Ad-Hoc|x86.Deploy.0 = Release|x86
		{97022372-64F0-418D-9648-3BB4ED01F440}.AppStore|Any CPU.ActiveCfg = Release|x86
		{97022372-64F0-418D-9648-3BB4ED01F440}.AppStore|Any CPU.Build.0 = Release|x86
		{97022372-64F0-418D-9648-3BB4ED01F440}.AppStore|Any CPU.Deploy.0 = Release|x86
		{97022372-64F0-418D-9648-3BB4ED01F440}.AppStore|ARM.ActiveCfg = Release|ARM
		{97022372-64F0-418D-9648-3BB4ED01F440}.AppStore|ARM.Build.0 = Release|ARM
		{97022372-64F0-418D-9648-3BB4ED01F440}.AppStore|ARM.Deploy.0 = Release|ARM
		{97022372-64F0-418D-9648-3BB4ED01F440}.AppStore|iPhone.ActiveCfg = Release|x86
		{97022372-64F0-418D-9648-3BB4ED01F440}.AppStore|iPhone.Build.0 = Release|x86
		{97022372-64F0-418D-9648-3BB4ED01F440}.AppStore|iPhone.Deploy.0 = Release|x86
		{97022372-64F0-418D-9648-3BB4ED01F440}.AppStore|iPhoneSimulator.ActiveCfg = Release|x86
		{97022372-64F0-418D-9648-3BB4ED01F440}.AppStore|iPhoneSimulator.Build.0 = Release|x86
		{97022372-64F0-418D-9648-3BB4ED01F440}.AppStore|iPhoneSimulator.Deploy.0 = Release|x86
		{97022372-64F0-418D-9648-3BB4ED01F440}.AppStore|x64.ActiveCfg = Release|x64
		{97022372-64F0-418D-9648-3BB4ED01F440}.AppStore|x64.Build.0 = Release|x64
		{97022372-64F0-418D-9648-3BB4ED01F440}.AppStore|x64.Deploy.0 = Release|x64
		{97022372-64F0-418D-9648-3BB4ED01F440}.AppStore|x86.ActiveCfg = Release|x86
		{97022372-64F0-418D-9648-3BB4ED01F440}.AppStore|x86.Build.0 = Release|x86
		{97022372-64F0-418D-9648-3BB4ED01F440}.AppStore|x86.Deploy.0 = Release|x86
		{97022372-64F0-418D-9648-3BB4ED01F440}.Debug|Any CPU.ActiveCfg = Debug|x86
		{97022372-64F0-418D-9648-3BB4ED01F440}.Debug|ARM.ActiveCfg = Debug|ARM
		{97022372-64F0-418D-9648-3BB4ED01F440}.Debug|ARM.Build.0 = Debug|ARM
		{97022372-64F0-418D-9648-3BB4ED01F440}.Debug|ARM.Deploy.0 = Debug|ARM
		{97022372-64F0-418D-9648-3BB4ED01F440}.Debug|iPhone.ActiveCfg = Debug|x86
		{97022372-64F0-418D-9648-3BB4ED01F440}.Debug|iPhoneSimulator.ActiveCfg = Debug|x86
		{97022372-64F0-418D-9648-3BB4ED01F440}.Debug|x64.ActiveCfg = Debug|x64
		{97022372-64F0-418D-9648-3BB4ED01F440}.Debug|x64.Build.0 = Debug|x64
		{97022372-64F0-418D-9648-3BB4ED01F440}.Debug|x64.Deploy.0 = Debug|x64
		{97022372-64F0-418D-9648-3BB4ED01F440}.Debug|x86.ActiveCfg = Debug|x86
		{97022372-64F0-418D-9648-3BB4ED01F440}.Debug|x86.Build.0 = Debug|x86
		{97022372-64F0-418D-9648-3BB4ED01F440}.Debug|x86.Deploy.0 = Debug|x86
		{97022372-64F0-418D-9648-3BB4ED01F440}.Release|Any CPU.ActiveCfg = Release|x86
		{97022372-64F0-418D-9648-3BB4ED01F440}.Release|ARM.ActiveCfg = Release|ARM
		{97022372-64F0-418D-9648-3BB4ED01F440}.Release|ARM.Build.0 = Release|ARM
		{97022372-64F0-418D-9648-3BB4ED01F440}.Release|ARM.Deploy.0 = Release|ARM
		{97022372-64F0-418D-9648-3BB4ED01F440}.Release|iPhone.ActiveCfg = Release|x86
		{97022372-64F0-418D-9648-3BB4ED01F440}.Release|iPhoneSimulator.ActiveCfg = Release|x86
		{97022372-64F0-418D-9648-3BB4ED01F440}.Release|x64.ActiveCfg = Release|x64
		{97022372-64F0-418D-9648-3BB4ED01F440}.Release|x64.Build.0 = Release|x64
		{97022372-64F0-418D-9648-3BB4ED01F440}.Release|x64.Deploy.0 = Release|x64
		{97022372-64F0-418D-9648-3BB4ED01F440}.Release|x86.ActiveCfg = Release|x86
		{97022372-64F0-418D-9648-3BB4ED01F440}.Release|x86.Build.0 = Release|x86
		{97022372-64F0-418D-9648-3BB4ED01F440}.Release|x86.Deploy.0 = Release|x86
		{1EBCFA60-9235-4E35-8106-267AC9D24EE5}.Ad-Hoc|Any CPU.ActiveCfg = Debug|Any CPU
		{1EBCFA60-9235-4E35-8106-267AC9D24EE5}.Ad-Hoc|Any CPU.Build.0 = Debug|Any CPU
		{1EBCFA60-9235-4E35-8106-267AC9D24EE5}.Ad-Hoc|ARM.ActiveCfg = Debug|Any CPU
		{1EBCFA60-9235-4E35-8106-267AC9D24EE5}.Ad-Hoc|ARM.Build.0 = Debug|Any CPU
		{1EBCFA60-9235-4E35-8106-267AC9D24EE5}.Ad-Hoc|iPhone.ActiveCfg = Debug|Any CPU
		{1EBCFA60-9235-4E35-8106-267AC9D24EE5}.Ad-Hoc|iPhone.Build.0 = Debug|Any CPU
		{1EBCFA60-9235-4E35-8106-267AC9D24EE5}.Ad-Hoc|iPhoneSimulator.ActiveCfg = Debug|Any CPU
		{1EBCFA60-9235-4E35-8106-267AC9D24EE5}.Ad-Hoc|iPhoneSimulator.Build.0 = Debug|Any CPU
		{1EBCFA60-9235-4E35-8106-267AC9D24EE5}.Ad-Hoc|x64.ActiveCfg = Debug|Any CPU
		{1EBCFA60-9235-4E35-8106-267AC9D24EE5}.Ad-Hoc|x64.Build.0 = Debug|Any CPU
		{1EBCFA60-9235-4E35-8106-267AC9D24EE5}.Ad-Hoc|x86.ActiveCfg = Debug|Any CPU
		{1EBCFA60-9235-4E35-8106-267AC9D24EE5}.Ad-Hoc|x86.Build.0 = Debug|Any CPU
		{1EBCFA60-9235-4E35-8106-267AC9D24EE5}.AppStore|Any CPU.ActiveCfg = Debug|Any CPU
		{1EBCFA60-9235-4E35-8106-267AC9D24EE5}.AppStore|Any CPU.Build.0 = Debug|Any CPU
		{1EBCFA60-9235-4E35-8106-267AC9D24EE5}.AppStore|ARM.ActiveCfg = Debug|Any CPU
		{1EBCFA60-9235-4E35-8106-267AC9D24EE5}.AppStore|ARM.Build.0 = Debug|Any CPU
		{1EBCFA60-9235-4E35-8106-267AC9D24EE5}.AppStore|iPhone.ActiveCfg = Debug|Any CPU
		{1EBCFA60-9235-4E35-8106-267AC9D24EE5}.AppStore|iPhone.Build.0 = Debug|Any CPU
		{1EBCFA60-9235-4E35-8106-267AC9D24EE5}.AppStore|iPhoneSimulator.ActiveCfg = Debug|Any CPU
		{1EBCFA60-9235-4E35-8106-267AC9D24EE5}.AppStore|iPhoneSimulator.Build.0 = Debug|Any CPU
		{1EBCFA60-9235-4E35-8106-267AC9D24EE5}.AppStore|x64.ActiveCfg = Debug|Any CPU
		{1EBCFA60-9235-4E35-8106-267AC9D24EE5}.AppStore|x64.Build.0 = Debug|Any CPU
		{1EBCFA60-9235-4E35-8106-267AC9D24EE5}.AppStore|x86.ActiveCfg = Debug|Any CPU
		{1EBCFA60-9235-4E35-8106-267AC9D24EE5}.AppStore|x86.Build.0 = Debug|Any CPU
		{1EBCFA60-9235-4E35-8106-267AC9D24EE5}.Debug|Any CPU.ActiveCfg = Debug|Any CPU
		{1EBCFA60-9235-4E35-8106-267AC9D24EE5}.Debug|Any CPU.Build.0 = Debug|Any CPU
		{1EBCFA60-9235-4E35-8106-267AC9D24EE5}.Debug|ARM.ActiveCfg = Debug|Any CPU
		{1EBCFA60-9235-4E35-8106-267AC9D24EE5}.Debug|ARM.Build.0 = Debug|Any CPU
		{1EBCFA60-9235-4E35-8106-267AC9D24EE5}.Debug|iPhone.ActiveCfg = Debug|Any CPU
		{1EBCFA60-9235-4E35-8106-267AC9D24EE5}.Debug|iPhone.Build.0 = Debug|Any CPU
		{1EBCFA60-9235-4E35-8106-267AC9D24EE5}.Debug|iPhoneSimulator.ActiveCfg = Debug|Any CPU
		{1EBCFA60-9235-4E35-8106-267AC9D24EE5}.Debug|iPhoneSimulator.Build.0 = Debug|Any CPU
		{1EBCFA60-9235-4E35-8106-267AC9D24EE5}.Debug|x64.ActiveCfg = Debug|Any CPU
		{1EBCFA60-9235-4E35-8106-267AC9D24EE5}.Debug|x64.Build.0 = Debug|Any CPU
		{1EBCFA60-9235-4E35-8106-267AC9D24EE5}.Debug|x86.ActiveCfg = Debug|Any CPU
		{1EBCFA60-9235-4E35-8106-267AC9D24EE5}.Debug|x86.Build.0 = Debug|Any CPU
		{1EBCFA60-9235-4E35-8106-267AC9D24EE5}.Release|Any CPU.ActiveCfg = Release|Any CPU
		{1EBCFA60-9235-4E35-8106-267AC9D24EE5}.Release|Any CPU.Build.0 = Release|Any CPU
		{1EBCFA60-9235-4E35-8106-267AC9D24EE5}.Release|ARM.ActiveCfg = Release|Any CPU
		{1EBCFA60-9235-4E35-8106-267AC9D24EE5}.Release|ARM.Build.0 = Release|Any CPU
		{1EBCFA60-9235-4E35-8106-267AC9D24EE5}.Release|iPhone.ActiveCfg = Release|Any CPU
		{1EBCFA60-9235-4E35-8106-267AC9D24EE5}.Release|iPhone.Build.0 = Release|Any CPU
		{1EBCFA60-9235-4E35-8106-267AC9D24EE5}.Release|iPhoneSimulator.ActiveCfg = Release|Any CPU
		{1EBCFA60-9235-4E35-8106-267AC9D24EE5}.Release|iPhoneSimulator.Build.0 = Release|Any CPU
		{1EBCFA60-9235-4E35-8106-267AC9D24EE5}.Release|x64.ActiveCfg = Release|Any CPU
		{1EBCFA60-9235-4E35-8106-267AC9D24EE5}.Release|x64.Build.0 = Release|Any CPU
		{1EBCFA60-9235-4E35-8106-267AC9D24EE5}.Release|x86.ActiveCfg = Release|Any CPU
		{1EBCFA60-9235-4E35-8106-267AC9D24EE5}.Release|x86.Build.0 = Release|Any CPU
	EndGlobalSection
	GlobalSection(SolutionProperties) = preSolution
		HideSolutionNode = FALSE
	EndGlobalSection
	GlobalSection(NestedProjects) = preSolution
		{F276AD1F-67E2-41EC-9DE0-8674CF8A3907} = {4F760A71-C793-4D60-96C5-810C8D5B185C}
		{B5B8D479-B630-490E-ACD2-A4EE2D4237C0} = {80610E39-8A45-4608-9ADA-0F78C5EA96CE}
		{9BD1EDF3-388D-4D0E-91A4-3E66C1C38F2E} = {80610E39-8A45-4608-9ADA-0F78C5EA96CE}
		{DC80E44E-401F-4E5F-8759-A5959E724DA9} = {C6776C83-BBC9-4857-A8D9-B5AA9B86BD8E}
		{537123CB-5CEE-4070-99FC-A1D77E393067} = {FEFD3714-0E02-4860-AAC9-C5A223BED9D9}
		{E0125BF0-116C-426F-8214-F7CB2DA61E1D} = {C0D24C1A-E7E6-43E6-89CE-91C070E8ABB7}
		{8BCE23CC-A91E-4825-866A-7A192203A128} = {C6776C83-BBC9-4857-A8D9-B5AA9B86BD8E}
		{3BCFFEDC-82D6-46C1-A330-B59A317C4411} = {F276AD1F-67E2-41EC-9DE0-8674CF8A3907}
		{36D5B9CE-ECA0-467C-9AF3-ABE1BCA3EBF2} = {F276AD1F-67E2-41EC-9DE0-8674CF8A3907}
		{97022372-64F0-418D-9648-3BB4ED01F440} = {F276AD1F-67E2-41EC-9DE0-8674CF8A3907}
		{1EBCFA60-9235-4E35-8106-267AC9D24EE5} = {F276AD1F-67E2-41EC-9DE0-8674CF8A3907}
	EndGlobalSection
	GlobalSection(ExtensibilityGlobals) = postSolution
		SolutionGuid = {F6275DC6-E8AC-418A-94A8-75EB299D37DE}
	EndGlobalSection
EndGlobal
