
Microsoft Visual Studio Solution File, Format Version 12.00
# Visual Studio 15
VisualStudioVersion = 15.0.28010.2003
MinimumVisualStudioVersion = 10.0.40219.1
Project("{2150E333-8FDC-42A3-9474-1A3956D46DE8}") = "0 - Presentation", "0 - Presentation", "{4F760A71-C793-4D60-96C5-810C8D5B185C}"
EndProject
Project("{2150E333-8FDC-42A3-9474-1A3956D46DE8}") = "1 - Application", "1 - Application", "{C0D24C1A-E7E6-43E6-89CE-91C070E8ABB7}"
EndProject
Project("{2150E333-8FDC-42A3-9474-1A3956D46DE8}") = "2 - Domain", "2 - Domain", "{80610E39-8A45-4608-9ADA-0F78C5EA96CE}"
EndProject
Project("{2150E333-8FDC-42A3-9474-1A3956D46DE8}") = "3 - Infrastructure", "3 - Infrastructure", "{C6776C83-BBC9-4857-A8D9-B5AA9B86BD8E}"
EndProject
Project("{2150E333-8FDC-42A3-9474-1A3956D46DE8}") = "Mobile", "Mobile", "{F276AD1F-67E2-41EC-9DE0-8674CF8A3907}"
EndProject
Project("{FAE04EC0-301F-11D3-BF4B-00C04F79EFBC}") = "NuncaCaiMobile.Android", "NuncaCaiMobile\NuncaCaiMobile.Android\NuncaCaiMobile.Android.csproj", "{F615EB45-5891-4572-A9F2-C84A04E4194C}"
EndProject
Project("{FAE04EC0-301F-11D3-BF4B-00C04F79EFBC}") = "NuncaCaiMobile.iOS", "NuncaCaiMobile\NuncaCaiMobile.iOS\NuncaCaiMobile.iOS.csproj", "{C5728545-1EB4-4E54-AF4C-BA16A12A7B47}"
EndProject
Project("{FAE04EC0-301F-11D3-BF4B-00C04F79EFBC}") = "NuncaCaiMobile.UWP", "NuncaCaiMobile\NuncaCaiMobile.UWP\NuncaCaiMobile.UWP.csproj", "{57C7550F-727F-4C1A-913C-705A53D6BC7C}"
EndProject
Project("{9A19103F-16F7-4668-BE54-9A1E7A4F7556}") = "NuncaCaiMobile", "NuncaCaiMobile\NuncaCaiMobile\NuncaCaiMobile.csproj", "{E81C7CFD-C7C4-4549-A0A6-5EE1F637832A}"
EndProject
Project("{9A19103F-16F7-4668-BE54-9A1E7A4F7556}") = "DomainModel", "DomainModel\DomainModel.csproj", "{B5B8D479-B630-490E-ACD2-A4EE2D4237C0}"
EndProject
Project("{9A19103F-16F7-4668-BE54-9A1E7A4F7556}") = "DomainService", "DomainService\DomainService.csproj", "{9BD1EDF3-388D-4D0E-91A4-3E66C1C38F2E}"
EndProject
Project("{9A19103F-16F7-4668-BE54-9A1E7A4F7556}") = "Infra.Data", "Infra.Data\Infra.Data.csproj", "{DC80E44E-401F-4E5F-8759-A5959E724DA9}"
EndProject
Project("{FAE04EC0-301F-11D3-BF4B-00C04F79EFBC}") = "NuncaCai.Api.REST", "NuncaCai.Api.REST\NuncaCai.Api.REST.csproj", "{537123CB-5CEE-4070-99FC-A1D77E393067}"
EndProject
Global
	GlobalSection(SolutionConfigurationPlatforms) = preSolution
		Ad-Hoc|Any CPU = Ad-Hoc|Any CPU
		Ad-Hoc|ARM = Ad-Hoc|ARM
		Ad-Hoc|iPhone = Ad-Hoc|iPhone
		Ad-Hoc|iPhoneSimulator = Ad-Hoc|iPhoneSimulator
		Ad-Hoc|x64 = Ad-Hoc|x64
		Ad-Hoc|x86 = Ad-Hoc|x86
		AppStore|Any CPU = AppStore|Any CPU
		AppStore|ARM = AppStore|ARM
		AppStore|iPhone = AppStore|iPhone
		AppStore|iPhoneSimulator = AppStore|iPhoneSimulator
		AppStore|x64 = AppStore|x64
		AppStore|x86 = AppStore|x86
		Debug|Any CPU = Debug|Any CPU
		Debug|ARM = Debug|ARM
		Debug|iPhone = Debug|iPhone
		Debug|iPhoneSimulator = Debug|iPhoneSimulator
		Debug|x64 = Debug|x64
		Debug|x86 = Debug|x86
		Release|Any CPU = Release|Any CPU
		Release|ARM = Release|ARM
		Release|iPhone = Release|iPhone
		Release|iPhoneSimulator = Release|iPhoneSimulator
		Release|x64 = Release|x64
		Release|x86 = Release|x86
	EndGlobalSection
	GlobalSection(ProjectConfigurationPlatforms) = postSolution
		{F615EB45-5891-4572-A9F2-C84A04E4194C}.Ad-Hoc|Any CPU.ActiveCfg = Release|Any CPU
		{F615EB45-5891-4572-A9F2-C84A04E4194C}.Ad-Hoc|Any CPU.Build.0 = Release|Any CPU
		{F615EB45-5891-4572-A9F2-C84A04E4194C}.Ad-Hoc|Any CPU.Deploy.0 = Release|Any CPU
		{F615EB45-5891-4572-A9F2-C84A04E4194C}.Ad-Hoc|ARM.ActiveCfg = Release|Any CPU
		{F615EB45-5891-4572-A9F2-C84A04E4194C}.Ad-Hoc|ARM.Build.0 = Release|Any CPU
		{F615EB45-5891-4572-A9F2-C84A04E4194C}.Ad-Hoc|ARM.Deploy.0 = Release|Any CPU
		{F615EB45-5891-4572-A9F2-C84A04E4194C}.Ad-Hoc|iPhone.ActiveCfg = Release|Any CPU
		{F615EB45-5891-4572-A9F2-C84A04E4194C}.Ad-Hoc|iPhone.Build.0 = Release|Any CPU
		{F615EB45-5891-4572-A9F2-C84A04E4194C}.Ad-Hoc|iPhone.Deploy.0 = Release|Any CPU
		{F615EB45-5891-4572-A9F2-C84A04E4194C}.Ad-Hoc|iPhoneSimulator.ActiveCfg = Release|Any CPU
		{F615EB45-5891-4572-A9F2-C84A04E4194C}.Ad-Hoc|iPhoneSimulator.Build.0 = Release|Any CPU
		{F615EB45-5891-4572-A9F2-C84A04E4194C}.Ad-Hoc|iPhoneSimulator.Deploy.0 = Release|Any CPU
		{F615EB45-5891-4572-A9F2-C84A04E4194C}.Ad-Hoc|x64.ActiveCfg = Release|Any CPU
		{F615EB45-5891-4572-A9F2-C84A04E4194C}.Ad-Hoc|x64.Build.0 = Release|Any CPU
		{F615EB45-5891-4572-A9F2-C84A04E4194C}.Ad-Hoc|x64.Deploy.0 = Release|Any CPU
		{F615EB45-5891-4572-A9F2-C84A04E4194C}.Ad-Hoc|x86.ActiveCfg = Release|Any CPU
		{F615EB45-5891-4572-A9F2-C84A04E4194C}.Ad-Hoc|x86.Build.0 = Release|Any CPU
		{F615EB45-5891-4572-A9F2-C84A04E4194C}.Ad-Hoc|x86.Deploy.0 = Release|Any CPU
		{F615EB45-5891-4572-A9F2-C84A04E4194C}.AppStore|Any CPU.ActiveCfg = Release|Any CPU
		{F615EB45-5891-4572-A9F2-C84A04E4194C}.AppStore|Any CPU.Build.0 = Release|Any CPU
		{F615EB45-5891-4572-A9F2-C84A04E4194C}.AppStore|Any CPU.Deploy.0 = Release|Any CPU
		{F615EB45-5891-4572-A9F2-C84A04E4194C}.AppStore|ARM.ActiveCfg = Release|Any CPU
		{F615EB45-5891-4572-A9F2-C84A04E4194C}.AppStore|ARM.Build.0 = Release|Any CPU
		{F615EB45-5891-4572-A9F2-C84A04E4194C}.AppStore|ARM.Deploy.0 = Release|Any CPU
		{F615EB45-5891-4572-A9F2-C84A04E4194C}.AppStore|iPhone.ActiveCfg = Release|Any CPU
		{F615EB45-5891-4572-A9F2-C84A04E4194C}.AppStore|iPhone.Build.0 = Release|Any CPU
		{F615EB45-5891-4572-A9F2-C84A04E4194C}.AppStore|iPhone.Deploy.0 = Release|Any CPU
		{F615EB45-5891-4572-A9F2-C84A04E4194C}.AppStore|iPhoneSimulator.ActiveCfg = Release|Any CPU
		{F615EB45-5891-4572-A9F2-C84A04E4194C}.AppStore|iPhoneSimulator.Build.0 = Release|Any CPU
		{F615EB45-5891-4572-A9F2-C84A04E4194C}.AppStore|iPhoneSimulator.Deploy.0 = Release|Any CPU
		{F615EB45-5891-4572-A9F2-C84A04E4194C}.AppStore|x64.ActiveCfg = Release|Any CPU
		{F615EB45-5891-4572-A9F2-C84A04E4194C}.AppStore|x64.Build.0 = Release|Any CPU
		{F615EB45-5891-4572-A9F2-C84A04E4194C}.AppStore|x64.Deploy.0 = Release|Any CPU
		{F615EB45-5891-4572-A9F2-C84A04E4194C}.AppStore|x86.ActiveCfg = Release|Any CPU
		{F615EB45-5891-4572-A9F2-C84A04E4194C}.AppStore|x86.Build.0 = Release|Any CPU
		{F615EB45-5891-4572-A9F2-C84A04E4194C}.AppStore|x86.Deploy.0 = Release|Any CPU
		{F615EB45-5891-4572-A9F2-C84A04E4194C}.Debug|Any CPU.ActiveCfg = Debug|Any CPU
		{F615EB45-5891-4572-A9F2-C84A04E4194C}.Debug|Any CPU.Build.0 = Debug|Any CPU
		{F615EB45-5891-4572-A9F2-C84A04E4194C}.Debug|Any CPU.Deploy.0 = Debug|Any CPU
		{F615EB45-5891-4572-A9F2-C84A04E4194C}.Debug|ARM.ActiveCfg = Debug|Any CPU
		{F615EB45-5891-4572-A9F2-C84A04E4194C}.Debug|ARM.Build.0 = Debug|Any CPU
		{F615EB45-5891-4572-A9F2-C84A04E4194C}.Debug|ARM.Deploy.0 = Debug|Any CPU
		{F615EB45-5891-4572-A9F2-C84A04E4194C}.Debug|iPhone.ActiveCfg = Debug|Any CPU
		{F615EB45-5891-4572-A9F2-C84A04E4194C}.Debug|iPhone.Build.0 = Debug|Any CPU
		{F615EB45-5891-4572-A9F2-C84A04E4194C}.Debug|iPhone.Deploy.0 = Debug|Any CPU
		{F615EB45-5891-4572-A9F2-C84A04E4194C}.Debug|iPhoneSimulator.ActiveCfg = Debug|Any CPU
		{F615EB45-5891-4572-A9F2-C84A04E4194C}.Debug|iPhoneSimulator.Build.0 = Debug|Any CPU
		{F615EB45-5891-4572-A9F2-C84A04E4194C}.Debug|iPhoneSimulator.Deploy.0 = Debug|Any CPU
		{F615EB45-5891-4572-A9F2-C84A04E4194C}.Debug|x64.ActiveCfg = Debug|Any CPU
		{F615EB45-5891-4572-A9F2-C84A04E4194C}.Debug|x64.Build.0 = Debug|Any CPU
		{F615EB45-5891-4572-A9F2-C84A04E4194C}.Debug|x64.Deploy.0 = Debug|Any CPU
		{F615EB45-5891-4572-A9F2-C84A04E4194C}.Debug|x86.ActiveCfg = Debug|Any CPU
		{F615EB45-5891-4572-A9F2-C84A04E4194C}.Debug|x86.Build.0 = Debug|Any CPU
		{F615EB45-5891-4572-A9F2-C84A04E4194C}.Debug|x86.Deploy.0 = Debug|Any CPU
		{F615EB45-5891-4572-A9F2-C84A04E4194C}.Release|Any CPU.ActiveCfg = Release|Any CPU
		{F615EB45-5891-4572-A9F2-C84A04E4194C}.Release|Any CPU.Build.0 = Release|Any CPU
		{F615EB45-5891-4572-A9F2-C84A04E4194C}.Release|Any CPU.Deploy.0 = Release|Any CPU
		{F615EB45-5891-4572-A9F2-C84A04E4194C}.Release|ARM.ActiveCfg = Release|Any CPU
		{F615EB45-5891-4572-A9F2-C84A04E4194C}.Release|ARM.Build.0 = Release|Any CPU
		{F615EB45-5891-4572-A9F2-C84A04E4194C}.Release|ARM.Deploy.0 = Release|Any CPU
		{F615EB45-5891-4572-A9F2-C84A04E4194C}.Release|iPhone.ActiveCfg = Release|Any CPU
		{F615EB45-5891-4572-A9F2-C84A04E4194C}.Release|iPhone.Build.0 = Release|Any CPU
		{F615EB45-5891-4572-A9F2-C84A04E4194C}.Release|iPhone.Deploy.0 = Release|Any CPU
		{F615EB45-5891-4572-A9F2-C84A04E4194C}.Release|iPhoneSimulator.ActiveCfg = Release|Any CPU
		{F615EB45-5891-4572-A9F2-C84A04E4194C}.Release|iPhoneSimulator.Build.0 = Release|Any CPU
		{F615EB45-5891-4572-A9F2-C84A04E4194C}.Release|iPhoneSimulator.Deploy.0 = Release|Any CPU
		{F615EB45-5891-4572-A9F2-C84A04E4194C}.Release|x64.ActiveCfg = Release|Any CPU
		{F615EB45-5891-4572-A9F2-C84A04E4194C}.Release|x64.Build.0 = Release|Any CPU
		{F615EB45-5891-4572-A9F2-C84A04E4194C}.Release|x64.Deploy.0 = Release|Any CPU
		{F615EB45-5891-4572-A9F2-C84A04E4194C}.Release|x86.ActiveCfg = Release|Any CPU
		{F615EB45-5891-4572-A9F2-C84A04E4194C}.Release|x86.Build.0 = Release|Any CPU
		{F615EB45-5891-4572-A9F2-C84A04E4194C}.Release|x86.Deploy.0 = Release|Any CPU
		{C5728545-1EB4-4E54-AF4C-BA16A12A7B47}.Ad-Hoc|Any CPU.ActiveCfg = Ad-Hoc|iPhone
		{C5728545-1EB4-4E54-AF4C-BA16A12A7B47}.Ad-Hoc|ARM.ActiveCfg = Ad-Hoc|iPhone
		{C5728545-1EB4-4E54-AF4C-BA16A12A7B47}.Ad-Hoc|iPhone.ActiveCfg = Ad-Hoc|iPhone
		{C5728545-1EB4-4E54-AF4C-BA16A12A7B47}.Ad-Hoc|iPhone.Build.0 = Ad-Hoc|iPhone
		{C5728545-1EB4-4E54-AF4C-BA16A12A7B47}.Ad-Hoc|iPhoneSimulator.ActiveCfg = Ad-Hoc|iPhoneSimulator
		{C5728545-1EB4-4E54-AF4C-BA16A12A7B47}.Ad-Hoc|iPhoneSimulator.Build.0 = Ad-Hoc|iPhoneSimulator
		{C5728545-1EB4-4E54-AF4C-BA16A12A7B47}.Ad-Hoc|x64.ActiveCfg = Ad-Hoc|iPhone
		{C5728545-1EB4-4E54-AF4C-BA16A12A7B47}.Ad-Hoc|x86.ActiveCfg = Ad-Hoc|iPhone
		{C5728545-1EB4-4E54-AF4C-BA16A12A7B47}.AppStore|Any CPU.ActiveCfg = AppStore|iPhone
		{C5728545-1EB4-4E54-AF4C-BA16A12A7B47}.AppStore|ARM.ActiveCfg = AppStore|iPhone
		{C5728545-1EB4-4E54-AF4C-BA16A12A7B47}.AppStore|iPhone.ActiveCfg = AppStore|iPhone
		{C5728545-1EB4-4E54-AF4C-BA16A12A7B47}.AppStore|iPhone.Build.0 = AppStore|iPhone
		{C5728545-1EB4-4E54-AF4C-BA16A12A7B47}.AppStore|iPhoneSimulator.ActiveCfg = AppStore|iPhoneSimulator
		{C5728545-1EB4-4E54-AF4C-BA16A12A7B47}.AppStore|iPhoneSimulator.Build.0 = AppStore|iPhoneSimulator
		{C5728545-1EB4-4E54-AF4C-BA16A12A7B47}.AppStore|x64.ActiveCfg = AppStore|iPhone
		{C5728545-1EB4-4E54-AF4C-BA16A12A7B47}.AppStore|x86.ActiveCfg = AppStore|iPhone
		{C5728545-1EB4-4E54-AF4C-BA16A12A7B47}.Debug|Any CPU.ActiveCfg = Debug|iPhone
		{C5728545-1EB4-4E54-AF4C-BA16A12A7B47}.Debug|ARM.ActiveCfg = Debug|iPhone
		{C5728545-1EB4-4E54-AF4C-BA16A12A7B47}.Debug|iPhone.ActiveCfg = Debug|iPhone
		{C5728545-1EB4-4E54-AF4C-BA16A12A7B47}.Debug|iPhone.Build.0 = Debug|iPhone
		{C5728545-1EB4-4E54-AF4C-BA16A12A7B47}.Debug|iPhoneSimulator.ActiveCfg = Debug|iPhoneSimulator
		{C5728545-1EB4-4E54-AF4C-BA16A12A7B47}.Debug|iPhoneSimulator.Build.0 = Debug|iPhoneSimulator
		{C5728545-1EB4-4E54-AF4C-BA16A12A7B47}.Debug|x64.ActiveCfg = Debug|iPhone
		{C5728545-1EB4-4E54-AF4C-BA16A12A7B47}.Debug|x86.ActiveCfg = Debug|iPhone
		{C5728545-1EB4-4E54-AF4C-BA16A12A7B47}.Release|Any CPU.ActiveCfg = Release|iPhone
		{C5728545-1EB4-4E54-AF4C-BA16A12A7B47}.Release|ARM.ActiveCfg = Release|iPhone
		{C5728545-1EB4-4E54-AF4C-BA16A12A7B47}.Release|iPhone.ActiveCfg = Release|iPhone
		{C5728545-1EB4-4E54-AF4C-BA16A12A7B47}.Release|iPhone.Build.0 = Release|iPhone
		{C5728545-1EB4-4E54-AF4C-BA16A12A7B47}.Release|iPhoneSimulator.ActiveCfg = Release|iPhoneSimulator
		{C5728545-1EB4-4E54-AF4C-BA16A12A7B47}.Release|iPhoneSimulator.Build.0 = Release|iPhoneSimulator
		{C5728545-1EB4-4E54-AF4C-BA16A12A7B47}.Release|x64.ActiveCfg = Release|iPhone
		{C5728545-1EB4-4E54-AF4C-BA16A12A7B47}.Release|x86.ActiveCfg = Release|iPhone
		{57C7550F-727F-4C1A-913C-705A53D6BC7C}.Ad-Hoc|Any CPU.ActiveCfg = Release|x86
		{57C7550F-727F-4C1A-913C-705A53D6BC7C}.Ad-Hoc|Any CPU.Build.0 = Release|x86
		{57C7550F-727F-4C1A-913C-705A53D6BC7C}.Ad-Hoc|Any CPU.Deploy.0 = Release|x86
		{57C7550F-727F-4C1A-913C-705A53D6BC7C}.Ad-Hoc|ARM.ActiveCfg = Release|ARM
		{57C7550F-727F-4C1A-913C-705A53D6BC7C}.Ad-Hoc|ARM.Build.0 = Release|ARM
		{57C7550F-727F-4C1A-913C-705A53D6BC7C}.Ad-Hoc|ARM.Deploy.0 = Release|ARM
		{57C7550F-727F-4C1A-913C-705A53D6BC7C}.Ad-Hoc|iPhone.ActiveCfg = Release|x86
		{57C7550F-727F-4C1A-913C-705A53D6BC7C}.Ad-Hoc|iPhone.Build.0 = Release|x86
		{57C7550F-727F-4C1A-913C-705A53D6BC7C}.Ad-Hoc|iPhone.Deploy.0 = Release|x86
		{57C7550F-727F-4C1A-913C-705A53D6BC7C}.Ad-Hoc|iPhoneSimulator.ActiveCfg = Release|x86
		{57C7550F-727F-4C1A-913C-705A53D6BC7C}.Ad-Hoc|iPhoneSimulator.Build.0 = Release|x86
		{57C7550F-727F-4C1A-913C-705A53D6BC7C}.Ad-Hoc|iPhoneSimulator.Deploy.0 = Release|x86
		{57C7550F-727F-4C1A-913C-705A53D6BC7C}.Ad-Hoc|x64.ActiveCfg = Release|x64
		{57C7550F-727F-4C1A-913C-705A53D6BC7C}.Ad-Hoc|x64.Build.0 = Release|x64
		{57C7550F-727F-4C1A-913C-705A53D6BC7C}.Ad-Hoc|x64.Deploy.0 = Release|x64
		{57C7550F-727F-4C1A-913C-705A53D6BC7C}.Ad-Hoc|x86.ActiveCfg = Release|x86
		{57C7550F-727F-4C1A-913C-705A53D6BC7C}.Ad-Hoc|x86.Build.0 = Release|x86
		{57C7550F-727F-4C1A-913C-705A53D6BC7C}.Ad-Hoc|x86.Deploy.0 = Release|x86
		{57C7550F-727F-4C1A-913C-705A53D6BC7C}.AppStore|Any CPU.ActiveCfg = Release|x86
		{57C7550F-727F-4C1A-913C-705A53D6BC7C}.AppStore|Any CPU.Build.0 = Release|x86
		{57C7550F-727F-4C1A-913C-705A53D6BC7C}.AppStore|Any CPU.Deploy.0 = Release|x86
		{57C7550F-727F-4C1A-913C-705A53D6BC7C}.AppStore|ARM.ActiveCfg = Release|ARM
		{57C7550F-727F-4C1A-913C-705A53D6BC7C}.AppStore|ARM.Build.0 = Release|ARM
		{57C7550F-727F-4C1A-913C-705A53D6BC7C}.AppStore|ARM.Deploy.0 = Release|ARM
		{57C7550F-727F-4C1A-913C-705A53D6BC7C}.AppStore|iPhone.ActiveCfg = Release|x86
		{57C7550F-727F-4C1A-913C-705A53D6BC7C}.AppStore|iPhone.Build.0 = Release|x86
		{57C7550F-727F-4C1A-913C-705A53D6BC7C}.AppStore|iPhone.Deploy.0 = Release|x86
		{57C7550F-727F-4C1A-913C-705A53D6BC7C}.AppStore|iPhoneSimulator.ActiveCfg = Release|x86
		{57C7550F-727F-4C1A-913C-705A53D6BC7C}.AppStore|iPhoneSimulator.Build.0 = Release|x86
		{57C7550F-727F-4C1A-913C-705A53D6BC7C}.AppStore|iPhoneSimulator.Deploy.0 = Release|x86
		{57C7550F-727F-4C1A-913C-705A53D6BC7C}.AppStore|x64.ActiveCfg = Release|x64
		{57C7550F-727F-4C1A-913C-705A53D6BC7C}.AppStore|x64.Build.0 = Release|x64
		{57C7550F-727F-4C1A-913C-705A53D6BC7C}.AppStore|x64.Deploy.0 = Release|x64
		{57C7550F-727F-4C1A-913C-705A53D6BC7C}.AppStore|x86.ActiveCfg = Release|x86
		{57C7550F-727F-4C1A-913C-705A53D6BC7C}.AppStore|x86.Build.0 = Release|x86
		{57C7550F-727F-4C1A-913C-705A53D6BC7C}.AppStore|x86.Deploy.0 = Release|x86
		{57C7550F-727F-4C1A-913C-705A53D6BC7C}.Debug|Any CPU.ActiveCfg = Debug|x86
		{57C7550F-727F-4C1A-913C-705A53D6BC7C}.Debug|ARM.ActiveCfg = Debug|ARM
		{57C7550F-727F-4C1A-913C-705A53D6BC7C}.Debug|ARM.Build.0 = Debug|ARM
		{57C7550F-727F-4C1A-913C-705A53D6BC7C}.Debug|ARM.Deploy.0 = Debug|ARM
		{57C7550F-727F-4C1A-913C-705A53D6BC7C}.Debug|iPhone.ActiveCfg = Debug|x86
		{57C7550F-727F-4C1A-913C-705A53D6BC7C}.Debug|iPhoneSimulator.ActiveCfg = Debug|x86
		{57C7550F-727F-4C1A-913C-705A53D6BC7C}.Debug|x64.ActiveCfg = Debug|x64
		{57C7550F-727F-4C1A-913C-705A53D6BC7C}.Debug|x64.Build.0 = Debug|x64
		{57C7550F-727F-4C1A-913C-705A53D6BC7C}.Debug|x64.Deploy.0 = Debug|x64
		{57C7550F-727F-4C1A-913C-705A53D6BC7C}.Debug|x86.ActiveCfg = Debug|x86
		{57C7550F-727F-4C1A-913C-705A53D6BC7C}.Debug|x86.Build.0 = Debug|x86
		{57C7550F-727F-4C1A-913C-705A53D6BC7C}.Debug|x86.Deploy.0 = Debug|x86
		{57C7550F-727F-4C1A-913C-705A53D6BC7C}.Release|Any CPU.ActiveCfg = Release|x86
		{57C7550F-727F-4C1A-913C-705A53D6BC7C}.Release|ARM.ActiveCfg = Release|ARM
		{57C7550F-727F-4C1A-913C-705A53D6BC7C}.Release|ARM.Build.0 = Release|ARM
		{57C7550F-727F-4C1A-913C-705A53D6BC7C}.Release|ARM.Deploy.0 = Release|ARM
		{57C7550F-727F-4C1A-913C-705A53D6BC7C}.Release|iPhone.ActiveCfg = Release|x86
		{57C7550F-727F-4C1A-913C-705A53D6BC7C}.Release|iPhoneSimulator.ActiveCfg = Release|x86
		{57C7550F-727F-4C1A-913C-705A53D6BC7C}.Release|x64.ActiveCfg = Release|x64
		{57C7550F-727F-4C1A-913C-705A53D6BC7C}.Release|x64.Build.0 = Release|x64
		{57C7550F-727F-4C1A-913C-705A53D6BC7C}.Release|x64.Deploy.0 = Release|x64
		{57C7550F-727F-4C1A-913C-705A53D6BC7C}.Release|x86.ActiveCfg = Release|x86
		{57C7550F-727F-4C1A-913C-705A53D6BC7C}.Release|x86.Build.0 = Release|x86
		{57C7550F-727F-4C1A-913C-705A53D6BC7C}.Release|x86.Deploy.0 = Release|x86
		{E81C7CFD-C7C4-4549-A0A6-5EE1F637832A}.Ad-Hoc|Any CPU.ActiveCfg = Debug|Any CPU
		{E81C7CFD-C7C4-4549-A0A6-5EE1F637832A}.Ad-Hoc|Any CPU.Build.0 = Debug|Any CPU
		{E81C7CFD-C7C4-4549-A0A6-5EE1F637832A}.Ad-Hoc|ARM.ActiveCfg = Debug|Any CPU
		{E81C7CFD-C7C4-4549-A0A6-5EE1F637832A}.Ad-Hoc|ARM.Build.0 = Debug|Any CPU
		{E81C7CFD-C7C4-4549-A0A6-5EE1F637832A}.Ad-Hoc|iPhone.ActiveCfg = Debug|Any CPU
		{E81C7CFD-C7C4-4549-A0A6-5EE1F637832A}.Ad-Hoc|iPhone.Build.0 = Debug|Any CPU
		{E81C7CFD-C7C4-4549-A0A6-5EE1F637832A}.Ad-Hoc|iPhoneSimulator.ActiveCfg = Debug|Any CPU
		{E81C7CFD-C7C4-4549-A0A6-5EE1F637832A}.Ad-Hoc|iPhoneSimulator.Build.0 = Debug|Any CPU
		{E81C7CFD-C7C4-4549-A0A6-5EE1F637832A}.Ad-Hoc|x64.ActiveCfg = Debug|Any CPU
		{E81C7CFD-C7C4-4549-A0A6-5EE1F637832A}.Ad-Hoc|x64.Build.0 = Debug|Any CPU
		{E81C7CFD-C7C4-4549-A0A6-5EE1F637832A}.Ad-Hoc|x86.ActiveCfg = Debug|Any CPU
		{E81C7CFD-C7C4-4549-A0A6-5EE1F637832A}.Ad-Hoc|x86.Build.0 = Debug|Any CPU
		{E81C7CFD-C7C4-4549-A0A6-5EE1F637832A}.AppStore|Any CPU.ActiveCfg = Debug|Any CPU
		{E81C7CFD-C7C4-4549-A0A6-5EE1F637832A}.AppStore|Any CPU.Build.0 = Debug|Any CPU
		{E81C7CFD-C7C4-4549-A0A6-5EE1F637832A}.AppStore|ARM.ActiveCfg = Debug|Any CPU
		{E81C7CFD-C7C4-4549-A0A6-5EE1F637832A}.AppStore|ARM.Build.0 = Debug|Any CPU
		{E81C7CFD-C7C4-4549-A0A6-5EE1F637832A}.AppStore|iPhone.ActiveCfg = Debug|Any CPU
		{E81C7CFD-C7C4-4549-A0A6-5EE1F637832A}.AppStore|iPhone.Build.0 = Debug|Any CPU
		{E81C7CFD-C7C4-4549-A0A6-5EE1F637832A}.AppStore|iPhoneSimulator.ActiveCfg = Debug|Any CPU
		{E81C7CFD-C7C4-4549-A0A6-5EE1F637832A}.AppStore|iPhoneSimulator.Build.0 = Debug|Any CPU
		{E81C7CFD-C7C4-4549-A0A6-5EE1F637832A}.AppStore|x64.ActiveCfg = Debug|Any CPU
		{E81C7CFD-C7C4-4549-A0A6-5EE1F637832A}.AppStore|x64.Build.0 = Debug|Any CPU
		{E81C7CFD-C7C4-4549-A0A6-5EE1F637832A}.AppStore|x86.ActiveCfg = Debug|Any CPU
		{E81C7CFD-C7C4-4549-A0A6-5EE1F637832A}.AppStore|x86.Build.0 = Debug|Any CPU
		{E81C7CFD-C7C4-4549-A0A6-5EE1F637832A}.Debug|Any CPU.ActiveCfg = Debug|Any CPU
		{E81C7CFD-C7C4-4549-A0A6-5EE1F637832A}.Debug|Any CPU.Build.0 = Debug|Any CPU
		{E81C7CFD-C7C4-4549-A0A6-5EE1F637832A}.Debug|ARM.ActiveCfg = Debug|Any CPU
		{E81C7CFD-C7C4-4549-A0A6-5EE1F637832A}.Debug|ARM.Build.0 = Debug|Any CPU
		{E81C7CFD-C7C4-4549-A0A6-5EE1F637832A}.Debug|iPhone.ActiveCfg = Debug|Any CPU
		{E81C7CFD-C7C4-4549-A0A6-5EE1F637832A}.Debug|iPhone.Build.0 = Debug|Any CPU
		{E81C7CFD-C7C4-4549-A0A6-5EE1F637832A}.Debug|iPhoneSimulator.ActiveCfg = Debug|Any CPU
		{E81C7CFD-C7C4-4549-A0A6-5EE1F637832A}.Debug|iPhoneSimulator.Build.0 = Debug|Any CPU
		{E81C7CFD-C7C4-4549-A0A6-5EE1F637832A}.Debug|x64.ActiveCfg = Debug|Any CPU
		{E81C7CFD-C7C4-4549-A0A6-5EE1F637832A}.Debug|x64.Build.0 = Debug|Any CPU
		{E81C7CFD-C7C4-4549-A0A6-5EE1F637832A}.Debug|x86.ActiveCfg = Debug|Any CPU
		{E81C7CFD-C7C4-4549-A0A6-5EE1F637832A}.Debug|x86.Build.0 = Debug|Any CPU
		{E81C7CFD-C7C4-4549-A0A6-5EE1F637832A}.Release|Any CPU.ActiveCfg = Release|Any CPU
		{E81C7CFD-C7C4-4549-A0A6-5EE1F637832A}.Release|Any CPU.Build.0 = Release|Any CPU
		{E81C7CFD-C7C4-4549-A0A6-5EE1F637832A}.Release|ARM.ActiveCfg = Release|Any CPU
		{E81C7CFD-C7C4-4549-A0A6-5EE1F637832A}.Release|ARM.Build.0 = Release|Any CPU
		{E81C7CFD-C7C4-4549-A0A6-5EE1F637832A}.Release|iPhone.ActiveCfg = Release|Any CPU
		{E81C7CFD-C7C4-4549-A0A6-5EE1F637832A}.Release|iPhone.Build.0 = Release|Any CPU
		{E81C7CFD-C7C4-4549-A0A6-5EE1F637832A}.Release|iPhoneSimulator.ActiveCfg = Release|Any CPU
		{E81C7CFD-C7C4-4549-A0A6-5EE1F637832A}.Release|iPhoneSimulator.Build.0 = Release|Any CPU
		{E81C7CFD-C7C4-4549-A0A6-5EE1F637832A}.Release|x64.ActiveCfg = Release|Any CPU
		{E81C7CFD-C7C4-4549-A0A6-5EE1F637832A}.Release|x64.Build.0 = Release|Any CPU
		{E81C7CFD-C7C4-4549-A0A6-5EE1F637832A}.Release|x86.ActiveCfg = Release|Any CPU
		{E81C7CFD-C7C4-4549-A0A6-5EE1F637832A}.Release|x86.Build.0 = Release|Any CPU
		{B5B8D479-B630-490E-ACD2-A4EE2D4237C0}.Ad-Hoc|Any CPU.ActiveCfg = Debug|Any CPU
		{B5B8D479-B630-490E-ACD2-A4EE2D4237C0}.Ad-Hoc|Any CPU.Build.0 = Debug|Any CPU
		{B5B8D479-B630-490E-ACD2-A4EE2D4237C0}.Ad-Hoc|ARM.ActiveCfg = Debug|Any CPU
		{B5B8D479-B630-490E-ACD2-A4EE2D4237C0}.Ad-Hoc|ARM.Build.0 = Debug|Any CPU
		{B5B8D479-B630-490E-ACD2-A4EE2D4237C0}.Ad-Hoc|iPhone.ActiveCfg = Debug|Any CPU
		{B5B8D479-B630-490E-ACD2-A4EE2D4237C0}.Ad-Hoc|iPhone.Build.0 = Debug|Any CPU
		{B5B8D479-B630-490E-ACD2-A4EE2D4237C0}.Ad-Hoc|iPhoneSimulator.ActiveCfg = Debug|Any CPU
		{B5B8D479-B630-490E-ACD2-A4EE2D4237C0}.Ad-Hoc|iPhoneSimulator.Build.0 = Debug|Any CPU
		{B5B8D479-B630-490E-ACD2-A4EE2D4237C0}.Ad-Hoc|x64.ActiveCfg = Debug|Any CPU
		{B5B8D479-B630-490E-ACD2-A4EE2D4237C0}.Ad-Hoc|x64.Build.0 = Debug|Any CPU
		{B5B8D479-B630-490E-ACD2-A4EE2D4237C0}.Ad-Hoc|x86.ActiveCfg = Debug|Any CPU
		{B5B8D479-B630-490E-ACD2-A4EE2D4237C0}.Ad-Hoc|x86.Build.0 = Debug|Any CPU
		{B5B8D479-B630-490E-ACD2-A4EE2D4237C0}.AppStore|Any CPU.ActiveCfg = Debug|Any CPU
		{B5B8D479-B630-490E-ACD2-A4EE2D4237C0}.AppStore|Any CPU.Build.0 = Debug|Any CPU
		{B5B8D479-B630-490E-ACD2-A4EE2D4237C0}.AppStore|ARM.ActiveCfg = Debug|Any CPU
		{B5B8D479-B630-490E-ACD2-A4EE2D4237C0}.AppStore|ARM.Build.0 = Debug|Any CPU
		{B5B8D479-B630-490E-ACD2-A4EE2D4237C0}.AppStore|iPhone.ActiveCfg = Debug|Any CPU
		{B5B8D479-B630-490E-ACD2-A4EE2D4237C0}.AppStore|iPhone.Build.0 = Debug|Any CPU
		{B5B8D479-B630-490E-ACD2-A4EE2D4237C0}.AppStore|iPhoneSimulator.ActiveCfg = Debug|Any CPU
		{B5B8D479-B630-490E-ACD2-A4EE2D4237C0}.AppStore|iPhoneSimulator.Build.0 = Debug|Any CPU
		{B5B8D479-B630-490E-ACD2-A4EE2D4237C0}.AppStore|x64.ActiveCfg = Debug|Any CPU
		{B5B8D479-B630-490E-ACD2-A4EE2D4237C0}.AppStore|x64.Build.0 = Debug|Any CPU
		{B5B8D479-B630-490E-ACD2-A4EE2D4237C0}.AppStore|x86.ActiveCfg = Debug|Any CPU
		{B5B8D479-B630-490E-ACD2-A4EE2D4237C0}.AppStore|x86.Build.0 = Debug|Any CPU
		{B5B8D479-B630-490E-ACD2-A4EE2D4237C0}.Debug|Any CPU.ActiveCfg = Debug|Any CPU
		{B5B8D479-B630-490E-ACD2-A4EE2D4237C0}.Debug|Any CPU.Build.0 = Debug|Any CPU
		{B5B8D479-B630-490E-ACD2-A4EE2D4237C0}.Debug|ARM.ActiveCfg = Debug|Any CPU
		{B5B8D479-B630-490E-ACD2-A4EE2D4237C0}.Debug|ARM.Build.0 = Debug|Any CPU
		{B5B8D479-B630-490E-ACD2-A4EE2D4237C0}.Debug|iPhone.ActiveCfg = Debug|Any CPU
		{B5B8D479-B630-490E-ACD2-A4EE2D4237C0}.Debug|iPhone.Build.0 = Debug|Any CPU
		{B5B8D479-B630-490E-ACD2-A4EE2D4237C0}.Debug|iPhoneSimulator.ActiveCfg = Debug|Any CPU
		{B5B8D479-B630-490E-ACD2-A4EE2D4237C0}.Debug|iPhoneSimulator.Build.0 = Debug|Any CPU
		{B5B8D479-B630-490E-ACD2-A4EE2D4237C0}.Debug|x64.ActiveCfg = Debug|Any CPU
		{B5B8D479-B630-490E-ACD2-A4EE2D4237C0}.Debug|x64.Build.0 = Debug|Any CPU
		{B5B8D479-B630-490E-ACD2-A4EE2D4237C0}.Debug|x86.ActiveCfg = Debug|Any CPU
		{B5B8D479-B630-490E-ACD2-A4EE2D4237C0}.Debug|x86.Build.0 = Debug|Any CPU
		{B5B8D479-B630-490E-ACD2-A4EE2D4237C0}.Release|Any CPU.ActiveCfg = Release|Any CPU
		{B5B8D479-B630-490E-ACD2-A4EE2D4237C0}.Release|Any CPU.Build.0 = Release|Any CPU
		{B5B8D479-B630-490E-ACD2-A4EE2D4237C0}.Release|ARM.ActiveCfg = Release|Any CPU
		{B5B8D479-B630-490E-ACD2-A4EE2D4237C0}.Release|ARM.Build.0 = Release|Any CPU
		{B5B8D479-B630-490E-ACD2-A4EE2D4237C0}.Release|iPhone.ActiveCfg = Release|Any CPU
		{B5B8D479-B630-490E-ACD2-A4EE2D4237C0}.Release|iPhone.Build.0 = Release|Any CPU
		{B5B8D479-B630-490E-ACD2-A4EE2D4237C0}.Release|iPhoneSimulator.ActiveCfg = Release|Any CPU
		{B5B8D479-B630-490E-ACD2-A4EE2D4237C0}.Release|iPhoneSimulator.Build.0 = Release|Any CPU
		{B5B8D479-B630-490E-ACD2-A4EE2D4237C0}.Release|x64.ActiveCfg = Release|Any CPU
		{B5B8D479-B630-490E-ACD2-A4EE2D4237C0}.Release|x64.Build.0 = Release|Any CPU
		{B5B8D479-B630-490E-ACD2-A4EE2D4237C0}.Release|x86.ActiveCfg = Release|Any CPU
		{B5B8D479-B630-490E-ACD2-A4EE2D4237C0}.Release|x86.Build.0 = Release|Any CPU
		{9BD1EDF3-388D-4D0E-91A4-3E66C1C38F2E}.Ad-Hoc|Any CPU.ActiveCfg = Debug|Any CPU
		{9BD1EDF3-388D-4D0E-91A4-3E66C1C38F2E}.Ad-Hoc|Any CPU.Build.0 = Debug|Any CPU
		{9BD1EDF3-388D-4D0E-91A4-3E66C1C38F2E}.Ad-Hoc|ARM.ActiveCfg = Debug|Any CPU
		{9BD1EDF3-388D-4D0E-91A4-3E66C1C38F2E}.Ad-Hoc|ARM.Build.0 = Debug|Any CPU
		{9BD1EDF3-388D-4D0E-91A4-3E66C1C38F2E}.Ad-Hoc|iPhone.ActiveCfg = Debug|Any CPU
		{9BD1EDF3-388D-4D0E-91A4-3E66C1C38F2E}.Ad-Hoc|iPhone.Build.0 = Debug|Any CPU
		{9BD1EDF3-388D-4D0E-91A4-3E66C1C38F2E}.Ad-Hoc|iPhoneSimulator.ActiveCfg = Debug|Any CPU
		{9BD1EDF3-388D-4D0E-91A4-3E66C1C38F2E}.Ad-Hoc|iPhoneSimulator.Build.0 = Debug|Any CPU
		{9BD1EDF3-388D-4D0E-91A4-3E66C1C38F2E}.Ad-Hoc|x64.ActiveCfg = Debug|Any CPU
		{9BD1EDF3-388D-4D0E-91A4-3E66C1C38F2E}.Ad-Hoc|x64.Build.0 = Debug|Any CPU
		{9BD1EDF3-388D-4D0E-91A4-3E66C1C38F2E}.Ad-Hoc|x86.ActiveCfg = Debug|Any CPU
		{9BD1EDF3-388D-4D0E-91A4-3E66C1C38F2E}.Ad-Hoc|x86.Build.0 = Debug|Any CPU
		{9BD1EDF3-388D-4D0E-91A4-3E66C1C38F2E}.AppStore|Any CPU.ActiveCfg = Debug|Any CPU
		{9BD1EDF3-388D-4D0E-91A4-3E66C1C38F2E}.AppStore|Any CPU.Build.0 = Debug|Any CPU
		{9BD1EDF3-388D-4D0E-91A4-3E66C1C38F2E}.AppStore|ARM.ActiveCfg = Debug|Any CPU
		{9BD1EDF3-388D-4D0E-91A4-3E66C1C38F2E}.AppStore|ARM.Build.0 = Debug|Any CPU
		{9BD1EDF3-388D-4D0E-91A4-3E66C1C38F2E}.AppStore|iPhone.ActiveCfg = Debug|Any CPU
		{9BD1EDF3-388D-4D0E-91A4-3E66C1C38F2E}.AppStore|iPhone.Build.0 = Debug|Any CPU
		{9BD1EDF3-388D-4D0E-91A4-3E66C1C38F2E}.AppStore|iPhoneSimulator.ActiveCfg = Debug|Any CPU
		{9BD1EDF3-388D-4D0E-91A4-3E66C1C38F2E}.AppStore|iPhoneSimulator.Build.0 = Debug|Any CPU
		{9BD1EDF3-388D-4D0E-91A4-3E66C1C38F2E}.AppStore|x64.ActiveCfg = Debug|Any CPU
		{9BD1EDF3-388D-4D0E-91A4-3E66C1C38F2E}.AppStore|x64.Build.0 = Debug|Any CPU
		{9BD1EDF3-388D-4D0E-91A4-3E66C1C38F2E}.AppStore|x86.ActiveCfg = Debug|Any CPU
		{9BD1EDF3-388D-4D0E-91A4-3E66C1C38F2E}.AppStore|x86.Build.0 = Debug|Any CPU
		{9BD1EDF3-388D-4D0E-91A4-3E66C1C38F2E}.Debug|Any CPU.ActiveCfg = Debug|Any CPU
		{9BD1EDF3-388D-4D0E-91A4-3E66C1C38F2E}.Debug|Any CPU.Build.0 = Debug|Any CPU
		{9BD1EDF3-388D-4D0E-91A4-3E66C1C38F2E}.Debug|ARM.ActiveCfg = Debug|Any CPU
		{9BD1EDF3-388D-4D0E-91A4-3E66C1C38F2E}.Debug|ARM.Build.0 = Debug|Any CPU
		{9BD1EDF3-388D-4D0E-91A4-3E66C1C38F2E}.Debug|iPhone.ActiveCfg = Debug|Any CPU
		{9BD1EDF3-388D-4D0E-91A4-3E66C1C38F2E}.Debug|iPhone.Build.0 = Debug|Any CPU
		{9BD1EDF3-388D-4D0E-91A4-3E66C1C38F2E}.Debug|iPhoneSimulator.ActiveCfg = Debug|Any CPU
		{9BD1EDF3-388D-4D0E-91A4-3E66C1C38F2E}.Debug|iPhoneSimulator.Build.0 = Debug|Any CPU
		{9BD1EDF3-388D-4D0E-91A4-3E66C1C38F2E}.Debug|x64.ActiveCfg = Debug|Any CPU
		{9BD1EDF3-388D-4D0E-91A4-3E66C1C38F2E}.Debug|x64.Build.0 = Debug|Any CPU
		{9BD1EDF3-388D-4D0E-91A4-3E66C1C38F2E}.Debug|x86.ActiveCfg = Debug|Any CPU
		{9BD1EDF3-388D-4D0E-91A4-3E66C1C38F2E}.Debug|x86.Build.0 = Debug|Any CPU
		{9BD1EDF3-388D-4D0E-91A4-3E66C1C38F2E}.Release|Any CPU.ActiveCfg = Release|Any CPU
		{9BD1EDF3-388D-4D0E-91A4-3E66C1C38F2E}.Release|Any CPU.Build.0 = Release|Any CPU
		{9BD1EDF3-388D-4D0E-91A4-3E66C1C38F2E}.Release|ARM.ActiveCfg = Release|Any CPU
		{9BD1EDF3-388D-4D0E-91A4-3E66C1C38F2E}.Release|ARM.Build.0 = Release|Any CPU
		{9BD1EDF3-388D-4D0E-91A4-3E66C1C38F2E}.Release|iPhone.ActiveCfg = Release|Any CPU
		{9BD1EDF3-388D-4D0E-91A4-3E66C1C38F2E}.Release|iPhone.Build.0 = Release|Any CPU
		{9BD1EDF3-388D-4D0E-91A4-3E66C1C38F2E}.Release|iPhoneSimulator.ActiveCfg = Release|Any CPU
		{9BD1EDF3-388D-4D0E-91A4-3E66C1C38F2E}.Release|iPhoneSimulator.Build.0 = Release|Any CPU
		{9BD1EDF3-388D-4D0E-91A4-3E66C1C38F2E}.Release|x64.ActiveCfg = Release|Any CPU
		{9BD1EDF3-388D-4D0E-91A4-3E66C1C38F2E}.Release|x64.Build.0 = Release|Any CPU
		{9BD1EDF3-388D-4D0E-91A4-3E66C1C38F2E}.Release|x86.ActiveCfg = Release|Any CPU
		{9BD1EDF3-388D-4D0E-91A4-3E66C1C38F2E}.Release|x86.Build.0 = Release|Any CPU
		{DC80E44E-401F-4E5F-8759-A5959E724DA9}.Ad-Hoc|Any CPU.ActiveCfg = Debug|Any CPU
		{DC80E44E-401F-4E5F-8759-A5959E724DA9}.Ad-Hoc|Any CPU.Build.0 = Debug|Any CPU
		{DC80E44E-401F-4E5F-8759-A5959E724DA9}.Ad-Hoc|ARM.ActiveCfg = Debug|Any CPU
		{DC80E44E-401F-4E5F-8759-A5959E724DA9}.Ad-Hoc|ARM.Build.0 = Debug|Any CPU
		{DC80E44E-401F-4E5F-8759-A5959E724DA9}.Ad-Hoc|iPhone.ActiveCfg = Debug|Any CPU
		{DC80E44E-401F-4E5F-8759-A5959E724DA9}.Ad-Hoc|iPhone.Build.0 = Debug|Any CPU
		{DC80E44E-401F-4E5F-8759-A5959E724DA9}.Ad-Hoc|iPhoneSimulator.ActiveCfg = Debug|Any CPU
		{DC80E44E-401F-4E5F-8759-A5959E724DA9}.Ad-Hoc|iPhoneSimulator.Build.0 = Debug|Any CPU
		{DC80E44E-401F-4E5F-8759-A5959E724DA9}.Ad-Hoc|x64.ActiveCfg = Debug|Any CPU
		{DC80E44E-401F-4E5F-8759-A5959E724DA9}.Ad-Hoc|x64.Build.0 = Debug|Any CPU
		{DC80E44E-401F-4E5F-8759-A5959E724DA9}.Ad-Hoc|x86.ActiveCfg = Debug|Any CPU
		{DC80E44E-401F-4E5F-8759-A5959E724DA9}.Ad-Hoc|x86.Build.0 = Debug|Any CPU
		{DC80E44E-401F-4E5F-8759-A5959E724DA9}.AppStore|Any CPU.ActiveCfg = Debug|Any CPU
		{DC80E44E-401F-4E5F-8759-A5959E724DA9}.AppStore|Any CPU.Build.0 = Debug|Any CPU
		{DC80E44E-401F-4E5F-8759-A5959E724DA9}.AppStore|ARM.ActiveCfg = Debug|Any CPU
		{DC80E44E-401F-4E5F-8759-A5959E724DA9}.AppStore|ARM.Build.0 = Debug|Any CPU
		{DC80E44E-401F-4E5F-8759-A5959E724DA9}.AppStore|iPhone.ActiveCfg = Debug|Any CPU
		{DC80E44E-401F-4E5F-8759-A5959E724DA9}.AppStore|iPhone.Build.0 = Debug|Any CPU
		{DC80E44E-401F-4E5F-8759-A5959E724DA9}.AppStore|iPhoneSimulator.ActiveCfg = Debug|Any CPU
		{DC80E44E-401F-4E5F-8759-A5959E724DA9}.AppStore|iPhoneSimulator.Build.0 = Debug|Any CPU
		{DC80E44E-401F-4E5F-8759-A5959E724DA9}.AppStore|x64.ActiveCfg = Debug|Any CPU
		{DC80E44E-401F-4E5F-8759-A5959E724DA9}.AppStore|x64.Build.0 = Debug|Any CPU
		{DC80E44E-401F-4E5F-8759-A5959E724DA9}.AppStore|x86.ActiveCfg = Debug|Any CPU
		{DC80E44E-401F-4E5F-8759-A5959E724DA9}.AppStore|x86.Build.0 = Debug|Any CPU
		{DC80E44E-401F-4E5F-8759-A5959E724DA9}.Debug|Any CPU.ActiveCfg = Debug|Any CPU
		{DC80E44E-401F-4E5F-8759-A5959E724DA9}.Debug|Any CPU.Build.0 = Debug|Any CPU
		{DC80E44E-401F-4E5F-8759-A5959E724DA9}.Debug|ARM.ActiveCfg = Debug|Any CPU
		{DC80E44E-401F-4E5F-8759-A5959E724DA9}.Debug|ARM.Build.0 = Debug|Any CPU
		{DC80E44E-401F-4E5F-8759-A5959E724DA9}.Debug|iPhone.ActiveCfg = Debug|Any CPU
		{DC80E44E-401F-4E5F-8759-A5959E724DA9}.Debug|iPhone.Build.0 = Debug|Any CPU
		{DC80E44E-401F-4E5F-8759-A5959E724DA9}.Debug|iPhoneSimulator.ActiveCfg = Debug|Any CPU
		{DC80E44E-401F-4E5F-8759-A5959E724DA9}.Debug|iPhoneSimulator.Build.0 = Debug|Any CPU
		{DC80E44E-401F-4E5F-8759-A5959E724DA9}.Debug|x64.ActiveCfg = Debug|Any CPU
		{DC80E44E-401F-4E5F-8759-A5959E724DA9}.Debug|x64.Build.0 = Debug|Any CPU
		{DC80E44E-401F-4E5F-8759-A5959E724DA9}.Debug|x86.ActiveCfg = Debug|Any CPU
		{DC80E44E-401F-4E5F-8759-A5959E724DA9}.Debug|x86.Build.0 = Debug|Any CPU
		{DC80E44E-401F-4E5F-8759-A5959E724DA9}.Release|Any CPU.ActiveCfg = Release|Any CPU
		{DC80E44E-401F-4E5F-8759-A5959E724DA9}.Release|Any CPU.Build.0 = Release|Any CPU
		{DC80E44E-401F-4E5F-8759-A5959E724DA9}.Release|ARM.ActiveCfg = Release|Any CPU
		{DC80E44E-401F-4E5F-8759-A5959E724DA9}.Release|ARM.Build.0 = Release|Any CPU
		{DC80E44E-401F-4E5F-8759-A5959E724DA9}.Release|iPhone.ActiveCfg = Release|Any CPU
		{DC80E44E-401F-4E5F-8759-A5959E724DA9}.Release|iPhone.Build.0 = Release|Any CPU
		{DC80E44E-401F-4E5F-8759-A5959E724DA9}.Release|iPhoneSimulator.ActiveCfg = Release|Any CPU
		{DC80E44E-401F-4E5F-8759-A5959E724DA9}.Release|iPhoneSimulator.Build.0 = Release|Any CPU
		{DC80E44E-401F-4E5F-8759-A5959E724DA9}.Release|x64.ActiveCfg = Release|Any CPU
		{DC80E44E-401F-4E5F-8759-A5959E724DA9}.Release|x64.Build.0 = Release|Any CPU
		{DC80E44E-401F-4E5F-8759-A5959E724DA9}.Release|x86.ActiveCfg = Release|Any CPU
		{DC80E44E-401F-4E5F-8759-A5959E724DA9}.Release|x86.Build.0 = Release|Any CPU
		{537123CB-5CEE-4070-99FC-A1D77E393067}.Ad-Hoc|Any CPU.ActiveCfg = Debug|Any CPU
		{537123CB-5CEE-4070-99FC-A1D77E393067}.Ad-Hoc|Any CPU.Build.0 = Debug|Any CPU
		{537123CB-5CEE-4070-99FC-A1D77E393067}.Ad-Hoc|ARM.ActiveCfg = Debug|Any CPU
		{537123CB-5CEE-4070-99FC-A1D77E393067}.Ad-Hoc|ARM.Build.0 = Debug|Any CPU
		{537123CB-5CEE-4070-99FC-A1D77E393067}.Ad-Hoc|iPhone.ActiveCfg = Debug|Any CPU
		{537123CB-5CEE-4070-99FC-A1D77E393067}.Ad-Hoc|iPhone.Build.0 = Debug|Any CPU
		{537123CB-5CEE-4070-99FC-A1D77E393067}.Ad-Hoc|iPhoneSimulator.ActiveCfg = Debug|Any CPU
		{537123CB-5CEE-4070-99FC-A1D77E393067}.Ad-Hoc|iPhoneSimulator.Build.0 = Debug|Any CPU
		{537123CB-5CEE-4070-99FC-A1D77E393067}.Ad-Hoc|x64.ActiveCfg = Debug|Any CPU
		{537123CB-5CEE-4070-99FC-A1D77E393067}.Ad-Hoc|x64.Build.0 = Debug|Any CPU
		{537123CB-5CEE-4070-99FC-A1D77E393067}.Ad-Hoc|x86.ActiveCfg = Debug|Any CPU
		{537123CB-5CEE-4070-99FC-A1D77E393067}.Ad-Hoc|x86.Build.0 = Debug|Any CPU
		{537123CB-5CEE-4070-99FC-A1D77E393067}.AppStore|Any CPU.ActiveCfg = Debug|Any CPU
		{537123CB-5CEE-4070-99FC-A1D77E393067}.AppStore|Any CPU.Build.0 = Debug|Any CPU
		{537123CB-5CEE-4070-99FC-A1D77E393067}.AppStore|ARM.ActiveCfg = Debug|Any CPU
		{537123CB-5CEE-4070-99FC-A1D77E393067}.AppStore|ARM.Build.0 = Debug|Any CPU
		{537123CB-5CEE-4070-99FC-A1D77E393067}.AppStore|iPhone.ActiveCfg = Debug|Any CPU
		{537123CB-5CEE-4070-99FC-A1D77E393067}.AppStore|iPhone.Build.0 = Debug|Any CPU
		{537123CB-5CEE-4070-99FC-A1D77E393067}.AppStore|iPhoneSimulator.ActiveCfg = Debug|Any CPU
		{537123CB-5CEE-4070-99FC-A1D77E393067}.AppStore|iPhoneSimulator.Build.0 = Debug|Any CPU
		{537123CB-5CEE-4070-99FC-A1D77E393067}.AppStore|x64.ActiveCfg = Debug|Any CPU
		{537123CB-5CEE-4070-99FC-A1D77E393067}.AppStore|x64.Build.0 = Debug|Any CPU
		{537123CB-5CEE-4070-99FC-A1D77E393067}.AppStore|x86.ActiveCfg = Debug|Any CPU
		{537123CB-5CEE-4070-99FC-A1D77E393067}.AppStore|x86.Build.0 = Debug|Any CPU
		{537123CB-5CEE-4070-99FC-A1D77E393067}.Debug|Any CPU.ActiveCfg = Debug|Any CPU
		{537123CB-5CEE-4070-99FC-A1D77E393067}.Debug|Any CPU.Build.0 = Debug|Any CPU
		{537123CB-5CEE-4070-99FC-A1D77E393067}.Debug|ARM.ActiveCfg = Debug|Any CPU
		{537123CB-5CEE-4070-99FC-A1D77E393067}.Debug|ARM.Build.0 = Debug|Any CPU
		{537123CB-5CEE-4070-99FC-A1D77E393067}.Debug|iPhone.ActiveCfg = Debug|Any CPU
		{537123CB-5CEE-4070-99FC-A1D77E393067}.Debug|iPhone.Build.0 = Debug|Any CPU
		{537123CB-5CEE-4070-99FC-A1D77E393067}.Debug|iPhoneSimulator.ActiveCfg = Debug|Any CPU
		{537123CB-5CEE-4070-99FC-A1D77E393067}.Debug|iPhoneSimulator.Build.0 = Debug|Any CPU
		{537123CB-5CEE-4070-99FC-A1D77E393067}.Debug|x64.ActiveCfg = Debug|Any CPU
		{537123CB-5CEE-4070-99FC-A1D77E393067}.Debug|x64.Build.0 = Debug|Any CPU
		{537123CB-5CEE-4070-99FC-A1D77E393067}.Debug|x86.ActiveCfg = Debug|Any CPU
		{537123CB-5CEE-4070-99FC-A1D77E393067}.Debug|x86.Build.0 = Debug|Any CPU
		{537123CB-5CEE-4070-99FC-A1D77E393067}.Release|Any CPU.ActiveCfg = Release|Any CPU
		{537123CB-5CEE-4070-99FC-A1D77E393067}.Release|Any CPU.Build.0 = Release|Any CPU
		{537123CB-5CEE-4070-99FC-A1D77E393067}.Release|ARM.ActiveCfg = Release|Any CPU
		{537123CB-5CEE-4070-99FC-A1D77E393067}.Release|ARM.Build.0 = Release|Any CPU
		{537123CB-5CEE-4070-99FC-A1D77E393067}.Release|iPhone.ActiveCfg = Release|Any CPU
		{537123CB-5CEE-4070-99FC-A1D77E393067}.Release|iPhone.Build.0 = Release|Any CPU
		{537123CB-5CEE-4070-99FC-A1D77E393067}.Release|iPhoneSimulator.ActiveCfg = Release|Any CPU
		{537123CB-5CEE-4070-99FC-A1D77E393067}.Release|iPhoneSimulator.Build.0 = Release|Any CPU
		{537123CB-5CEE-4070-99FC-A1D77E393067}.Release|x64.ActiveCfg = Release|Any CPU
		{537123CB-5CEE-4070-99FC-A1D77E393067}.Release|x64.Build.0 = Release|Any CPU
		{537123CB-5CEE-4070-99FC-A1D77E393067}.Release|x86.ActiveCfg = Release|Any CPU
		{537123CB-5CEE-4070-99FC-A1D77E393067}.Release|x86.Build.0 = Release|Any CPU
	EndGlobalSection
	GlobalSection(SolutionProperties) = preSolution
		HideSolutionNode = FALSE
	EndGlobalSection
	GlobalSection(NestedProjects) = preSolution
		{F276AD1F-67E2-41EC-9DE0-8674CF8A3907} = {4F760A71-C793-4D60-96C5-810C8D5B185C}
		{F615EB45-5891-4572-A9F2-C84A04E4194C} = {F276AD1F-67E2-41EC-9DE0-8674CF8A3907}
		{C5728545-1EB4-4E54-AF4C-BA16A12A7B47} = {F276AD1F-67E2-41EC-9DE0-8674CF8A3907}
		{57C7550F-727F-4C1A-913C-705A53D6BC7C} = {F276AD1F-67E2-41EC-9DE0-8674CF8A3907}
		{E81C7CFD-C7C4-4549-A0A6-5EE1F637832A} = {F276AD1F-67E2-41EC-9DE0-8674CF8A3907}
		{B5B8D479-B630-490E-ACD2-A4EE2D4237C0} = {80610E39-8A45-4608-9ADA-0F78C5EA96CE}
		{9BD1EDF3-388D-4D0E-91A4-3E66C1C38F2E} = {80610E39-8A45-4608-9ADA-0F78C5EA96CE}
		{DC80E44E-401F-4E5F-8759-A5959E724DA9} = {C6776C83-BBC9-4857-A8D9-B5AA9B86BD8E}
		{537123CB-5CEE-4070-99FC-A1D77E393067} = {C0D24C1A-E7E6-43E6-89CE-91C070E8ABB7}
	EndGlobalSection
	GlobalSection(ExtensibilityGlobals) = postSolution
		SolutionGuid = {F6275DC6-E8AC-418A-94A8-75EB299D37DE}
	EndGlobalSection
EndGlobal
