
Microsoft Visual Studio Solution File, Format Version 12.00
# Visual Studio 15
VisualStudioVersion = 15.0.27703.2035
MinimumVisualStudioVersion = 10.0.40219.1
Project("{FAE04EC0-301F-11D3-BF4B-00C04F79EFBC}") = "SimpleNote.Android", "SimpleNote\SimpleNote.Android\SimpleNote.Android.csproj", "{5AD65F7B-0DBF-4F92-887C-89E73B6B1B84}"
EndProject
Project("{FAE04EC0-301F-11D3-BF4B-00C04F79EFBC}") = "SimpleNote.iOS", "SimpleNote\SimpleNote.iOS\SimpleNote.iOS.csproj", "{44E67F39-F2AF-40CE-B57D-11862B923CFB}"
EndProject
Project("{FAE04EC0-301F-11D3-BF4B-00C04F79EFBC}") = "SimpleNote.UWP", "SimpleNote\SimpleNote.UWP\SimpleNote.UWP.csproj", "{76E78D8E-FEDC-4B16-ABE7-4B51DC12D97F}"
EndProject
Project("{FAE04EC0-301F-11D3-BF4B-00C04F79EFBC}") = "SimpleNote", "SimpleNote\SimpleNote\SimpleNote.csproj", "{27CC1AEF-4979-4B57-8B25-ED5BB0F5C77D}"
EndProject
Global
	GlobalSection(SolutionConfigurationPlatforms) = preSolution
		Ad-Hoc|Any CPU = Ad-Hoc|Any CPU
		Ad-Hoc|ARM = Ad-Hoc|ARM
		Ad-Hoc|iPhone = Ad-Hoc|iPhone
		Ad-Hoc|iPhoneSimulator = Ad-Hoc|iPhoneSimulator
		Ad-Hoc|x64 = Ad-Hoc|x64
		Ad-Hoc|x86 = Ad-Hoc|x86
		AppStore|Any CPU = AppStore|Any CPU
		AppStore|ARM = AppStore|ARM
		AppStore|iPhone = AppStore|iPhone
		AppStore|iPhoneSimulator = AppStore|iPhoneSimulator
		AppStore|x64 = AppStore|x64
		AppStore|x86 = AppStore|x86
		Debug|Any CPU = Debug|Any CPU
		Debug|ARM = Debug|ARM
		Debug|iPhone = Debug|iPhone
		Debug|iPhoneSimulator = Debug|iPhoneSimulator
		Debug|x64 = Debug|x64
		Debug|x86 = Debug|x86
		Release|Any CPU = Release|Any CPU
		Release|ARM = Release|ARM
		Release|iPhone = Release|iPhone
		Release|iPhoneSimulator = Release|iPhoneSimulator
		Release|x64 = Release|x64
		Release|x86 = Release|x86
	EndGlobalSection
	GlobalSection(ProjectConfigurationPlatforms) = postSolution
		{5AD65F7B-0DBF-4F92-887C-89E73B6B1B84}.Ad-Hoc|Any CPU.ActiveCfg = Release|Any CPU
		{5AD65F7B-0DBF-4F92-887C-89E73B6B1B84}.Ad-Hoc|Any CPU.Build.0 = Release|Any CPU
		{5AD65F7B-0DBF-4F92-887C-89E73B6B1B84}.Ad-Hoc|Any CPU.Deploy.0 = Release|Any CPU
		{5AD65F7B-0DBF-4F92-887C-89E73B6B1B84}.Ad-Hoc|ARM.ActiveCfg = Release|Any CPU
		{5AD65F7B-0DBF-4F92-887C-89E73B6B1B84}.Ad-Hoc|ARM.Build.0 = Release|Any CPU
		{5AD65F7B-0DBF-4F92-887C-89E73B6B1B84}.Ad-Hoc|ARM.Deploy.0 = Release|Any CPU
		{5AD65F7B-0DBF-4F92-887C-89E73B6B1B84}.Ad-Hoc|iPhone.ActiveCfg = Release|Any CPU
		{5AD65F7B-0DBF-4F92-887C-89E73B6B1B84}.Ad-Hoc|iPhone.Build.0 = Release|Any CPU
		{5AD65F7B-0DBF-4F92-887C-89E73B6B1B84}.Ad-Hoc|iPhone.Deploy.0 = Release|Any CPU
		{5AD65F7B-0DBF-4F92-887C-89E73B6B1B84}.Ad-Hoc|iPhoneSimulator.ActiveCfg = Release|Any CPU
		{5AD65F7B-0DBF-4F92-887C-89E73B6B1B84}.Ad-Hoc|iPhoneSimulator.Build.0 = Release|Any CPU
		{5AD65F7B-0DBF-4F92-887C-89E73B6B1B84}.Ad-Hoc|iPhoneSimulator.Deploy.0 = Release|Any CPU
		{5AD65F7B-0DBF-4F92-887C-89E73B6B1B84}.Ad-Hoc|x64.ActiveCfg = Release|Any CPU
		{5AD65F7B-0DBF-4F92-887C-89E73B6B1B84}.Ad-Hoc|x64.Build.0 = Release|Any CPU
		{5AD65F7B-0DBF-4F92-887C-89E73B6B1B84}.Ad-Hoc|x64.Deploy.0 = Release|Any CPU
		{5AD65F7B-0DBF-4F92-887C-89E73B6B1B84}.Ad-Hoc|x86.ActiveCfg = Release|Any CPU
		{5AD65F7B-0DBF-4F92-887C-89E73B6B1B84}.Ad-Hoc|x86.Build.0 = Release|Any CPU
		{5AD65F7B-0DBF-4F92-887C-89E73B6B1B84}.Ad-Hoc|x86.Deploy.0 = Release|Any CPU
		{5AD65F7B-0DBF-4F92-887C-89E73B6B1B84}.AppStore|Any CPU.ActiveCfg = Release|Any CPU
		{5AD65F7B-0DBF-4F92-887C-89E73B6B1B84}.AppStore|Any CPU.Build.0 = Release|Any CPU
		{5AD65F7B-0DBF-4F92-887C-89E73B6B1B84}.AppStore|Any CPU.Deploy.0 = Release|Any CPU
		{5AD65F7B-0DBF-4F92-887C-89E73B6B1B84}.AppStore|ARM.ActiveCfg = Release|Any CPU
		{5AD65F7B-0DBF-4F92-887C-89E73B6B1B84}.AppStore|ARM.Build.0 = Release|Any CPU
		{5AD65F7B-0DBF-4F92-887C-89E73B6B1B84}.AppStore|ARM.Deploy.0 = Release|Any CPU
		{5AD65F7B-0DBF-4F92-887C-89E73B6B1B84}.AppStore|iPhone.ActiveCfg = Release|Any CPU
		{5AD65F7B-0DBF-4F92-887C-89E73B6B1B84}.AppStore|iPhone.Build.0 = Release|Any CPU
		{5AD65F7B-0DBF-4F92-887C-89E73B6B1B84}.AppStore|iPhone.Deploy.0 = Release|Any CPU
		{5AD65F7B-0DBF-4F92-887C-89E73B6B1B84}.AppStore|iPhoneSimulator.ActiveCfg = Release|Any CPU
		{5AD65F7B-0DBF-4F92-887C-89E73B6B1B84}.AppStore|iPhoneSimulator.Build.0 = Release|Any CPU
		{5AD65F7B-0DBF-4F92-887C-89E73B6B1B84}.AppStore|iPhoneSimulator.Deploy.0 = Release|Any CPU
		{5AD65F7B-0DBF-4F92-887C-89E73B6B1B84}.AppStore|x64.ActiveCfg = Release|Any CPU
		{5AD65F7B-0DBF-4F92-887C-89E73B6B1B84}.AppStore|x64.Build.0 = Release|Any CPU
		{5AD65F7B-0DBF-4F92-887C-89E73B6B1B84}.AppStore|x64.Deploy.0 = Release|Any CPU
		{5AD65F7B-0DBF-4F92-887C-89E73B6B1B84}.AppStore|x86.ActiveCfg = Release|Any CPU
		{5AD65F7B-0DBF-4F92-887C-89E73B6B1B84}.AppStore|x86.Build.0 = Release|Any CPU
		{5AD65F7B-0DBF-4F92-887C-89E73B6B1B84}.AppStore|x86.Deploy.0 = Release|Any CPU
		{5AD65F7B-0DBF-4F92-887C-89E73B6B1B84}.Debug|Any CPU.ActiveCfg = Debug|Any CPU
		{5AD65F7B-0DBF-4F92-887C-89E73B6B1B84}.Debug|Any CPU.Build.0 = Debug|Any CPU
		{5AD65F7B-0DBF-4F92-887C-89E73B6B1B84}.Debug|Any CPU.Deploy.0 = Debug|Any CPU
		{5AD65F7B-0DBF-4F92-887C-89E73B6B1B84}.Debug|ARM.ActiveCfg = Debug|Any CPU
		{5AD65F7B-0DBF-4F92-887C-89E73B6B1B84}.Debug|ARM.Build.0 = Debug|Any CPU
		{5AD65F7B-0DBF-4F92-887C-89E73B6B1B84}.Debug|ARM.Deploy.0 = Debug|Any CPU
		{5AD65F7B-0DBF-4F92-887C-89E73B6B1B84}.Debug|iPhone.ActiveCfg = Debug|Any CPU
		{5AD65F7B-0DBF-4F92-887C-89E73B6B1B84}.Debug|iPhone.Build.0 = Debug|Any CPU
		{5AD65F7B-0DBF-4F92-887C-89E73B6B1B84}.Debug|iPhone.Deploy.0 = Debug|Any CPU
		{5AD65F7B-0DBF-4F92-887C-89E73B6B1B84}.Debug|iPhoneSimulator.ActiveCfg = Debug|Any CPU
		{5AD65F7B-0DBF-4F92-887C-89E73B6B1B84}.Debug|iPhoneSimulator.Build.0 = Debug|Any CPU
		{5AD65F7B-0DBF-4F92-887C-89E73B6B1B84}.Debug|iPhoneSimulator.Deploy.0 = Debug|Any CPU
		{5AD65F7B-0DBF-4F92-887C-89E73B6B1B84}.Debug|x64.ActiveCfg = Debug|Any CPU
		{5AD65F7B-0DBF-4F92-887C-89E73B6B1B84}.Debug|x64.Build.0 = Debug|Any CPU
		{5AD65F7B-0DBF-4F92-887C-89E73B6B1B84}.Debug|x64.Deploy.0 = Debug|Any CPU
		{5AD65F7B-0DBF-4F92-887C-89E73B6B1B84}.Debug|x86.ActiveCfg = Debug|Any CPU
		{5AD65F7B-0DBF-4F92-887C-89E73B6B1B84}.Debug|x86.Build.0 = Debug|Any CPU
		{5AD65F7B-0DBF-4F92-887C-89E73B6B1B84}.Debug|x86.Deploy.0 = Debug|Any CPU
		{5AD65F7B-0DBF-4F92-887C-89E73B6B1B84}.Release|Any CPU.ActiveCfg = Release|Any CPU
		{5AD65F7B-0DBF-4F92-887C-89E73B6B1B84}.Release|Any CPU.Build.0 = Release|Any CPU
		{5AD65F7B-0DBF-4F92-887C-89E73B6B1B84}.Release|Any CPU.Deploy.0 = Release|Any CPU
		{5AD65F7B-0DBF-4F92-887C-89E73B6B1B84}.Release|ARM.ActiveCfg = Release|Any CPU
		{5AD65F7B-0DBF-4F92-887C-89E73B6B1B84}.Release|ARM.Build.0 = Release|Any CPU
		{5AD65F7B-0DBF-4F92-887C-89E73B6B1B84}.Release|ARM.Deploy.0 = Release|Any CPU
		{5AD65F7B-0DBF-4F92-887C-89E73B6B1B84}.Release|iPhone.ActiveCfg = Release|Any CPU
		{5AD65F7B-0DBF-4F92-887C-89E73B6B1B84}.Release|iPhone.Build.0 = Release|Any CPU
		{5AD65F7B-0DBF-4F92-887C-89E73B6B1B84}.Release|iPhone.Deploy.0 = Release|Any CPU
		{5AD65F7B-0DBF-4F92-887C-89E73B6B1B84}.Release|iPhoneSimulator.ActiveCfg = Release|Any CPU
		{5AD65F7B-0DBF-4F92-887C-89E73B6B1B84}.Release|iPhoneSimulator.Build.0 = Release|Any CPU
		{5AD65F7B-0DBF-4F92-887C-89E73B6B1B84}.Release|iPhoneSimulator.Deploy.0 = Release|Any CPU
		{5AD65F7B-0DBF-4F92-887C-89E73B6B1B84}.Release|x64.ActiveCfg = Release|Any CPU
		{5AD65F7B-0DBF-4F92-887C-89E73B6B1B84}.Release|x64.Build.0 = Release|Any CPU
		{5AD65F7B-0DBF-4F92-887C-89E73B6B1B84}.Release|x64.Deploy.0 = Release|Any CPU
		{5AD65F7B-0DBF-4F92-887C-89E73B6B1B84}.Release|x86.ActiveCfg = Release|Any CPU
		{5AD65F7B-0DBF-4F92-887C-89E73B6B1B84}.Release|x86.Build.0 = Release|Any CPU
		{5AD65F7B-0DBF-4F92-887C-89E73B6B1B84}.Release|x86.Deploy.0 = Release|Any CPU
		{44E67F39-F2AF-40CE-B57D-11862B923CFB}.Ad-Hoc|Any CPU.ActiveCfg = Ad-Hoc|iPhone
		{44E67F39-F2AF-40CE-B57D-11862B923CFB}.Ad-Hoc|Any CPU.Build.0 = Ad-Hoc|iPhone
		{44E67F39-F2AF-40CE-B57D-11862B923CFB}.Ad-Hoc|Any CPU.Deploy.0 = Ad-Hoc|iPhone
		{44E67F39-F2AF-40CE-B57D-11862B923CFB}.Ad-Hoc|ARM.ActiveCfg = Ad-Hoc|iPhone
		{44E67F39-F2AF-40CE-B57D-11862B923CFB}.Ad-Hoc|ARM.Build.0 = Ad-Hoc|iPhone
		{44E67F39-F2AF-40CE-B57D-11862B923CFB}.Ad-Hoc|ARM.Deploy.0 = Ad-Hoc|iPhone
		{44E67F39-F2AF-40CE-B57D-11862B923CFB}.Ad-Hoc|iPhone.ActiveCfg = Ad-Hoc|iPhone
		{44E67F39-F2AF-40CE-B57D-11862B923CFB}.Ad-Hoc|iPhone.Build.0 = Ad-Hoc|iPhone
		{44E67F39-F2AF-40CE-B57D-11862B923CFB}.Ad-Hoc|iPhone.Deploy.0 = Ad-Hoc|iPhone
		{44E67F39-F2AF-40CE-B57D-11862B923CFB}.Ad-Hoc|iPhoneSimulator.ActiveCfg = Ad-Hoc|iPhoneSimulator
		{44E67F39-F2AF-40CE-B57D-11862B923CFB}.Ad-Hoc|iPhoneSimulator.Build.0 = Ad-Hoc|iPhoneSimulator
		{44E67F39-F2AF-40CE-B57D-11862B923CFB}.Ad-Hoc|iPhoneSimulator.Deploy.0 = Ad-Hoc|iPhoneSimulator
		{44E67F39-F2AF-40CE-B57D-11862B923CFB}.Ad-Hoc|x64.ActiveCfg = Ad-Hoc|iPhone
		{44E67F39-F2AF-40CE-B57D-11862B923CFB}.Ad-Hoc|x64.Build.0 = Ad-Hoc|iPhone
		{44E67F39-F2AF-40CE-B57D-11862B923CFB}.Ad-Hoc|x64.Deploy.0 = Ad-Hoc|iPhone
		{44E67F39-F2AF-40CE-B57D-11862B923CFB}.Ad-Hoc|x86.ActiveCfg = Ad-Hoc|iPhone
		{44E67F39-F2AF-40CE-B57D-11862B923CFB}.Ad-Hoc|x86.Build.0 = Ad-Hoc|iPhone
		{44E67F39-F2AF-40CE-B57D-11862B923CFB}.Ad-Hoc|x86.Deploy.0 = Ad-Hoc|iPhone
		{44E67F39-F2AF-40CE-B57D-11862B923CFB}.AppStore|Any CPU.ActiveCfg = AppStore|iPhone
		{44E67F39-F2AF-40CE-B57D-11862B923CFB}.AppStore|Any CPU.Build.0 = AppStore|iPhone
		{44E67F39-F2AF-40CE-B57D-11862B923CFB}.AppStore|Any CPU.Deploy.0 = AppStore|iPhone
		{44E67F39-F2AF-40CE-B57D-11862B923CFB}.AppStore|ARM.ActiveCfg = AppStore|iPhone
		{44E67F39-F2AF-40CE-B57D-11862B923CFB}.AppStore|ARM.Build.0 = AppStore|iPhone
		{44E67F39-F2AF-40CE-B57D-11862B923CFB}.AppStore|ARM.Deploy.0 = AppStore|iPhone
		{44E67F39-F2AF-40CE-B57D-11862B923CFB}.AppStore|iPhone.ActiveCfg = AppStore|iPhone
		{44E67F39-F2AF-40CE-B57D-11862B923CFB}.AppStore|iPhone.Build.0 = AppStore|iPhone
		{44E67F39-F2AF-40CE-B57D-11862B923CFB}.AppStore|iPhone.Deploy.0 = AppStore|iPhone
		{44E67F39-F2AF-40CE-B57D-11862B923CFB}.AppStore|iPhoneSimulator.ActiveCfg = AppStore|iPhoneSimulator
		{44E67F39-F2AF-40CE-B57D-11862B923CFB}.AppStore|iPhoneSimulator.Build.0 = AppStore|iPhoneSimulator
		{44E67F39-F2AF-40CE-B57D-11862B923CFB}.AppStore|iPhoneSimulator.Deploy.0 = AppStore|iPhoneSimulator
		{44E67F39-F2AF-40CE-B57D-11862B923CFB}.AppStore|x64.ActiveCfg = AppStore|iPhone
		{44E67F39-F2AF-40CE-B57D-11862B923CFB}.AppStore|x64.Build.0 = AppStore|iPhone
		{44E67F39-F2AF-40CE-B57D-11862B923CFB}.AppStore|x64.Deploy.0 = AppStore|iPhone
		{44E67F39-F2AF-40CE-B57D-11862B923CFB}.AppStore|x86.ActiveCfg = AppStore|iPhone
		{44E67F39-F2AF-40CE-B57D-11862B923CFB}.AppStore|x86.Build.0 = AppStore|iPhone
		{44E67F39-F2AF-40CE-B57D-11862B923CFB}.AppStore|x86.Deploy.0 = AppStore|iPhone
		{44E67F39-F2AF-40CE-B57D-11862B923CFB}.Debug|Any CPU.ActiveCfg = Debug|iPhoneSimulator
		{44E67F39-F2AF-40CE-B57D-11862B923CFB}.Debug|Any CPU.Build.0 = Debug|iPhoneSimulator
		{44E67F39-F2AF-40CE-B57D-11862B923CFB}.Debug|Any CPU.Deploy.0 = Debug|iPhoneSimulator
		{44E67F39-F2AF-40CE-B57D-11862B923CFB}.Debug|ARM.ActiveCfg = Debug|iPhone
		{44E67F39-F2AF-40CE-B57D-11862B923CFB}.Debug|ARM.Build.0 = Debug|iPhone
		{44E67F39-F2AF-40CE-B57D-11862B923CFB}.Debug|ARM.Deploy.0 = Debug|iPhone
		{44E67F39-F2AF-40CE-B57D-11862B923CFB}.Debug|iPhone.ActiveCfg = Debug|iPhone
		{44E67F39-F2AF-40CE-B57D-11862B923CFB}.Debug|iPhone.Build.0 = Debug|iPhone
		{44E67F39-F2AF-40CE-B57D-11862B923CFB}.Debug|iPhone.Deploy.0 = Debug|iPhone
		{44E67F39-F2AF-40CE-B57D-11862B923CFB}.Debug|iPhoneSimulator.ActiveCfg = Debug|iPhoneSimulator
		{44E67F39-F2AF-40CE-B57D-11862B923CFB}.Debug|iPhoneSimulator.Build.0 = Debug|iPhoneSimulator
		{44E67F39-F2AF-40CE-B57D-11862B923CFB}.Debug|iPhoneSimulator.Deploy.0 = Debug|iPhoneSimulator
		{44E67F39-F2AF-40CE-B57D-11862B923CFB}.Debug|x64.ActiveCfg = Debug|iPhone
		{44E67F39-F2AF-40CE-B57D-11862B923CFB}.Debug|x64.Build.0 = Debug|iPhone
		{44E67F39-F2AF-40CE-B57D-11862B923CFB}.Debug|x64.Deploy.0 = Debug|iPhone
		{44E67F39-F2AF-40CE-B57D-11862B923CFB}.Debug|x86.ActiveCfg = Debug|iPhone
		{44E67F39-F2AF-40CE-B57D-11862B923CFB}.Debug|x86.Build.0 = Debug|iPhone
		{44E67F39-F2AF-40CE-B57D-11862B923CFB}.Debug|x86.Deploy.0 = Debug|iPhone
		{44E67F39-F2AF-40CE-B57D-11862B923CFB}.Release|Any CPU.ActiveCfg = Release|iPhone
		{44E67F39-F2AF-40CE-B57D-11862B923CFB}.Release|Any CPU.Build.0 = Release|iPhone
		{44E67F39-F2AF-40CE-B57D-11862B923CFB}.Release|Any CPU.Deploy.0 = Release|iPhone
		{44E67F39-F2AF-40CE-B57D-11862B923CFB}.Release|ARM.ActiveCfg = Release|iPhone
		{44E67F39-F2AF-40CE-B57D-11862B923CFB}.Release|ARM.Build.0 = Release|iPhone
		{44E67F39-F2AF-40CE-B57D-11862B923CFB}.Release|ARM.Deploy.0 = Release|iPhone
		{44E67F39-F2AF-40CE-B57D-11862B923CFB}.Release|iPhone.ActiveCfg = Release|iPhone
		{44E67F39-F2AF-40CE-B57D-11862B923CFB}.Release|iPhone.Build.0 = Release|iPhone
		{44E67F39-F2AF-40CE-B57D-11862B923CFB}.Release|iPhone.Deploy.0 = Release|iPhone
		{44E67F39-F2AF-40CE-B57D-11862B923CFB}.Release|iPhoneSimulator.ActiveCfg = Release|iPhoneSimulator
		{44E67F39-F2AF-40CE-B57D-11862B923CFB}.Release|iPhoneSimulator.Build.0 = Release|iPhoneSimulator
		{44E67F39-F2AF-40CE-B57D-11862B923CFB}.Release|iPhoneSimulator.Deploy.0 = Release|iPhoneSimulator
		{44E67F39-F2AF-40CE-B57D-11862B923CFB}.Release|x64.ActiveCfg = Release|iPhone
		{44E67F39-F2AF-40CE-B57D-11862B923CFB}.Release|x64.Build.0 = Release|iPhone
		{44E67F39-F2AF-40CE-B57D-11862B923CFB}.Release|x64.Deploy.0 = Release|iPhone
		{44E67F39-F2AF-40CE-B57D-11862B923CFB}.Release|x86.ActiveCfg = Release|iPhone
		{44E67F39-F2AF-40CE-B57D-11862B923CFB}.Release|x86.Build.0 = Release|iPhone
		{44E67F39-F2AF-40CE-B57D-11862B923CFB}.Release|x86.Deploy.0 = Release|iPhone
		{76E78D8E-FEDC-4B16-ABE7-4B51DC12D97F}.Ad-Hoc|Any CPU.ActiveCfg = Release|x86
		{76E78D8E-FEDC-4B16-ABE7-4B51DC12D97F}.Ad-Hoc|Any CPU.Build.0 = Release|x86
		{76E78D8E-FEDC-4B16-ABE7-4B51DC12D97F}.Ad-Hoc|Any CPU.Deploy.0 = Release|x86
		{76E78D8E-FEDC-4B16-ABE7-4B51DC12D97F}.Ad-Hoc|ARM.ActiveCfg = Release|ARM
		{76E78D8E-FEDC-4B16-ABE7-4B51DC12D97F}.Ad-Hoc|ARM.Build.0 = Release|ARM
		{76E78D8E-FEDC-4B16-ABE7-4B51DC12D97F}.Ad-Hoc|ARM.Deploy.0 = Release|ARM
		{76E78D8E-FEDC-4B16-ABE7-4B51DC12D97F}.Ad-Hoc|iPhone.ActiveCfg = Release|x86
		{76E78D8E-FEDC-4B16-ABE7-4B51DC12D97F}.Ad-Hoc|iPhone.Build.0 = Release|x86
		{76E78D8E-FEDC-4B16-ABE7-4B51DC12D97F}.Ad-Hoc|iPhone.Deploy.0 = Release|x86
		{76E78D8E-FEDC-4B16-ABE7-4B51DC12D97F}.Ad-Hoc|iPhoneSimulator.ActiveCfg = Release|x86
		{76E78D8E-FEDC-4B16-ABE7-4B51DC12D97F}.Ad-Hoc|iPhoneSimulator.Build.0 = Release|x86
		{76E78D8E-FEDC-4B16-ABE7-4B51DC12D97F}.Ad-Hoc|iPhoneSimulator.Deploy.0 = Release|x86
		{76E78D8E-FEDC-4B16-ABE7-4B51DC12D97F}.Ad-Hoc|x64.ActiveCfg = Release|x64
		{76E78D8E-FEDC-4B16-ABE7-4B51DC12D97F}.Ad-Hoc|x64.Build.0 = Release|x64
		{76E78D8E-FEDC-4B16-ABE7-4B51DC12D97F}.Ad-Hoc|x64.Deploy.0 = Release|x64
		{76E78D8E-FEDC-4B16-ABE7-4B51DC12D97F}.Ad-Hoc|x86.ActiveCfg = Release|x86
		{76E78D8E-FEDC-4B16-ABE7-4B51DC12D97F}.Ad-Hoc|x86.Build.0 = Release|x86
		{76E78D8E-FEDC-4B16-ABE7-4B51DC12D97F}.Ad-Hoc|x86.Deploy.0 = Release|x86
		{76E78D8E-FEDC-4B16-ABE7-4B51DC12D97F}.AppStore|Any CPU.ActiveCfg = Release|x86
		{76E78D8E-FEDC-4B16-ABE7-4B51DC12D97F}.AppStore|Any CPU.Build.0 = Release|x86
		{76E78D8E-FEDC-4B16-ABE7-4B51DC12D97F}.AppStore|Any CPU.Deploy.0 = Release|x86
		{76E78D8E-FEDC-4B16-ABE7-4B51DC12D97F}.AppStore|ARM.ActiveCfg = Release|ARM
		{76E78D8E-FEDC-4B16-ABE7-4B51DC12D97F}.AppStore|ARM.Build.0 = Release|ARM
		{76E78D8E-FEDC-4B16-ABE7-4B51DC12D97F}.AppStore|ARM.Deploy.0 = Release|ARM
		{76E78D8E-FEDC-4B16-ABE7-4B51DC12D97F}.AppStore|iPhone.ActiveCfg = Release|x86
		{76E78D8E-FEDC-4B16-ABE7-4B51DC12D97F}.AppStore|iPhone.Build.0 = Release|x86
		{76E78D8E-FEDC-4B16-ABE7-4B51DC12D97F}.AppStore|iPhone.Deploy.0 = Release|x86
		{76E78D8E-FEDC-4B16-ABE7-4B51DC12D97F}.AppStore|iPhoneSimulator.ActiveCfg = Release|x86
		{76E78D8E-FEDC-4B16-ABE7-4B51DC12D97F}.AppStore|iPhoneSimulator.Build.0 = Release|x86
		{76E78D8E-FEDC-4B16-ABE7-4B51DC12D97F}.AppStore|iPhoneSimulator.Deploy.0 = Release|x86
		{76E78D8E-FEDC-4B16-ABE7-4B51DC12D97F}.AppStore|x64.ActiveCfg = Release|x64
		{76E78D8E-FEDC-4B16-ABE7-4B51DC12D97F}.AppStore|x64.Build.0 = Release|x64
		{76E78D8E-FEDC-4B16-ABE7-4B51DC12D97F}.AppStore|x64.Deploy.0 = Release|x64
		{76E78D8E-FEDC-4B16-ABE7-4B51DC12D97F}.AppStore|x86.ActiveCfg = Release|x86
		{76E78D8E-FEDC-4B16-ABE7-4B51DC12D97F}.AppStore|x86.Build.0 = Release|x86
		{76E78D8E-FEDC-4B16-ABE7-4B51DC12D97F}.AppStore|x86.Deploy.0 = Release|x86
		{76E78D8E-FEDC-4B16-ABE7-4B51DC12D97F}.Debug|Any CPU.ActiveCfg = Debug|x86
		{76E78D8E-FEDC-4B16-ABE7-4B51DC12D97F}.Debug|Any CPU.Build.0 = Debug|x86
		{76E78D8E-FEDC-4B16-ABE7-4B51DC12D97F}.Debug|Any CPU.Deploy.0 = Debug|x86
		{76E78D8E-FEDC-4B16-ABE7-4B51DC12D97F}.Debug|ARM.ActiveCfg = Debug|ARM
		{76E78D8E-FEDC-4B16-ABE7-4B51DC12D97F}.Debug|ARM.Build.0 = Debug|ARM
		{76E78D8E-FEDC-4B16-ABE7-4B51DC12D97F}.Debug|ARM.Deploy.0 = Debug|ARM
		{76E78D8E-FEDC-4B16-ABE7-4B51DC12D97F}.Debug|iPhone.ActiveCfg = Debug|x86
		{76E78D8E-FEDC-4B16-ABE7-4B51DC12D97F}.Debug|iPhone.Build.0 = Debug|x86
		{76E78D8E-FEDC-4B16-ABE7-4B51DC12D97F}.Debug|iPhone.Deploy.0 = Debug|x86
		{76E78D8E-FEDC-4B16-ABE7-4B51DC12D97F}.Debug|iPhoneSimulator.ActiveCfg = Debug|x86
		{76E78D8E-FEDC-4B16-ABE7-4B51DC12D97F}.Debug|iPhoneSimulator.Build.0 = Debug|x86
		{76E78D8E-FEDC-4B16-ABE7-4B51DC12D97F}.Debug|iPhoneSimulator.Deploy.0 = Debug|x86
		{76E78D8E-FEDC-4B16-ABE7-4B51DC12D97F}.Debug|x64.ActiveCfg = Debug|x64
		{76E78D8E-FEDC-4B16-ABE7-4B51DC12D97F}.Debug|x64.Build.0 = Debug|x64
		{76E78D8E-FEDC-4B16-ABE7-4B51DC12D97F}.Debug|x64.Deploy.0 = Debug|x64
		{76E78D8E-FEDC-4B16-ABE7-4B51DC12D97F}.Debug|x86.ActiveCfg = Debug|x86
		{76E78D8E-FEDC-4B16-ABE7-4B51DC12D97F}.Debug|x86.Build.0 = Debug|x86
		{76E78D8E-FEDC-4B16-ABE7-4B51DC12D97F}.Debug|x86.Deploy.0 = Debug|x86
		{76E78D8E-FEDC-4B16-ABE7-4B51DC12D97F}.Release|Any CPU.ActiveCfg = Release|x86
		{76E78D8E-FEDC-4B16-ABE7-4B51DC12D97F}.Release|Any CPU.Build.0 = Release|x86
		{76E78D8E-FEDC-4B16-ABE7-4B51DC12D97F}.Release|Any CPU.Deploy.0 = Release|x86
		{76E78D8E-FEDC-4B16-ABE7-4B51DC12D97F}.Release|ARM.ActiveCfg = Release|ARM
		{76E78D8E-FEDC-4B16-ABE7-4B51DC12D97F}.Release|ARM.Build.0 = Release|ARM
		{76E78D8E-FEDC-4B16-ABE7-4B51DC12D97F}.Release|ARM.Deploy.0 = Release|ARM
		{76E78D8E-FEDC-4B16-ABE7-4B51DC12D97F}.Release|iPhone.ActiveCfg = Release|x86
		{76E78D8E-FEDC-4B16-ABE7-4B51DC12D97F}.Release|iPhone.Build.0 = Release|x86
		{76E78D8E-FEDC-4B16-ABE7-4B51DC12D97F}.Release|iPhone.Deploy.0 = Release|x86
		{76E78D8E-FEDC-4B16-ABE7-4B51DC12D97F}.Release|iPhoneSimulator.ActiveCfg = Release|x86
		{76E78D8E-FEDC-4B16-ABE7-4B51DC12D97F}.Release|iPhoneSimulator.Build.0 = Release|x86
		{76E78D8E-FEDC-4B16-ABE7-4B51DC12D97F}.Release|iPhoneSimulator.Deploy.0 = Release|x86
		{76E78D8E-FEDC-4B16-ABE7-4B51DC12D97F}.Release|x64.ActiveCfg = Release|x64
		{76E78D8E-FEDC-4B16-ABE7-4B51DC12D97F}.Release|x64.Build.0 = Release|x64
		{76E78D8E-FEDC-4B16-ABE7-4B51DC12D97F}.Release|x64.Deploy.0 = Release|x64
		{76E78D8E-FEDC-4B16-ABE7-4B51DC12D97F}.Release|x86.ActiveCfg = Release|x86
		{76E78D8E-FEDC-4B16-ABE7-4B51DC12D97F}.Release|x86.Build.0 = Release|x86
		{76E78D8E-FEDC-4B16-ABE7-4B51DC12D97F}.Release|x86.Deploy.0 = Release|x86
		{27CC1AEF-4979-4B57-8B25-ED5BB0F5C77D}.Ad-Hoc|Any CPU.ActiveCfg = Debug|Any CPU
		{27CC1AEF-4979-4B57-8B25-ED5BB0F5C77D}.Ad-Hoc|Any CPU.Build.0 = Debug|Any CPU
		{27CC1AEF-4979-4B57-8B25-ED5BB0F5C77D}.Ad-Hoc|Any CPU.Deploy.0 = Debug|Any CPU
		{27CC1AEF-4979-4B57-8B25-ED5BB0F5C77D}.Ad-Hoc|ARM.ActiveCfg = Debug|Any CPU
		{27CC1AEF-4979-4B57-8B25-ED5BB0F5C77D}.Ad-Hoc|ARM.Build.0 = Debug|Any CPU
		{27CC1AEF-4979-4B57-8B25-ED5BB0F5C77D}.Ad-Hoc|ARM.Deploy.0 = Debug|Any CPU
		{27CC1AEF-4979-4B57-8B25-ED5BB0F5C77D}.Ad-Hoc|iPhone.ActiveCfg = Debug|Any CPU
		{27CC1AEF-4979-4B57-8B25-ED5BB0F5C77D}.Ad-Hoc|iPhone.Build.0 = Debug|Any CPU
		{27CC1AEF-4979-4B57-8B25-ED5BB0F5C77D}.Ad-Hoc|iPhone.Deploy.0 = Debug|Any CPU
		{27CC1AEF-4979-4B57-8B25-ED5BB0F5C77D}.Ad-Hoc|iPhoneSimulator.ActiveCfg = Debug|Any CPU
		{27CC1AEF-4979-4B57-8B25-ED5BB0F5C77D}.Ad-Hoc|iPhoneSimulator.Build.0 = Debug|Any CPU
		{27CC1AEF-4979-4B57-8B25-ED5BB0F5C77D}.Ad-Hoc|iPhoneSimulator.Deploy.0 = Debug|Any CPU
		{27CC1AEF-4979-4B57-8B25-ED5BB0F5C77D}.Ad-Hoc|x64.ActiveCfg = Debug|Any CPU
		{27CC1AEF-4979-4B57-8B25-ED5BB0F5C77D}.Ad-Hoc|x64.Build.0 = Debug|Any CPU
		{27CC1AEF-4979-4B57-8B25-ED5BB0F5C77D}.Ad-Hoc|x64.Deploy.0 = Debug|Any CPU
		{27CC1AEF-4979-4B57-8B25-ED5BB0F5C77D}.Ad-Hoc|x86.ActiveCfg = Debug|Any CPU
		{27CC1AEF-4979-4B57-8B25-ED5BB0F5C77D}.Ad-Hoc|x86.Build.0 = Debug|Any CPU
		{27CC1AEF-4979-4B57-8B25-ED5BB0F5C77D}.Ad-Hoc|x86.Deploy.0 = Debug|Any CPU
		{27CC1AEF-4979-4B57-8B25-ED5BB0F5C77D}.AppStore|Any CPU.ActiveCfg = Debug|Any CPU
		{27CC1AEF-4979-4B57-8B25-ED5BB0F5C77D}.AppStore|Any CPU.Build.0 = Debug|Any CPU
		{27CC1AEF-4979-4B57-8B25-ED5BB0F5C77D}.AppStore|Any CPU.Deploy.0 = Debug|Any CPU
		{27CC1AEF-4979-4B57-8B25-ED5BB0F5C77D}.AppStore|ARM.ActiveCfg = Debug|Any CPU
		{27CC1AEF-4979-4B57-8B25-ED5BB0F5C77D}.AppStore|ARM.Build.0 = Debug|Any CPU
		{27CC1AEF-4979-4B57-8B25-ED5BB0F5C77D}.AppStore|ARM.Deploy.0 = Debug|Any CPU
		{27CC1AEF-4979-4B57-8B25-ED5BB0F5C77D}.AppStore|iPhone.ActiveCfg = Debug|Any CPU
		{27CC1AEF-4979-4B57-8B25-ED5BB0F5C77D}.AppStore|iPhone.Build.0 = Debug|Any CPU
		{27CC1AEF-4979-4B57-8B25-ED5BB0F5C77D}.AppStore|iPhone.Deploy.0 = Debug|Any CPU
		{27CC1AEF-4979-4B57-8B25-ED5BB0F5C77D}.AppStore|iPhoneSimulator.ActiveCfg = Debug|Any CPU
		{27CC1AEF-4979-4B57-8B25-ED5BB0F5C77D}.AppStore|iPhoneSimulator.Build.0 = Debug|Any CPU
		{27CC1AEF-4979-4B57-8B25-ED5BB0F5C77D}.AppStore|iPhoneSimulator.Deploy.0 = Debug|Any CPU
		{27CC1AEF-4979-4B57-8B25-ED5BB0F5C77D}.AppStore|x64.ActiveCfg = Debug|Any CPU
		{27CC1AEF-4979-4B57-8B25-ED5BB0F5C77D}.AppStore|x64.Build.0 = Debug|Any CPU
		{27CC1AEF-4979-4B57-8B25-ED5BB0F5C77D}.AppStore|x64.Deploy.0 = Debug|Any CPU
		{27CC1AEF-4979-4B57-8B25-ED5BB0F5C77D}.AppStore|x86.ActiveCfg = Debug|Any CPU
		{27CC1AEF-4979-4B57-8B25-ED5BB0F5C77D}.AppStore|x86.Build.0 = Debug|Any CPU
		{27CC1AEF-4979-4B57-8B25-ED5BB0F5C77D}.AppStore|x86.Deploy.0 = Debug|Any CPU
		{27CC1AEF-4979-4B57-8B25-ED5BB0F5C77D}.Debug|Any CPU.ActiveCfg = Debug|Any CPU
		{27CC1AEF-4979-4B57-8B25-ED5BB0F5C77D}.Debug|Any CPU.Build.0 = Debug|Any CPU
		{27CC1AEF-4979-4B57-8B25-ED5BB0F5C77D}.Debug|Any CPU.Deploy.0 = Debug|Any CPU
		{27CC1AEF-4979-4B57-8B25-ED5BB0F5C77D}.Debug|ARM.ActiveCfg = Debug|Any CPU
		{27CC1AEF-4979-4B57-8B25-ED5BB0F5C77D}.Debug|ARM.Build.0 = Debug|Any CPU
		{27CC1AEF-4979-4B57-8B25-ED5BB0F5C77D}.Debug|ARM.Deploy.0 = Debug|Any CPU
		{27CC1AEF-4979-4B57-8B25-ED5BB0F5C77D}.Debug|iPhone.ActiveCfg = Debug|Any CPU
		{27CC1AEF-4979-4B57-8B25-ED5BB0F5C77D}.Debug|iPhone.Build.0 = Debug|Any CPU
		{27CC1AEF-4979-4B57-8B25-ED5BB0F5C77D}.Debug|iPhone.Deploy.0 = Debug|Any CPU
		{27CC1AEF-4979-4B57-8B25-ED5BB0F5C77D}.Debug|iPhoneSimulator.ActiveCfg = Debug|Any CPU
		{27CC1AEF-4979-4B57-8B25-ED5BB0F5C77D}.Debug|iPhoneSimulator.Build.0 = Debug|Any CPU
		{27CC1AEF-4979-4B57-8B25-ED5BB0F5C77D}.Debug|iPhoneSimulator.Deploy.0 = Debug|Any CPU
		{27CC1AEF-4979-4B57-8B25-ED5BB0F5C77D}.Debug|x64.ActiveCfg = Debug|Any CPU
		{27CC1AEF-4979-4B57-8B25-ED5BB0F5C77D}.Debug|x64.Build.0 = Debug|Any CPU
		{27CC1AEF-4979-4B57-8B25-ED5BB0F5C77D}.Debug|x64.Deploy.0 = Debug|Any CPU
		{27CC1AEF-4979-4B57-8B25-ED5BB0F5C77D}.Debug|x86.ActiveCfg = Debug|Any CPU
		{27CC1AEF-4979-4B57-8B25-ED5BB0F5C77D}.Debug|x86.Build.0 = Debug|Any CPU
		{27CC1AEF-4979-4B57-8B25-ED5BB0F5C77D}.Debug|x86.Deploy.0 = Debug|Any CPU
		{27CC1AEF-4979-4B57-8B25-ED5BB0F5C77D}.Release|Any CPU.ActiveCfg = Release|Any CPU
		{27CC1AEF-4979-4B57-8B25-ED5BB0F5C77D}.Release|Any CPU.Build.0 = Release|Any CPU
		{27CC1AEF-4979-4B57-8B25-ED5BB0F5C77D}.Release|Any CPU.Deploy.0 = Release|Any CPU
		{27CC1AEF-4979-4B57-8B25-ED5BB0F5C77D}.Release|ARM.ActiveCfg = Release|Any CPU
		{27CC1AEF-4979-4B57-8B25-ED5BB0F5C77D}.Release|ARM.Build.0 = Release|Any CPU
		{27CC1AEF-4979-4B57-8B25-ED5BB0F5C77D}.Release|ARM.Deploy.0 = Release|Any CPU
		{27CC1AEF-4979-4B57-8B25-ED5BB0F5C77D}.Release|iPhone.ActiveCfg = Release|Any CPU
		{27CC1AEF-4979-4B57-8B25-ED5BB0F5C77D}.Release|iPhone.Build.0 = Release|Any CPU
		{27CC1AEF-4979-4B57-8B25-ED5BB0F5C77D}.Release|iPhone.Deploy.0 = Release|Any CPU
		{27CC1AEF-4979-4B57-8B25-ED5BB0F5C77D}.Release|iPhoneSimulator.ActiveCfg = Release|Any CPU
		{27CC1AEF-4979-4B57-8B25-ED5BB0F5C77D}.Release|iPhoneSimulator.Build.0 = Release|Any CPU
		{27CC1AEF-4979-4B57-8B25-ED5BB0F5C77D}.Release|iPhoneSimulator.Deploy.0 = Release|Any CPU
		{27CC1AEF-4979-4B57-8B25-ED5BB0F5C77D}.Release|x64.ActiveCfg = Release|Any CPU
		{27CC1AEF-4979-4B57-8B25-ED5BB0F5C77D}.Release|x64.Build.0 = Release|Any CPU
		{27CC1AEF-4979-4B57-8B25-ED5BB0F5C77D}.Release|x64.Deploy.0 = Release|Any CPU
		{27CC1AEF-4979-4B57-8B25-ED5BB0F5C77D}.Release|x86.ActiveCfg = Release|Any CPU
		{27CC1AEF-4979-4B57-8B25-ED5BB0F5C77D}.Release|x86.Build.0 = Release|Any CPU
		{27CC1AEF-4979-4B57-8B25-ED5BB0F5C77D}.Release|x86.Deploy.0 = Release|Any CPU
	EndGlobalSection
	GlobalSection(SolutionProperties) = preSolution
		HideSolutionNode = FALSE
	EndGlobalSection
	GlobalSection(ExtensibilityGlobals) = postSolution
		SolutionGuid = {8A0B6FC9-78B8-44DA-9EA9-48A8D9F5E0FE}
	EndGlobalSection
EndGlobal
